
Microsoft Visual Studio Solution File, Format Version 12.00
# Visual Studio Version 16
VisualStudioVersion = 16.0.32901.82
MinimumVisualStudioVersion = 10.0.40219.1
Project("{8BC9CEB8-8B4A-11D0-8D11-00A0C91BC942}") = "views", "Src\views\views.vcxproj", "{C86CA2EB-81B5-4411-B5B7-E983314E02DA}"
EndProject
Project("{8BC9CEB8-8B4A-11D0-8D11-00A0C91BC942}") = "TestViews", "Src\views\Test\TestViews.vcxproj", "{1D4CC42D-BC16-4EC3-A89B-173798828F56}"
EndProject
Project("{9A19103F-16F7-4668-BE54-9A1E7A4F7556}") = "FwResources", "Src\FwResources\FwResources.csproj", "{E1865325-1CEE-444A-9297-0A3B110AA65D}"
EndProject
Project("{9A19103F-16F7-4668-BE54-9A1E7A4F7556}") = "ViewsInterfaces", "Src\ViewsInterfaces\ViewsInterfaces.csproj", "{D684951B-49A7-420A-87F7-004DF2A9BEDC}"
EndProject
Project("{8BC9CEB8-8B4A-11D0-8D11-00A0C91BC942}") = "FwKernel", "Src\Kernel\Kernel.vcxproj", "{6396B488-4D34-48B2-8639-EEB90707405B}"
EndProject
Project("{8BC9CEB8-8B4A-11D0-8D11-00A0C91BC942}") = "DebugProcs", "Src\DebugProcs\DebugProcs.vcxproj", "{E76E8661-15FF-4E9D-AA76-66C4669E5164}"
EndProject
Project("{8BC9CEB8-8B4A-11D0-8D11-00A0C91BC942}") = "Generic", "Src\Generic\Generic.vcxproj", "{7F6B25EE-CD22-4E4C-898D-A0F846E6E9D4}"
EndProject
Project("{8BC9CEB8-8B4A-11D0-8D11-00A0C91BC942}") = "TestGeneric", "Src\Generic\Test\TestGeneric.vcxproj", "{C644C392-FB14-4DF1-9989-897E182D3849}"
EndProject
Project("{8BC9CEB8-8B4A-11D0-8D11-00A0C91BC942}") = "unit++", "Lib\src\unit++\VS\unit++.vcxproj", "{BBF85EC9-B280-43C8-B2BB-DD6B50FC50ED}"
EndProject
Project("{9A19103F-16F7-4668-BE54-9A1E7A4F7556}") = "ViewsInterfacesTests", "Src\ViewsInterfacesTests\ViewsInterfacesTests.csproj", "{5B04221E-9161-4E47-B134-29772A244359}"
EndProject
Project("{9A19103F-16F7-4668-BE54-9A1E7A4F7556}") = "UnicodeCharEditorTests", "Src\UnicodeCharEditorTests\UnicodeCharEditorTests.csproj", "{4F93143F-3828-4BCD-AB58-0787C9334B81}"
EndProject
Project("{9A19103F-16F7-4668-BE54-9A1E7A4F7556}") = "UnicodeCharEditor", "Src\UnicodeCharEditor\UnicodeCharEditor.csproj", "{3BDDD9BA-F04D-438D-9C19-A44D7CA80A97}"
EndProject
Project("{9A19103F-16F7-4668-BE54-9A1E7A4F7556}") = "FwUtilsTests", "Src\FwUtilsTests\FwUtilsTests.csproj", "{DD00B2CF-7B0B-4CE8-A17E-700098E26C50}"
EndProject
Project("{9A19103F-16F7-4668-BE54-9A1E7A4F7556}") = "FwUtils", "Src\FwUtils\FwUtils.csproj", "{378378E6-7884-45BB-BAC7-BDE84494FDC5}"
EndProject
Project("{9A19103F-16F7-4668-BE54-9A1E7A4F7556}") = "FieldWorks.TestUtilities", "Src\FieldWorks.TestUtilities\FieldWorks.TestUtilities.csproj", "{23E4E6BA-7CED-4259-B68D-730BC700974B}"
EndProject
Project("{9A19103F-16F7-4668-BE54-9A1E7A4F7556}") = "FieldWorks.TestUtilities.Tests", "Src\FieldWorks.TestUtilities.Tests\FieldWorks.TestUtilities.Tests.csproj", "{F897F788-C4AF-4BAE-9C3D-3064BE28B5D9}"
EndProject
Global
	GlobalSection(SolutionConfigurationPlatforms) = preSolution
		Bounds|Any CPU = Bounds|Any CPU
		Bounds|x64 = Bounds|x64
		Bounds|x86 = Bounds|x86
		Debug|Any CPU = Debug|Any CPU
		Debug|x64 = Debug|x64
		Debug|x86 = Debug|x86
		Release|Any CPU = Release|Any CPU
		Release|x64 = Release|x64
		Release|x86 = Release|x86
	EndGlobalSection
	GlobalSection(ProjectConfigurationPlatforms) = postSolution
		{C86CA2EB-81B5-4411-B5B7-E983314E02DA}.Bounds|Any CPU.ActiveCfg = Bounds|Win32
		{C86CA2EB-81B5-4411-B5B7-E983314E02DA}.Bounds|x64.ActiveCfg = Bounds|x64
		{C86CA2EB-81B5-4411-B5B7-E983314E02DA}.Bounds|x64.Build.0 = Bounds|x64
		{C86CA2EB-81B5-4411-B5B7-E983314E02DA}.Bounds|x86.ActiveCfg = Bounds|Win32
		{C86CA2EB-81B5-4411-B5B7-E983314E02DA}.Bounds|x86.Build.0 = Bounds|Win32
		{C86CA2EB-81B5-4411-B5B7-E983314E02DA}.Debug|Any CPU.ActiveCfg = Debug|Win32
		{C86CA2EB-81B5-4411-B5B7-E983314E02DA}.Debug|Any CPU.Build.0 = Debug|Win32
		{C86CA2EB-81B5-4411-B5B7-E983314E02DA}.Debug|x64.ActiveCfg = Debug|x64
		{C86CA2EB-81B5-4411-B5B7-E983314E02DA}.Debug|x64.Build.0 = Debug|x64
		{C86CA2EB-81B5-4411-B5B7-E983314E02DA}.Debug|x86.ActiveCfg = Debug|Win32
		{C86CA2EB-81B5-4411-B5B7-E983314E02DA}.Debug|x86.Build.0 = Debug|Win32
		{C86CA2EB-81B5-4411-B5B7-E983314E02DA}.Release|Any CPU.ActiveCfg = Release|Win32
		{C86CA2EB-81B5-4411-B5B7-E983314E02DA}.Release|x64.ActiveCfg = Release|x64
		{C86CA2EB-81B5-4411-B5B7-E983314E02DA}.Release|x64.Build.0 = Release|x64
		{C86CA2EB-81B5-4411-B5B7-E983314E02DA}.Release|x86.ActiveCfg = Release|Win32
		{C86CA2EB-81B5-4411-B5B7-E983314E02DA}.Release|x86.Build.0 = Release|Win32
		{1D4CC42D-BC16-4EC3-A89B-173798828F56}.Bounds|Any CPU.ActiveCfg = Release|x64
		{1D4CC42D-BC16-4EC3-A89B-173798828F56}.Bounds|Any CPU.Build.0 = Release|x64
		{1D4CC42D-BC16-4EC3-A89B-173798828F56}.Bounds|x64.ActiveCfg = Release|x64
		{1D4CC42D-BC16-4EC3-A89B-173798828F56}.Bounds|x64.Build.0 = Release|x64
		{1D4CC42D-BC16-4EC3-A89B-173798828F56}.Bounds|x86.ActiveCfg = Release|Win32
		{1D4CC42D-BC16-4EC3-A89B-173798828F56}.Bounds|x86.Build.0 = Release|Win32
		{1D4CC42D-BC16-4EC3-A89B-173798828F56}.Debug|Any CPU.ActiveCfg = Debug|Win32
		{1D4CC42D-BC16-4EC3-A89B-173798828F56}.Debug|x64.ActiveCfg = Debug|x64
		{1D4CC42D-BC16-4EC3-A89B-173798828F56}.Debug|x64.Build.0 = Debug|x64
		{1D4CC42D-BC16-4EC3-A89B-173798828F56}.Debug|x86.ActiveCfg = Debug|Win32
		{1D4CC42D-BC16-4EC3-A89B-173798828F56}.Debug|x86.Build.0 = Debug|Win32
		{1D4CC42D-BC16-4EC3-A89B-173798828F56}.Release|Any CPU.ActiveCfg = Release|Win32
		{1D4CC42D-BC16-4EC3-A89B-173798828F56}.Release|x64.ActiveCfg = Release|x64
		{1D4CC42D-BC16-4EC3-A89B-173798828F56}.Release|x64.Build.0 = Release|x64
		{1D4CC42D-BC16-4EC3-A89B-173798828F56}.Release|x86.ActiveCfg = Release|Win32
		{1D4CC42D-BC16-4EC3-A89B-173798828F56}.Release|x86.Build.0 = Release|Win32
		{E1865325-1CEE-444A-9297-0A3B110AA65D}.Bounds|Any CPU.ActiveCfg = Debug|Any CPU
		{E1865325-1CEE-444A-9297-0A3B110AA65D}.Bounds|Any CPU.Build.0 = Debug|Any CPU
		{E1865325-1CEE-444A-9297-0A3B110AA65D}.Bounds|x64.ActiveCfg = Debug|Any CPU
		{E1865325-1CEE-444A-9297-0A3B110AA65D}.Bounds|x64.Build.0 = Debug|Any CPU
		{E1865325-1CEE-444A-9297-0A3B110AA65D}.Bounds|x86.ActiveCfg = Debug|Any CPU
		{E1865325-1CEE-444A-9297-0A3B110AA65D}.Bounds|x86.Build.0 = Debug|Any CPU
		{E1865325-1CEE-444A-9297-0A3B110AA65D}.Debug|Any CPU.ActiveCfg = Debug|Any CPU
		{E1865325-1CEE-444A-9297-0A3B110AA65D}.Debug|Any CPU.Build.0 = Debug|Any CPU
		{E1865325-1CEE-444A-9297-0A3B110AA65D}.Debug|x64.ActiveCfg = Debug|Any CPU
		{E1865325-1CEE-444A-9297-0A3B110AA65D}.Debug|x64.Build.0 = Debug|Any CPU
		{E1865325-1CEE-444A-9297-0A3B110AA65D}.Debug|x86.ActiveCfg = Debug|Any CPU
		{E1865325-1CEE-444A-9297-0A3B110AA65D}.Debug|x86.Build.0 = Debug|Any CPU
		{E1865325-1CEE-444A-9297-0A3B110AA65D}.Release|Any CPU.ActiveCfg = Release|Any CPU
		{E1865325-1CEE-444A-9297-0A3B110AA65D}.Release|Any CPU.Build.0 = Release|Any CPU
		{E1865325-1CEE-444A-9297-0A3B110AA65D}.Release|x64.ActiveCfg = Release|Any CPU
		{E1865325-1CEE-444A-9297-0A3B110AA65D}.Release|x64.Build.0 = Release|Any CPU
		{E1865325-1CEE-444A-9297-0A3B110AA65D}.Release|x86.ActiveCfg = Release|Any CPU
		{E1865325-1CEE-444A-9297-0A3B110AA65D}.Release|x86.Build.0 = Release|Any CPU
		{D684951B-49A7-420A-87F7-004DF2A9BEDC}.Bounds|Any CPU.ActiveCfg = Debug|Any CPU
		{D684951B-49A7-420A-87F7-004DF2A9BEDC}.Bounds|Any CPU.Build.0 = Debug|Any CPU
		{D684951B-49A7-420A-87F7-004DF2A9BEDC}.Bounds|x64.ActiveCfg = Debug|Any CPU
		{D684951B-49A7-420A-87F7-004DF2A9BEDC}.Bounds|x64.Build.0 = Debug|Any CPU
		{D684951B-49A7-420A-87F7-004DF2A9BEDC}.Bounds|x86.ActiveCfg = Debug|Any CPU
		{D684951B-49A7-420A-87F7-004DF2A9BEDC}.Bounds|x86.Build.0 = Debug|Any CPU
		{D684951B-49A7-420A-87F7-004DF2A9BEDC}.Debug|Any CPU.ActiveCfg = Debug|Any CPU
		{D684951B-49A7-420A-87F7-004DF2A9BEDC}.Debug|Any CPU.Build.0 = Debug|Any CPU
		{D684951B-49A7-420A-87F7-004DF2A9BEDC}.Debug|x64.ActiveCfg = Debug|Any CPU
		{D684951B-49A7-420A-87F7-004DF2A9BEDC}.Debug|x64.Build.0 = Debug|Any CPU
		{D684951B-49A7-420A-87F7-004DF2A9BEDC}.Debug|x86.ActiveCfg = Debug|Any CPU
		{D684951B-49A7-420A-87F7-004DF2A9BEDC}.Debug|x86.Build.0 = Debug|Any CPU
		{D684951B-49A7-420A-87F7-004DF2A9BEDC}.Release|Any CPU.ActiveCfg = Release|Any CPU
		{D684951B-49A7-420A-87F7-004DF2A9BEDC}.Release|Any CPU.Build.0 = Release|Any CPU
		{D684951B-49A7-420A-87F7-004DF2A9BEDC}.Release|x64.ActiveCfg = Release|Any CPU
		{D684951B-49A7-420A-87F7-004DF2A9BEDC}.Release|x64.Build.0 = Release|Any CPU
		{D684951B-49A7-420A-87F7-004DF2A9BEDC}.Release|x86.ActiveCfg = Release|Any CPU
		{D684951B-49A7-420A-87F7-004DF2A9BEDC}.Release|x86.Build.0 = Release|Any CPU
		{6396B488-4D34-48B2-8639-EEB90707405B}.Bounds|Any CPU.ActiveCfg = Debug|Win32
		{6396B488-4D34-48B2-8639-EEB90707405B}.Bounds|Any CPU.Build.0 = Debug|Win32
		{6396B488-4D34-48B2-8639-EEB90707405B}.Bounds|x64.ActiveCfg = Debug|x64
		{6396B488-4D34-48B2-8639-EEB90707405B}.Bounds|x64.Build.0 = Debug|x64
		{6396B488-4D34-48B2-8639-EEB90707405B}.Bounds|x86.ActiveCfg = Debug|Win32
		{6396B488-4D34-48B2-8639-EEB90707405B}.Bounds|x86.Build.0 = Debug|Win32
		{6396B488-4D34-48B2-8639-EEB90707405B}.Debug|Any CPU.ActiveCfg = Debug|Win32
		{6396B488-4D34-48B2-8639-EEB90707405B}.Debug|Any CPU.Build.0 = Debug|Win32
		{6396B488-4D34-48B2-8639-EEB90707405B}.Debug|x64.ActiveCfg = Debug|x64
		{6396B488-4D34-48B2-8639-EEB90707405B}.Debug|x64.Build.0 = Debug|x64
		{6396B488-4D34-48B2-8639-EEB90707405B}.Debug|x86.ActiveCfg = Debug|Win32
		{6396B488-4D34-48B2-8639-EEB90707405B}.Debug|x86.Build.0 = Debug|Win32
		{6396B488-4D34-48B2-8639-EEB90707405B}.Release|Any CPU.ActiveCfg = Release|Win32
		{6396B488-4D34-48B2-8639-EEB90707405B}.Release|x64.ActiveCfg = Release|x64
		{6396B488-4D34-48B2-8639-EEB90707405B}.Release|x64.Build.0 = Release|x64
		{6396B488-4D34-48B2-8639-EEB90707405B}.Release|x86.ActiveCfg = Release|Win32
		{6396B488-4D34-48B2-8639-EEB90707405B}.Release|x86.Build.0 = Release|Win32
		{E76E8661-15FF-4E9D-AA76-66C4669E5164}.Bounds|Any CPU.ActiveCfg = Debug|Win32
		{E76E8661-15FF-4E9D-AA76-66C4669E5164}.Bounds|Any CPU.Build.0 = Debug|Win32
		{E76E8661-15FF-4E9D-AA76-66C4669E5164}.Bounds|x64.ActiveCfg = Debug|x64
		{E76E8661-15FF-4E9D-AA76-66C4669E5164}.Bounds|x64.Build.0 = Debug|x64
		{E76E8661-15FF-4E9D-AA76-66C4669E5164}.Bounds|x86.ActiveCfg = Debug|Win32
		{E76E8661-15FF-4E9D-AA76-66C4669E5164}.Bounds|x86.Build.0 = Debug|Win32
		{E76E8661-15FF-4E9D-AA76-66C4669E5164}.Debug|Any CPU.ActiveCfg = Debug|Win32
		{E76E8661-15FF-4E9D-AA76-66C4669E5164}.Debug|Any CPU.Build.0 = Debug|Win32
		{E76E8661-15FF-4E9D-AA76-66C4669E5164}.Debug|x64.ActiveCfg = Debug|x64
		{E76E8661-15FF-4E9D-AA76-66C4669E5164}.Debug|x64.Build.0 = Debug|x64
		{E76E8661-15FF-4E9D-AA76-66C4669E5164}.Debug|x86.ActiveCfg = Debug|Win32
		{E76E8661-15FF-4E9D-AA76-66C4669E5164}.Debug|x86.Build.0 = Debug|Win32
		{E76E8661-15FF-4E9D-AA76-66C4669E5164}.Release|Any CPU.ActiveCfg = Release|Win32
		{E76E8661-15FF-4E9D-AA76-66C4669E5164}.Release|x64.ActiveCfg = Release|x64
		{E76E8661-15FF-4E9D-AA76-66C4669E5164}.Release|x64.Build.0 = Release|x64
		{E76E8661-15FF-4E9D-AA76-66C4669E5164}.Release|x86.ActiveCfg = Release|Win32
		{E76E8661-15FF-4E9D-AA76-66C4669E5164}.Release|x86.Build.0 = Release|Win32
		{7F6B25EE-CD22-4E4C-898D-A0F846E6E9D4}.Bounds|Any CPU.ActiveCfg = Bounds|Win32
		{7F6B25EE-CD22-4E4C-898D-A0F846E6E9D4}.Bounds|x64.ActiveCfg = Bounds|x64
		{7F6B25EE-CD22-4E4C-898D-A0F846E6E9D4}.Bounds|x64.Build.0 = Bounds|x64
		{7F6B25EE-CD22-4E4C-898D-A0F846E6E9D4}.Bounds|x86.ActiveCfg = Bounds|Win32
		{7F6B25EE-CD22-4E4C-898D-A0F846E6E9D4}.Bounds|x86.Build.0 = Bounds|Win32
		{7F6B25EE-CD22-4E4C-898D-A0F846E6E9D4}.Debug|Any CPU.ActiveCfg = Debug|Win32
		{7F6B25EE-CD22-4E4C-898D-A0F846E6E9D4}.Debug|Any CPU.Build.0 = Debug|Win32
		{7F6B25EE-CD22-4E4C-898D-A0F846E6E9D4}.Debug|x64.ActiveCfg = Debug|x64
		{7F6B25EE-CD22-4E4C-898D-A0F846E6E9D4}.Debug|x64.Build.0 = Debug|x64
		{7F6B25EE-CD22-4E4C-898D-A0F846E6E9D4}.Debug|x86.ActiveCfg = Debug|Win32
		{7F6B25EE-CD22-4E4C-898D-A0F846E6E9D4}.Debug|x86.Build.0 = Debug|Win32
		{7F6B25EE-CD22-4E4C-898D-A0F846E6E9D4}.Release|Any CPU.ActiveCfg = Release|Win32
		{7F6B25EE-CD22-4E4C-898D-A0F846E6E9D4}.Release|x64.ActiveCfg = Release|x64
		{7F6B25EE-CD22-4E4C-898D-A0F846E6E9D4}.Release|x64.Build.0 = Release|x64
		{7F6B25EE-CD22-4E4C-898D-A0F846E6E9D4}.Release|x86.ActiveCfg = Release|Win32
		{7F6B25EE-CD22-4E4C-898D-A0F846E6E9D4}.Release|x86.Build.0 = Release|Win32
		{C644C392-FB14-4DF1-9989-897E182D3849}.Bounds|Any CPU.ActiveCfg = Debug|Win32
		{C644C392-FB14-4DF1-9989-897E182D3849}.Bounds|Any CPU.Build.0 = Debug|Win32
		{C644C392-FB14-4DF1-9989-897E182D3849}.Bounds|x64.ActiveCfg = Debug|x64
		{C644C392-FB14-4DF1-9989-897E182D3849}.Bounds|x64.Build.0 = Debug|x64
		{C644C392-FB14-4DF1-9989-897E182D3849}.Bounds|x86.ActiveCfg = Debug|Win32
		{C644C392-FB14-4DF1-9989-897E182D3849}.Bounds|x86.Build.0 = Debug|Win32
		{C644C392-FB14-4DF1-9989-897E182D3849}.Debug|Any CPU.ActiveCfg = Debug|Win32
		{C644C392-FB14-4DF1-9989-897E182D3849}.Debug|x64.ActiveCfg = Debug|x64
		{C644C392-FB14-4DF1-9989-897E182D3849}.Debug|x64.Build.0 = Debug|x64
		{C644C392-FB14-4DF1-9989-897E182D3849}.Debug|x86.ActiveCfg = Debug|Win32
		{C644C392-FB14-4DF1-9989-897E182D3849}.Debug|x86.Build.0 = Debug|Win32
		{C644C392-FB14-4DF1-9989-897E182D3849}.Release|Any CPU.ActiveCfg = Release|Win32
		{C644C392-FB14-4DF1-9989-897E182D3849}.Release|x64.ActiveCfg = Release|x64
		{C644C392-FB14-4DF1-9989-897E182D3849}.Release|x64.Build.0 = Release|x64
		{C644C392-FB14-4DF1-9989-897E182D3849}.Release|x86.ActiveCfg = Release|Win32
		{C644C392-FB14-4DF1-9989-897E182D3849}.Release|x86.Build.0 = Release|Win32
		{BBF85EC9-B280-43C8-B2BB-DD6B50FC50ED}.Bounds|Any CPU.ActiveCfg = Debug|Win32
		{BBF85EC9-B280-43C8-B2BB-DD6B50FC50ED}.Bounds|Any CPU.Build.0 = Debug|Win32
		{BBF85EC9-B280-43C8-B2BB-DD6B50FC50ED}.Bounds|x64.ActiveCfg = Debug|x64
		{BBF85EC9-B280-43C8-B2BB-DD6B50FC50ED}.Bounds|x64.Build.0 = Debug|x64
		{BBF85EC9-B280-43C8-B2BB-DD6B50FC50ED}.Bounds|x86.ActiveCfg = Debug|Win32
		{BBF85EC9-B280-43C8-B2BB-DD6B50FC50ED}.Bounds|x86.Build.0 = Debug|Win32
		{BBF85EC9-B280-43C8-B2BB-DD6B50FC50ED}.Debug|Any CPU.ActiveCfg = Debug|Win32
		{BBF85EC9-B280-43C8-B2BB-DD6B50FC50ED}.Debug|x64.ActiveCfg = Debug|x64
		{BBF85EC9-B280-43C8-B2BB-DD6B50FC50ED}.Debug|x64.Build.0 = Debug|x64
		{BBF85EC9-B280-43C8-B2BB-DD6B50FC50ED}.Debug|x86.ActiveCfg = Debug|Win32
		{BBF85EC9-B280-43C8-B2BB-DD6B50FC50ED}.Debug|x86.Build.0 = Debug|Win32
		{BBF85EC9-B280-43C8-B2BB-DD6B50FC50ED}.Release|Any CPU.ActiveCfg = Release|Win32
		{BBF85EC9-B280-43C8-B2BB-DD6B50FC50ED}.Release|x64.ActiveCfg = Release|x64
		{BBF85EC9-B280-43C8-B2BB-DD6B50FC50ED}.Release|x64.Build.0 = Release|x64
		{BBF85EC9-B280-43C8-B2BB-DD6B50FC50ED}.Release|x86.ActiveCfg = Release|Win32
		{BBF85EC9-B280-43C8-B2BB-DD6B50FC50ED}.Release|x86.Build.0 = Release|Win32
		{5B04221E-9161-4E47-B134-29772A244359}.Bounds|Any CPU.ActiveCfg = Debug|Any CPU
		{5B04221E-9161-4E47-B134-29772A244359}.Bounds|Any CPU.Build.0 = Debug|Any CPU
		{5B04221E-9161-4E47-B134-29772A244359}.Bounds|x64.ActiveCfg = Debug|Any CPU
		{5B04221E-9161-4E47-B134-29772A244359}.Bounds|x64.Build.0 = Debug|Any CPU
		{5B04221E-9161-4E47-B134-29772A244359}.Bounds|x86.ActiveCfg = Debug|Any CPU
		{5B04221E-9161-4E47-B134-29772A244359}.Bounds|x86.Build.0 = Debug|Any CPU
		{5B04221E-9161-4E47-B134-29772A244359}.Debug|Any CPU.ActiveCfg = Debug|Any CPU
		{5B04221E-9161-4E47-B134-29772A244359}.Debug|Any CPU.Build.0 = Debug|Any CPU
		{5B04221E-9161-4E47-B134-29772A244359}.Debug|x64.ActiveCfg = Debug|Any CPU
		{5B04221E-9161-4E47-B134-29772A244359}.Debug|x64.Build.0 = Debug|Any CPU
		{5B04221E-9161-4E47-B134-29772A244359}.Debug|x86.ActiveCfg = Debug|Any CPU
		{5B04221E-9161-4E47-B134-29772A244359}.Debug|x86.Build.0 = Debug|Any CPU
		{5B04221E-9161-4E47-B134-29772A244359}.Release|Any CPU.ActiveCfg = Release|Any CPU
		{5B04221E-9161-4E47-B134-29772A244359}.Release|Any CPU.Build.0 = Release|Any CPU
		{5B04221E-9161-4E47-B134-29772A244359}.Release|x64.ActiveCfg = Release|Any CPU
		{5B04221E-9161-4E47-B134-29772A244359}.Release|x64.Build.0 = Release|Any CPU
		{5B04221E-9161-4E47-B134-29772A244359}.Release|x86.ActiveCfg = Release|Any CPU
		{5B04221E-9161-4E47-B134-29772A244359}.Release|x86.Build.0 = Release|Any CPU
		{4F93143F-3828-4BCD-AB58-0787C9334B81}.Bounds|Any CPU.ActiveCfg = Debug|Any CPU
		{4F93143F-3828-4BCD-AB58-0787C9334B81}.Bounds|Any CPU.Build.0 = Debug|Any CPU
		{4F93143F-3828-4BCD-AB58-0787C9334B81}.Bounds|x64.ActiveCfg = Debug|Any CPU
		{4F93143F-3828-4BCD-AB58-0787C9334B81}.Bounds|x64.Build.0 = Debug|Any CPU
		{4F93143F-3828-4BCD-AB58-0787C9334B81}.Bounds|x86.ActiveCfg = Debug|Any CPU
		{4F93143F-3828-4BCD-AB58-0787C9334B81}.Bounds|x86.Build.0 = Debug|Any CPU
		{4F93143F-3828-4BCD-AB58-0787C9334B81}.Debug|Any CPU.ActiveCfg = Debug|Any CPU
		{4F93143F-3828-4BCD-AB58-0787C9334B81}.Debug|Any CPU.Build.0 = Debug|Any CPU
		{4F93143F-3828-4BCD-AB58-0787C9334B81}.Debug|x64.ActiveCfg = Debug|Any CPU
		{4F93143F-3828-4BCD-AB58-0787C9334B81}.Debug|x64.Build.0 = Debug|Any CPU
		{4F93143F-3828-4BCD-AB58-0787C9334B81}.Debug|x86.ActiveCfg = Debug|Any CPU
		{4F93143F-3828-4BCD-AB58-0787C9334B81}.Debug|x86.Build.0 = Debug|Any CPU
		{4F93143F-3828-4BCD-AB58-0787C9334B81}.Release|Any CPU.ActiveCfg = Release|Any CPU
		{4F93143F-3828-4BCD-AB58-0787C9334B81}.Release|Any CPU.Build.0 = Release|Any CPU
		{4F93143F-3828-4BCD-AB58-0787C9334B81}.Release|x64.ActiveCfg = Release|Any CPU
		{4F93143F-3828-4BCD-AB58-0787C9334B81}.Release|x64.Build.0 = Release|Any CPU
		{4F93143F-3828-4BCD-AB58-0787C9334B81}.Release|x86.ActiveCfg = Release|Any CPU
		{4F93143F-3828-4BCD-AB58-0787C9334B81}.Release|x86.Build.0 = Release|Any CPU
		{3BDDD9BA-F04D-438D-9C19-A44D7CA80A97}.Bounds|Any CPU.ActiveCfg = Debug|Any CPU
		{3BDDD9BA-F04D-438D-9C19-A44D7CA80A97}.Bounds|Any CPU.Build.0 = Debug|Any CPU
		{3BDDD9BA-F04D-438D-9C19-A44D7CA80A97}.Bounds|x64.ActiveCfg = Debug|Any CPU
		{3BDDD9BA-F04D-438D-9C19-A44D7CA80A97}.Bounds|x64.Build.0 = Debug|Any CPU
		{3BDDD9BA-F04D-438D-9C19-A44D7CA80A97}.Bounds|x86.ActiveCfg = Debug|Any CPU
		{3BDDD9BA-F04D-438D-9C19-A44D7CA80A97}.Bounds|x86.Build.0 = Debug|Any CPU
		{3BDDD9BA-F04D-438D-9C19-A44D7CA80A97}.Debug|Any CPU.ActiveCfg = Debug|Any CPU
		{3BDDD9BA-F04D-438D-9C19-A44D7CA80A97}.Debug|Any CPU.Build.0 = Debug|Any CPU
		{3BDDD9BA-F04D-438D-9C19-A44D7CA80A97}.Debug|x64.ActiveCfg = Debug|Any CPU
		{3BDDD9BA-F04D-438D-9C19-A44D7CA80A97}.Debug|x64.Build.0 = Debug|Any CPU
		{3BDDD9BA-F04D-438D-9C19-A44D7CA80A97}.Debug|x86.ActiveCfg = Debug|Any CPU
		{3BDDD9BA-F04D-438D-9C19-A44D7CA80A97}.Debug|x86.Build.0 = Debug|Any CPU
		{3BDDD9BA-F04D-438D-9C19-A44D7CA80A97}.Release|Any CPU.ActiveCfg = Release|Any CPU
		{3BDDD9BA-F04D-438D-9C19-A44D7CA80A97}.Release|Any CPU.Build.0 = Release|Any CPU
		{3BDDD9BA-F04D-438D-9C19-A44D7CA80A97}.Release|x64.ActiveCfg = Release|Any CPU
		{3BDDD9BA-F04D-438D-9C19-A44D7CA80A97}.Release|x64.Build.0 = Release|Any CPU
		{3BDDD9BA-F04D-438D-9C19-A44D7CA80A97}.Release|x86.ActiveCfg = Release|Any CPU
		{3BDDD9BA-F04D-438D-9C19-A44D7CA80A97}.Release|x86.Build.0 = Release|Any CPU
		{DD00B2CF-7B0B-4CE8-A17E-700098E26C50}.Bounds|Any CPU.ActiveCfg = Debug|Any CPU
		{DD00B2CF-7B0B-4CE8-A17E-700098E26C50}.Bounds|Any CPU.Build.0 = Debug|Any CPU
		{DD00B2CF-7B0B-4CE8-A17E-700098E26C50}.Bounds|x64.ActiveCfg = Debug|Any CPU
		{DD00B2CF-7B0B-4CE8-A17E-700098E26C50}.Bounds|x64.Build.0 = Debug|Any CPU
		{DD00B2CF-7B0B-4CE8-A17E-700098E26C50}.Bounds|x86.ActiveCfg = Debug|Any CPU
		{DD00B2CF-7B0B-4CE8-A17E-700098E26C50}.Bounds|x86.Build.0 = Debug|Any CPU
		{DD00B2CF-7B0B-4CE8-A17E-700098E26C50}.Debug|Any CPU.ActiveCfg = Debug|Any CPU
		{DD00B2CF-7B0B-4CE8-A17E-700098E26C50}.Debug|Any CPU.Build.0 = Debug|Any CPU
		{DD00B2CF-7B0B-4CE8-A17E-700098E26C50}.Debug|x64.ActiveCfg = Debug|Any CPU
		{DD00B2CF-7B0B-4CE8-A17E-700098E26C50}.Debug|x64.Build.0 = Debug|Any CPU
		{DD00B2CF-7B0B-4CE8-A17E-700098E26C50}.Debug|x86.ActiveCfg = Debug|Any CPU
		{DD00B2CF-7B0B-4CE8-A17E-700098E26C50}.Debug|x86.Build.0 = Debug|Any CPU
		{DD00B2CF-7B0B-4CE8-A17E-700098E26C50}.Release|Any CPU.ActiveCfg = Release|Any CPU
		{DD00B2CF-7B0B-4CE8-A17E-700098E26C50}.Release|Any CPU.Build.0 = Release|Any CPU
		{DD00B2CF-7B0B-4CE8-A17E-700098E26C50}.Release|x64.ActiveCfg = Release|Any CPU
		{DD00B2CF-7B0B-4CE8-A17E-700098E26C50}.Release|x64.Build.0 = Release|Any CPU
		{DD00B2CF-7B0B-4CE8-A17E-700098E26C50}.Release|x86.ActiveCfg = Release|Any CPU
		{DD00B2CF-7B0B-4CE8-A17E-700098E26C50}.Release|x86.Build.0 = Release|Any CPU
		{378378E6-7884-45BB-BAC7-BDE84494FDC5}.Bounds|Any CPU.ActiveCfg = Debug|Any CPU
		{378378E6-7884-45BB-BAC7-BDE84494FDC5}.Bounds|Any CPU.Build.0 = Debug|Any CPU
		{378378E6-7884-45BB-BAC7-BDE84494FDC5}.Bounds|x64.ActiveCfg = Debug|Any CPU
		{378378E6-7884-45BB-BAC7-BDE84494FDC5}.Bounds|x64.Build.0 = Debug|Any CPU
		{378378E6-7884-45BB-BAC7-BDE84494FDC5}.Bounds|x86.ActiveCfg = Debug|Any CPU
		{378378E6-7884-45BB-BAC7-BDE84494FDC5}.Bounds|x86.Build.0 = Debug|Any CPU
		{378378E6-7884-45BB-BAC7-BDE84494FDC5}.Debug|Any CPU.ActiveCfg = Debug|Any CPU
		{378378E6-7884-45BB-BAC7-BDE84494FDC5}.Debug|Any CPU.Build.0 = Debug|Any CPU
		{378378E6-7884-45BB-BAC7-BDE84494FDC5}.Debug|x64.ActiveCfg = Debug|Any CPU
		{378378E6-7884-45BB-BAC7-BDE84494FDC5}.Debug|x64.Build.0 = Debug|Any CPU
		{378378E6-7884-45BB-BAC7-BDE84494FDC5}.Debug|x86.ActiveCfg = Debug|Any CPU
		{378378E6-7884-45BB-BAC7-BDE84494FDC5}.Debug|x86.Build.0 = Debug|Any CPU
		{378378E6-7884-45BB-BAC7-BDE84494FDC5}.Release|Any CPU.ActiveCfg = Release|Any CPU
		{378378E6-7884-45BB-BAC7-BDE84494FDC5}.Release|Any CPU.Build.0 = Release|Any CPU
		{378378E6-7884-45BB-BAC7-BDE84494FDC5}.Release|x64.ActiveCfg = Release|Any CPU
		{378378E6-7884-45BB-BAC7-BDE84494FDC5}.Release|x64.Build.0 = Release|Any CPU
		{378378E6-7884-45BB-BAC7-BDE84494FDC5}.Release|x86.ActiveCfg = Release|Any CPU
		{378378E6-7884-45BB-BAC7-BDE84494FDC5}.Release|x86.Build.0 = Release|Any CPU
		{23E4E6BA-7CED-4259-B68D-730BC700974B}.Bounds|Any CPU.ActiveCfg = Debug|Any CPU
		{23E4E6BA-7CED-4259-B68D-730BC700974B}.Bounds|Any CPU.Build.0 = Debug|Any CPU
		{23E4E6BA-7CED-4259-B68D-730BC700974B}.Bounds|x64.ActiveCfg = Debug|Any CPU
		{23E4E6BA-7CED-4259-B68D-730BC700974B}.Bounds|x64.Build.0 = Debug|Any CPU
		{23E4E6BA-7CED-4259-B68D-730BC700974B}.Bounds|x86.ActiveCfg = Debug|Any CPU
		{23E4E6BA-7CED-4259-B68D-730BC700974B}.Bounds|x86.Build.0 = Debug|Any CPU
		{23E4E6BA-7CED-4259-B68D-730BC700974B}.Debug|Any CPU.ActiveCfg = Debug|Any CPU
		{23E4E6BA-7CED-4259-B68D-730BC700974B}.Debug|Any CPU.Build.0 = Debug|Any CPU
		{23E4E6BA-7CED-4259-B68D-730BC700974B}.Debug|x64.ActiveCfg = Debug|Any CPU
		{23E4E6BA-7CED-4259-B68D-730BC700974B}.Debug|x64.Build.0 = Debug|Any CPU
		{23E4E6BA-7CED-4259-B68D-730BC700974B}.Debug|x86.ActiveCfg = Debug|Any CPU
		{23E4E6BA-7CED-4259-B68D-730BC700974B}.Debug|x86.Build.0 = Debug|Any CPU
		{23E4E6BA-7CED-4259-B68D-730BC700974B}.Release|Any CPU.ActiveCfg = Release|Any CPU
		{23E4E6BA-7CED-4259-B68D-730BC700974B}.Release|Any CPU.Build.0 = Release|Any CPU
		{23E4E6BA-7CED-4259-B68D-730BC700974B}.Release|x64.ActiveCfg = Release|Any CPU
		{23E4E6BA-7CED-4259-B68D-730BC700974B}.Release|x64.Build.0 = Release|Any CPU
		{23E4E6BA-7CED-4259-B68D-730BC700974B}.Release|x86.ActiveCfg = Release|Any CPU
		{23E4E6BA-7CED-4259-B68D-730BC700974B}.Release|x86.Build.0 = Release|Any CPU
		{F897F788-C4AF-4BAE-9C3D-3064BE28B5D9}.Bounds|Any CPU.ActiveCfg = Debug|Any CPU
		{F897F788-C4AF-4BAE-9C3D-3064BE28B5D9}.Bounds|Any CPU.Build.0 = Debug|Any CPU
		{F897F788-C4AF-4BAE-9C3D-3064BE28B5D9}.Bounds|x64.ActiveCfg = Debug|Any CPU
		{F897F788-C4AF-4BAE-9C3D-3064BE28B5D9}.Bounds|x64.Build.0 = Debug|Any CPU
		{F897F788-C4AF-4BAE-9C3D-3064BE28B5D9}.Bounds|x86.ActiveCfg = Debug|Any CPU
		{F897F788-C4AF-4BAE-9C3D-3064BE28B5D9}.Bounds|x86.Build.0 = Debug|Any CPU
		{F897F788-C4AF-4BAE-9C3D-3064BE28B5D9}.Debug|Any CPU.ActiveCfg = Debug|Any CPU
		{F897F788-C4AF-4BAE-9C3D-3064BE28B5D9}.Debug|Any CPU.Build.0 = Debug|Any CPU
		{F897F788-C4AF-4BAE-9C3D-3064BE28B5D9}.Debug|x64.ActiveCfg = Debug|Any CPU
		{F897F788-C4AF-4BAE-9C3D-3064BE28B5D9}.Debug|x64.Build.0 = Debug|Any CPU
		{F897F788-C4AF-4BAE-9C3D-3064BE28B5D9}.Debug|x86.ActiveCfg = Debug|Any CPU
		{F897F788-C4AF-4BAE-9C3D-3064BE28B5D9}.Debug|x86.Build.0 = Debug|Any CPU
		{F897F788-C4AF-4BAE-9C3D-3064BE28B5D9}.Release|Any CPU.ActiveCfg = Release|Any CPU
		{F897F788-C4AF-4BAE-9C3D-3064BE28B5D9}.Release|Any CPU.Build.0 = Release|Any CPU
		{F897F788-C4AF-4BAE-9C3D-3064BE28B5D9}.Release|x64.ActiveCfg = Release|Any CPU
		{F897F788-C4AF-4BAE-9C3D-3064BE28B5D9}.Release|x64.Build.0 = Release|Any CPU
		{F897F788-C4AF-4BAE-9C3D-3064BE28B5D9}.Release|x86.ActiveCfg = Release|Any CPU
		{F897F788-C4AF-4BAE-9C3D-3064BE28B5D9}.Release|x86.Build.0 = Release|Any CPU
	EndGlobalSection
	GlobalSection(SolutionProperties) = preSolution
		HideSolutionNode = FALSE
	EndGlobalSection
	GlobalSection(ExtensibilityGlobals) = postSolution
		SolutionGuid = {4189CF41-D28B-47DB-B061-B55A6DECE3B1}
	EndGlobalSection
EndGlobal
