
Microsoft Visual Studio Solution File, Format Version 12.00
# Visual Studio Version 16
VisualStudioVersion = 16.0.30717.126
MinimumVisualStudioVersion = 10.0.40219.1
Project("{2150E333-8FDC-42A3-9474-1A3956D46DE8}") = "Src", "Src", "{17900626-4B86-43DA-B451-3E093B50B08B}"
EndProject
Project("{9A19103F-16F7-4668-BE54-9A1E7A4F7556}") = "LanguageExplorer.TestUtilities.Tests", "Src\LanguageExplorer.TestUtilities.Tests\LanguageExplorer.TestUtilities.Tests.csproj", "{BB4A16A2-8CA0-4BA0-9C58-AE24B4554651}"
EndProject
Project("{9A19103F-16F7-4668-BE54-9A1E7A4F7556}") = "FwUtilsTests", "Src\FwUtilsTests\FwUtilsTests.csproj", "{2126F423-4858-42DA-9697-AB6C60B85810}"
EndProject
Project("{9A19103F-16F7-4668-BE54-9A1E7A4F7556}") = "ManagedVwWindowTests", "Src\ManagedVwWindowTests\ManagedVwWindowTests.csproj", "{5D9F2EAB-48AB-4924-BDD0-CFB839948E65}"
EndProject
Project("{9A19103F-16F7-4668-BE54-9A1E7A4F7556}") = "LanguageExplorer", "Src\LanguageExplorer\LanguageExplorer.csproj", "{97128036-3A1E-4A83-99A0-8F590F30FE48}"
EndProject
Project("{9A19103F-16F7-4668-BE54-9A1E7A4F7556}") = "ParatextImport", "Src\ParatextImport\ParatextImport.csproj", "{ACE0B5C2-39E8-4247-B5E8-18BBD15A52DA}"
EndProject
Project("{9A19103F-16F7-4668-BE54-9A1E7A4F7556}") = "ParatextImportTests", "Src\ParatextImportTests\ParatextImportTests.csproj", "{8D8BBA9D-A360-445E-8F76-81288D970961}"
EndProject
Project("{9A19103F-16F7-4668-BE54-9A1E7A4F7556}") = "ParserCoreTests", "Src\ParserCoreTests\ParserCoreTests.csproj", "{4CAE1D7E-AD38-4D68-8383-D3AD07F245DA}"
EndProject
Project("{9A19103F-16F7-4668-BE54-9A1E7A4F7556}") = "FwCoreDlgsTests", "Src\FwCoreDlgsTests\FwCoreDlgsTests.csproj", "{5AF62195-86FD-404C-ABB6-498D3E4AC5C8}"
EndProject
Project("{9A19103F-16F7-4668-BE54-9A1E7A4F7556}") = "FieldWorksTests", "Src\FieldWorksTests\FieldWorksTests.csproj", "{42198B6F-9BAA-4DF9-8A39-4FF12696481A}"
EndProject
Project("{9A19103F-16F7-4668-BE54-9A1E7A4F7556}") = "Paratext8PluginTests", "Src\ParaText8PluginTests\Paratext8PluginTests.csproj", "{66D824E1-7982-4128-8C9F-338967AEE8F9}"
EndProject
Project("{9A19103F-16F7-4668-BE54-9A1E7A4F7556}") = "FieldWorks", "Src\FieldWorks\FieldWorks.csproj", "{7CE209AF-EB05-4584-9444-966C0978757F}"
EndProject
Project("{9A19103F-16F7-4668-BE54-9A1E7A4F7556}") = "ViewsInterfacesTests", "Src\ViewsInterfacesTests\ViewsInterfacesTests.csproj", "{49C2818E-DE10-4E42-B552-8913E9845C80}"
EndProject
Project("{9A19103F-16F7-4668-BE54-9A1E7A4F7556}") = "ScrChecksTests", "Src\ScrChecksTests\ScrChecksTests.csproj", "{A34DB665-A5A7-471B-90E2-B59758240BB2}"
EndProject
Project("{9A19103F-16F7-4668-BE54-9A1E7A4F7556}") = "RootSite.TestUtilities", "Src\RootSite.TestUtilities\RootSite.TestUtilities.csproj", "{7ED59763-7550-40B8-A811-E9B2E0C0F0FA}"
EndProject
Project("{9A19103F-16F7-4668-BE54-9A1E7A4F7556}") = "FwResources", "Src\FwResources\FwResources.csproj", "{19A30D2C-732E-4D64-96AE-BA57C0810F14}"
EndProject
Project("{9A19103F-16F7-4668-BE54-9A1E7A4F7556}") = "FwParatextLexiconPlugin", "Src\FwParatextLexiconPlugin\FwParatextLexiconPlugin.csproj", "{41FE243C-4D03-45E3-B556-CF361272B3BA}"
EndProject
Project("{9A19103F-16F7-4668-BE54-9A1E7A4F7556}") = "ScriptureUtils", "Src\ScriptureUtils\ScriptureUtils.csproj", "{C98A0201-B55C-4B8C-9408-5F5FC2FD22B6}"
EndProject
Project("{9A19103F-16F7-4668-BE54-9A1E7A4F7556}") = "RootSite", "Src\RootSite\RootSite.csproj", "{88C1486E-E4A8-4780-BFE1-394725CCBEFE}"
EndProject
Project("{9A19103F-16F7-4668-BE54-9A1E7A4F7556}") = "ViewsInterfaces", "Src\ViewsInterfaces\ViewsInterfaces.csproj", "{AFD8FD49-A08C-478E-BC8D-9BCED0588B2D}"
EndProject
Project("{9A19103F-16F7-4668-BE54-9A1E7A4F7556}") = "FieldWorks.TestUtilities", "Src\FieldWorks.TestUtilities\FieldWorks.TestUtilities.csproj", "{CDAFAFE3-B405-40C4-AA8F-961606A5B32A}"
EndProject
Project("{9A19103F-16F7-4668-BE54-9A1E7A4F7556}") = "InstallValidatorTests", "Src\InstallValidatorTests\InstallValidatorTests.csproj", "{6F0B6512-FC59-401F-B1A1-37B8D95DCDEA}"
EndProject
Project("{9A19103F-16F7-4668-BE54-9A1E7A4F7556}") = "FixFwData", "Src\FixFwData\FixFwData.csproj", "{FF82CEC0-353A-4E79-AB7E-6AFEF1F15EC2}"
EndProject
Project("{9A19103F-16F7-4668-BE54-9A1E7A4F7556}") = "ManagedVwWindow", "Src\ManagedVwWindow\ManagedVwWindow.csproj", "{51FC0FD4-E1FD-494F-A954-D20A5E9EEFE6}"
EndProject
Project("{9A19103F-16F7-4668-BE54-9A1E7A4F7556}") = "FwCoreDlgs", "Src\FwCoreDlgs\FwCoreDlgs.csproj", "{17090FC0-6BDA-409A-A99A-5AE7F35647ED}"
EndProject
Project("{9A19103F-16F7-4668-BE54-9A1E7A4F7556}") = "ScrChecks", "Src\ScrChecks\ScrChecks.csproj", "{E8B611A7-09D6-4DD5-B60B-8EB755051774}"
EndProject
Project("{9A19103F-16F7-4668-BE54-9A1E7A4F7556}") = "InstallValidator", "Src\InstallValidator\InstallValidator.csproj", "{EC1AD702-85A0-4431-823E-E3D3CB864E78}"
EndProject
Project("{9A19103F-16F7-4668-BE54-9A1E7A4F7556}") = "FwUtils", "Src\FwUtils\FwUtils.csproj", "{89EC1097-4786-4611-B6CB-2B8BC01CDDED}"
EndProject
Project("{9A19103F-16F7-4668-BE54-9A1E7A4F7556}") = "LCMBrowser", "Src\LCMBrowser\LCMBrowser.csproj", "{C194A88D-5F50-4B2A-988D-E3690FA7384D}"
EndProject
Project("{9A19103F-16F7-4668-BE54-9A1E7A4F7556}") = "GenerateHCConfig", "Src\GenerateHCConfig\GenerateHCConfig.csproj", "{536ED718-EA3A-4ABA-A120-392442A0A4BC}"
EndProject
Project("{9A19103F-16F7-4668-BE54-9A1E7A4F7556}") = "LanguageExplorerTests", "Src\LanguageExplorerTests\LanguageExplorerTests.csproj", "{155F0176-6B4C-421E-8A24-AF4714B9606F}"
EndProject
Project("{9A19103F-16F7-4668-BE54-9A1E7A4F7556}") = "ScriptureUtilsTests", "Src\ScriptureUtilsTests\ScriptureUtilsTests.csproj", "{C79E699C-2766-4D5B-9661-3BCE7C9679A6}"
EndProject
Project("{9A19103F-16F7-4668-BE54-9A1E7A4F7556}") = "LanguageExplorer.TestUtilities", "Src\LanguageExplorer.TestUtilities\LanguageExplorer.TestUtilities.csproj", "{59B0A394-A373-4004-983A-CBD0437BF645}"
EndProject
Project("{9A19103F-16F7-4668-BE54-9A1E7A4F7556}") = "MigrateSqlDbs", "Src\MigrateSqlDbs\MigrateSqlDbs.csproj", "{404A896A-29F1-4FE9-9335-99EA6A201ED1}"
EndProject
Project("{9A19103F-16F7-4668-BE54-9A1E7A4F7556}") = "ProjectUnpacker", "Src\ProjectUnpacker\ProjectUnpacker.csproj", "{170FD75E-132C-4AF6-B917-696D63FCD0E4}"
EndProject
Project("{9A19103F-16F7-4668-BE54-9A1E7A4F7556}") = "FieldWorks.TestUtilities.Tests", "Src\FieldWorks.TestUtilities.Tests\FieldWorks.TestUtilities.Tests.csproj", "{BB4CD28E-BEE9-4A4C-BAF8-087A6F44ABA7}"
EndProject
Project("{9A19103F-16F7-4668-BE54-9A1E7A4F7556}") = "RootSiteTests", "Src\RootSiteTests\RootSiteTests.csproj", "{5263F2AC-1F97-4B01-93F2-0E2B4F8BD271}"
EndProject
Project("{9A19103F-16F7-4668-BE54-9A1E7A4F7556}") = "FwParatextLexiconPluginTests", "Src\FwParatextLexiconPluginTests\FwParatextLexiconPluginTests.csproj", "{04DB1DD6-082B-4453-8B83-0B40C019F149}"
EndProject
Project("{9A19103F-16F7-4668-BE54-9A1E7A4F7556}") = "UnicodeCharEditor", "Src\UnicodeCharEditor\UnicodeCharEditor.csproj", "{17C19AA6-8BB2-4332-8642-5981C74E0EF0}"
EndProject
Project("{9A19103F-16F7-4668-BE54-9A1E7A4F7556}") = "Paratext8Plugin", "Src\Paratext8Plugin\Paratext8Plugin.csproj", "{B661C6AE-999D-4BA8-80C1-EA853F6D6A30}"
EndProject
Project("{9A19103F-16F7-4668-BE54-9A1E7A4F7556}") = "UnicodeCharEditorTests", "Src\UnicodeCharEditorTests\UnicodeCharEditorTests.csproj", "{0B4C4B30-F4C7-4293-8753-882C0348F518}"
EndProject
Project("{9A19103F-16F7-4668-BE54-9A1E7A4F7556}") = "ParserCore", "Src\ParserCore\ParserCore.csproj", "{116BE16A-B3A0-408C-A5CD-25BCBBDBE327}"
EndProject
Project("{2150E333-8FDC-42A3-9474-1A3956D46DE8}") = "Lib", "Lib", "{D7F1FBB3-CEAE-43EA-8FA4-7BDA189FB213}"
EndProject
Project("{2150E333-8FDC-42A3-9474-1A3956D46DE8}") = "src", "src", "{BBCCF68C-21DF-4391-923B-FDBD6115C0A9}"
EndProject
Project("{2150E333-8FDC-42A3-9474-1A3956D46DE8}") = "Converter", "Converter", "{DDB66B47-956A-4107-A6D2-577C1D5DF77F}"
EndProject
Project("{9A19103F-16F7-4668-BE54-9A1E7A4F7556}") = "ConvertLib", "Lib\src\Converter\Convertlib\ConvertLib.csproj", "{90F709F7-4B56-433A-AEE0-5AE348BD2061}"
EndProject
Project("{9A19103F-16F7-4668-BE54-9A1E7A4F7556}") = "ConverterConsole", "Lib\src\Converter\ConvertConsole\ConverterConsole.csproj", "{22F8A3A5-18DE-491E-9F7A-F4C4351043F4}"
EndProject
Project("{9A19103F-16F7-4668-BE54-9A1E7A4F7556}") = "Converter", "Lib\src\Converter\Converter\Converter.csproj", "{5F5F96B5-2323-4B54-BAA9-BB40B8584C7E}"
EndProject
Project("{9A19103F-16F7-4668-BE54-9A1E7A4F7556}") = "FormLanguageSwitch", "Lib\src\FormLanguageSwitch\FormLanguageSwitch.csproj", "{787B600C-9A56-41C7-A3C8-9553630FE3C1}"
EndProject
Project("{2150E333-8FDC-42A3-9474-1A3956D46DE8}") = "TestingApps", "TestingApps", "{AE64C9EC-F6CC-4269-8B2C-A7CEF61A5E9C}"
EndProject
Project("{9A19103F-16F7-4668-BE54-9A1E7A4F7556}") = "VwGraphicsReplayer", "TestingApps\VwGraphicsReplayer\VwGraphicsReplayer.csproj", "{741611E4-5539-472D-BF55-09137CB132A8}"
EndProject
Project("{9A19103F-16F7-4668-BE54-9A1E7A4F7556}") = "ConvertSFM", "TestingApps\ConvertSFM\ConvertSFM.csproj", "{1EA12BD0-7BCD-463A-98EE-E8C4F8624D6A}"
EndProject
Project("{8BC9CEB8-8B4A-11D0-8D11-00A0C91BC942}") = "DebugProcs", "Src\DebugProcs\DebugProcs.vcxproj", "{E76E8661-15FF-4E9D-AA76-66C4669E5164}"
EndProject
Project("{8BC9CEB8-8B4A-11D0-8D11-00A0C91BC942}") = "TestGeneric", "Src\Generic\Test\TestGeneric.vcxproj", "{C644C392-FB14-4DF1-9989-897E182D3849}"
EndProject
Project("{8BC9CEB8-8B4A-11D0-8D11-00A0C91BC942}") = "Generic", "Src\Generic\Generic.vcxproj", "{7F6B25EE-CD22-4E4C-898D-A0F846E6E9D4}"
EndProject
Project("{8BC9CEB8-8B4A-11D0-8D11-00A0C91BC942}") = "FwKernel", "Src\Kernel\Kernel.vcxproj", "{6396B488-4D34-48B2-8639-EEB90707405B}"
EndProject
Project("{8BC9CEB8-8B4A-11D0-8D11-00A0C91BC942}") = "TestViews", "Src\views\Test\TestViews.vcxproj", "{1D4CC42D-BC16-4EC3-A89B-173798828F56}"
EndProject
Project("{8BC9CEB8-8B4A-11D0-8D11-00A0C91BC942}") = "views", "Src\views\views.vcxproj", "{C86CA2EB-81B5-4411-B5B7-E983314E02DA}"
EndProject
Project("{8BC9CEB8-8B4A-11D0-8D11-00A0C91BC942}") = "unit++", "Lib\src\unit++\VS\unit++.vcxproj", "{BBF85EC9-B280-43C8-B2BB-DD6B50FC50ED}"
EndProject
Project("{2150E333-8FDC-42A3-9474-1A3956D46DE8}") = "SolutionFolder", "SolutionFolder", "{DA3929E4-B461-4118-9405-A727474AE294}"
	ProjectSection(SolutionItems) = preProject
		acknowledgments.md = acknowledgments.md
		agent-build-fw.sh = agent-build-fw.sh
		CHANGELOG.md = CHANGELOG.md
		Directory.Build.props = Directory.Build.props
		environ = environ
		environ-other = environ-other
		environ-xulrunner = environ-xulrunner
		GitVersion.yml = GitVersion.yml
		License.htm = License.htm
		ReadMe.md = ReadMe.md
		Makefile = Makefile
	EndProjectSection
EndProject
Global
	GlobalSection(SolutionConfigurationPlatforms) = preSolution
		Bounds|Any CPU = Bounds|Any CPU
		Bounds|x64 = Bounds|x64
		Bounds|x86 = Bounds|x86
		Debug|Any CPU = Debug|Any CPU
		Debug|x64 = Debug|x64
		Debug|x86 = Debug|x86
		Release|Any CPU = Release|Any CPU
		Release|x64 = Release|x64
		Release|x86 = Release|x86
	EndGlobalSection
	GlobalSection(ProjectConfigurationPlatforms) = postSolution
		{BB4A16A2-8CA0-4BA0-9C58-AE24B4554651}.Bounds|Any CPU.ActiveCfg = Release|Any CPU
		{BB4A16A2-8CA0-4BA0-9C58-AE24B4554651}.Bounds|Any CPU.Build.0 = Release|Any CPU
		{BB4A16A2-8CA0-4BA0-9C58-AE24B4554651}.Bounds|x64.ActiveCfg = Release|Any CPU
		{BB4A16A2-8CA0-4BA0-9C58-AE24B4554651}.Bounds|x64.Build.0 = Release|Any CPU
		{BB4A16A2-8CA0-4BA0-9C58-AE24B4554651}.Bounds|x86.ActiveCfg = Release|Any CPU
		{BB4A16A2-8CA0-4BA0-9C58-AE24B4554651}.Bounds|x86.Build.0 = Release|Any CPU
		{BB4A16A2-8CA0-4BA0-9C58-AE24B4554651}.Debug|Any CPU.ActiveCfg = Debug|Any CPU
		{BB4A16A2-8CA0-4BA0-9C58-AE24B4554651}.Debug|Any CPU.Build.0 = Debug|Any CPU
		{BB4A16A2-8CA0-4BA0-9C58-AE24B4554651}.Debug|x64.ActiveCfg = Debug|Any CPU
		{BB4A16A2-8CA0-4BA0-9C58-AE24B4554651}.Debug|x64.Build.0 = Debug|Any CPU
		{BB4A16A2-8CA0-4BA0-9C58-AE24B4554651}.Debug|x86.ActiveCfg = Debug|Any CPU
		{BB4A16A2-8CA0-4BA0-9C58-AE24B4554651}.Debug|x86.Build.0 = Debug|Any CPU
		{BB4A16A2-8CA0-4BA0-9C58-AE24B4554651}.Release|Any CPU.ActiveCfg = Debug|Any CPU
		{BB4A16A2-8CA0-4BA0-9C58-AE24B4554651}.Release|Any CPU.Build.0 = Debug|Any CPU
		{BB4A16A2-8CA0-4BA0-9C58-AE24B4554651}.Release|x64.ActiveCfg = Release|Any CPU
		{BB4A16A2-8CA0-4BA0-9C58-AE24B4554651}.Release|x64.Build.0 = Release|Any CPU
		{BB4A16A2-8CA0-4BA0-9C58-AE24B4554651}.Release|x86.ActiveCfg = Release|Any CPU
		{BB4A16A2-8CA0-4BA0-9C58-AE24B4554651}.Release|x86.Build.0 = Release|Any CPU
		{2126F423-4858-42DA-9697-AB6C60B85810}.Bounds|Any CPU.ActiveCfg = Release|Any CPU
		{2126F423-4858-42DA-9697-AB6C60B85810}.Bounds|Any CPU.Build.0 = Release|Any CPU
		{2126F423-4858-42DA-9697-AB6C60B85810}.Bounds|x64.ActiveCfg = Release|Any CPU
		{2126F423-4858-42DA-9697-AB6C60B85810}.Bounds|x64.Build.0 = Release|Any CPU
		{2126F423-4858-42DA-9697-AB6C60B85810}.Bounds|x86.ActiveCfg = Release|Any CPU
		{2126F423-4858-42DA-9697-AB6C60B85810}.Bounds|x86.Build.0 = Release|Any CPU
		{2126F423-4858-42DA-9697-AB6C60B85810}.Debug|Any CPU.ActiveCfg = Debug|Any CPU
		{2126F423-4858-42DA-9697-AB6C60B85810}.Debug|Any CPU.Build.0 = Debug|Any CPU
		{2126F423-4858-42DA-9697-AB6C60B85810}.Debug|x64.ActiveCfg = Debug|Any CPU
		{2126F423-4858-42DA-9697-AB6C60B85810}.Debug|x64.Build.0 = Debug|Any CPU
		{2126F423-4858-42DA-9697-AB6C60B85810}.Debug|x86.ActiveCfg = Debug|Any CPU
		{2126F423-4858-42DA-9697-AB6C60B85810}.Debug|x86.Build.0 = Debug|Any CPU
		{2126F423-4858-42DA-9697-AB6C60B85810}.Release|Any CPU.ActiveCfg = Debug|Any CPU
		{2126F423-4858-42DA-9697-AB6C60B85810}.Release|Any CPU.Build.0 = Debug|Any CPU
		{2126F423-4858-42DA-9697-AB6C60B85810}.Release|x64.ActiveCfg = Release|Any CPU
		{2126F423-4858-42DA-9697-AB6C60B85810}.Release|x64.Build.0 = Release|Any CPU
		{2126F423-4858-42DA-9697-AB6C60B85810}.Release|x86.ActiveCfg = Release|Any CPU
		{2126F423-4858-42DA-9697-AB6C60B85810}.Release|x86.Build.0 = Release|Any CPU
		{5D9F2EAB-48AB-4924-BDD0-CFB839948E65}.Bounds|Any CPU.ActiveCfg = Release|Any CPU
		{5D9F2EAB-48AB-4924-BDD0-CFB839948E65}.Bounds|Any CPU.Build.0 = Release|Any CPU
		{5D9F2EAB-48AB-4924-BDD0-CFB839948E65}.Bounds|x64.ActiveCfg = Release|Any CPU
		{5D9F2EAB-48AB-4924-BDD0-CFB839948E65}.Bounds|x64.Build.0 = Release|Any CPU
		{5D9F2EAB-48AB-4924-BDD0-CFB839948E65}.Bounds|x86.ActiveCfg = Release|Any CPU
		{5D9F2EAB-48AB-4924-BDD0-CFB839948E65}.Bounds|x86.Build.0 = Release|Any CPU
		{5D9F2EAB-48AB-4924-BDD0-CFB839948E65}.Debug|Any CPU.ActiveCfg = Debug|Any CPU
		{5D9F2EAB-48AB-4924-BDD0-CFB839948E65}.Debug|Any CPU.Build.0 = Debug|Any CPU
		{5D9F2EAB-48AB-4924-BDD0-CFB839948E65}.Debug|x64.ActiveCfg = Debug|Any CPU
		{5D9F2EAB-48AB-4924-BDD0-CFB839948E65}.Debug|x64.Build.0 = Debug|Any CPU
		{5D9F2EAB-48AB-4924-BDD0-CFB839948E65}.Debug|x86.ActiveCfg = Debug|Any CPU
		{5D9F2EAB-48AB-4924-BDD0-CFB839948E65}.Debug|x86.Build.0 = Debug|Any CPU
		{5D9F2EAB-48AB-4924-BDD0-CFB839948E65}.Release|Any CPU.ActiveCfg = Debug|Any CPU
		{5D9F2EAB-48AB-4924-BDD0-CFB839948E65}.Release|Any CPU.Build.0 = Debug|Any CPU
		{5D9F2EAB-48AB-4924-BDD0-CFB839948E65}.Release|x64.ActiveCfg = Release|Any CPU
		{5D9F2EAB-48AB-4924-BDD0-CFB839948E65}.Release|x64.Build.0 = Release|Any CPU
		{5D9F2EAB-48AB-4924-BDD0-CFB839948E65}.Release|x86.ActiveCfg = Release|Any CPU
		{5D9F2EAB-48AB-4924-BDD0-CFB839948E65}.Release|x86.Build.0 = Release|Any CPU
		{97128036-3A1E-4A83-99A0-8F590F30FE48}.Bounds|Any CPU.ActiveCfg = Release|Any CPU
		{97128036-3A1E-4A83-99A0-8F590F30FE48}.Bounds|Any CPU.Build.0 = Release|Any CPU
		{97128036-3A1E-4A83-99A0-8F590F30FE48}.Bounds|x64.ActiveCfg = Release|Any CPU
		{97128036-3A1E-4A83-99A0-8F590F30FE48}.Bounds|x64.Build.0 = Release|Any CPU
		{97128036-3A1E-4A83-99A0-8F590F30FE48}.Bounds|x86.ActiveCfg = Release|Any CPU
		{97128036-3A1E-4A83-99A0-8F590F30FE48}.Bounds|x86.Build.0 = Release|Any CPU
		{97128036-3A1E-4A83-99A0-8F590F30FE48}.Debug|Any CPU.ActiveCfg = Debug|Any CPU
		{97128036-3A1E-4A83-99A0-8F590F30FE48}.Debug|Any CPU.Build.0 = Debug|Any CPU
		{97128036-3A1E-4A83-99A0-8F590F30FE48}.Debug|x64.ActiveCfg = Debug|Any CPU
		{97128036-3A1E-4A83-99A0-8F590F30FE48}.Debug|x64.Build.0 = Debug|Any CPU
		{97128036-3A1E-4A83-99A0-8F590F30FE48}.Debug|x86.ActiveCfg = Debug|Any CPU
		{97128036-3A1E-4A83-99A0-8F590F30FE48}.Debug|x86.Build.0 = Debug|Any CPU
		{97128036-3A1E-4A83-99A0-8F590F30FE48}.Release|Any CPU.ActiveCfg = Debug|Any CPU
		{97128036-3A1E-4A83-99A0-8F590F30FE48}.Release|Any CPU.Build.0 = Debug|Any CPU
		{97128036-3A1E-4A83-99A0-8F590F30FE48}.Release|x64.ActiveCfg = Release|Any CPU
		{97128036-3A1E-4A83-99A0-8F590F30FE48}.Release|x64.Build.0 = Release|Any CPU
		{97128036-3A1E-4A83-99A0-8F590F30FE48}.Release|x86.ActiveCfg = Release|Any CPU
		{97128036-3A1E-4A83-99A0-8F590F30FE48}.Release|x86.Build.0 = Release|Any CPU
		{ACE0B5C2-39E8-4247-B5E8-18BBD15A52DA}.Bounds|Any CPU.ActiveCfg = Release|Any CPU
		{ACE0B5C2-39E8-4247-B5E8-18BBD15A52DA}.Bounds|Any CPU.Build.0 = Release|Any CPU
		{ACE0B5C2-39E8-4247-B5E8-18BBD15A52DA}.Bounds|x64.ActiveCfg = Release|Any CPU
		{ACE0B5C2-39E8-4247-B5E8-18BBD15A52DA}.Bounds|x64.Build.0 = Release|Any CPU
		{ACE0B5C2-39E8-4247-B5E8-18BBD15A52DA}.Bounds|x86.ActiveCfg = Release|Any CPU
		{ACE0B5C2-39E8-4247-B5E8-18BBD15A52DA}.Bounds|x86.Build.0 = Release|Any CPU
		{ACE0B5C2-39E8-4247-B5E8-18BBD15A52DA}.Debug|Any CPU.ActiveCfg = Debug|Any CPU
		{ACE0B5C2-39E8-4247-B5E8-18BBD15A52DA}.Debug|Any CPU.Build.0 = Debug|Any CPU
		{ACE0B5C2-39E8-4247-B5E8-18BBD15A52DA}.Debug|x64.ActiveCfg = Debug|Any CPU
		{ACE0B5C2-39E8-4247-B5E8-18BBD15A52DA}.Debug|x64.Build.0 = Debug|Any CPU
		{ACE0B5C2-39E8-4247-B5E8-18BBD15A52DA}.Debug|x86.ActiveCfg = Debug|Any CPU
		{ACE0B5C2-39E8-4247-B5E8-18BBD15A52DA}.Debug|x86.Build.0 = Debug|Any CPU
		{ACE0B5C2-39E8-4247-B5E8-18BBD15A52DA}.Release|Any CPU.ActiveCfg = Debug|Any CPU
		{ACE0B5C2-39E8-4247-B5E8-18BBD15A52DA}.Release|Any CPU.Build.0 = Debug|Any CPU
		{ACE0B5C2-39E8-4247-B5E8-18BBD15A52DA}.Release|x64.ActiveCfg = Release|Any CPU
		{ACE0B5C2-39E8-4247-B5E8-18BBD15A52DA}.Release|x64.Build.0 = Release|Any CPU
		{ACE0B5C2-39E8-4247-B5E8-18BBD15A52DA}.Release|x86.ActiveCfg = Release|Any CPU
		{ACE0B5C2-39E8-4247-B5E8-18BBD15A52DA}.Release|x86.Build.0 = Release|Any CPU
		{8D8BBA9D-A360-445E-8F76-81288D970961}.Bounds|Any CPU.ActiveCfg = Release|Any CPU
		{8D8BBA9D-A360-445E-8F76-81288D970961}.Bounds|Any CPU.Build.0 = Release|Any CPU
		{8D8BBA9D-A360-445E-8F76-81288D970961}.Bounds|x64.ActiveCfg = Release|Any CPU
		{8D8BBA9D-A360-445E-8F76-81288D970961}.Bounds|x64.Build.0 = Release|Any CPU
		{8D8BBA9D-A360-445E-8F76-81288D970961}.Bounds|x86.ActiveCfg = Release|Any CPU
		{8D8BBA9D-A360-445E-8F76-81288D970961}.Bounds|x86.Build.0 = Release|Any CPU
		{8D8BBA9D-A360-445E-8F76-81288D970961}.Debug|Any CPU.ActiveCfg = Debug|Any CPU
		{8D8BBA9D-A360-445E-8F76-81288D970961}.Debug|Any CPU.Build.0 = Debug|Any CPU
		{8D8BBA9D-A360-445E-8F76-81288D970961}.Debug|x64.ActiveCfg = Debug|Any CPU
		{8D8BBA9D-A360-445E-8F76-81288D970961}.Debug|x64.Build.0 = Debug|Any CPU
		{8D8BBA9D-A360-445E-8F76-81288D970961}.Debug|x86.ActiveCfg = Debug|Any CPU
		{8D8BBA9D-A360-445E-8F76-81288D970961}.Debug|x86.Build.0 = Debug|Any CPU
		{8D8BBA9D-A360-445E-8F76-81288D970961}.Release|Any CPU.ActiveCfg = Debug|Any CPU
		{8D8BBA9D-A360-445E-8F76-81288D970961}.Release|Any CPU.Build.0 = Debug|Any CPU
		{8D8BBA9D-A360-445E-8F76-81288D970961}.Release|x64.ActiveCfg = Release|Any CPU
		{8D8BBA9D-A360-445E-8F76-81288D970961}.Release|x64.Build.0 = Release|Any CPU
		{8D8BBA9D-A360-445E-8F76-81288D970961}.Release|x86.ActiveCfg = Release|Any CPU
		{8D8BBA9D-A360-445E-8F76-81288D970961}.Release|x86.Build.0 = Release|Any CPU
		{4CAE1D7E-AD38-4D68-8383-D3AD07F245DA}.Bounds|Any CPU.ActiveCfg = Release|Any CPU
		{4CAE1D7E-AD38-4D68-8383-D3AD07F245DA}.Bounds|Any CPU.Build.0 = Release|Any CPU
		{4CAE1D7E-AD38-4D68-8383-D3AD07F245DA}.Bounds|x64.ActiveCfg = Release|Any CPU
		{4CAE1D7E-AD38-4D68-8383-D3AD07F245DA}.Bounds|x64.Build.0 = Release|Any CPU
		{4CAE1D7E-AD38-4D68-8383-D3AD07F245DA}.Bounds|x86.ActiveCfg = Release|Any CPU
		{4CAE1D7E-AD38-4D68-8383-D3AD07F245DA}.Bounds|x86.Build.0 = Release|Any CPU
		{4CAE1D7E-AD38-4D68-8383-D3AD07F245DA}.Debug|Any CPU.ActiveCfg = Debug|Any CPU
		{4CAE1D7E-AD38-4D68-8383-D3AD07F245DA}.Debug|Any CPU.Build.0 = Debug|Any CPU
		{4CAE1D7E-AD38-4D68-8383-D3AD07F245DA}.Debug|x64.ActiveCfg = Debug|Any CPU
		{4CAE1D7E-AD38-4D68-8383-D3AD07F245DA}.Debug|x64.Build.0 = Debug|Any CPU
		{4CAE1D7E-AD38-4D68-8383-D3AD07F245DA}.Debug|x86.ActiveCfg = Debug|Any CPU
		{4CAE1D7E-AD38-4D68-8383-D3AD07F245DA}.Debug|x86.Build.0 = Debug|Any CPU
		{4CAE1D7E-AD38-4D68-8383-D3AD07F245DA}.Release|Any CPU.ActiveCfg = Debug|Any CPU
		{4CAE1D7E-AD38-4D68-8383-D3AD07F245DA}.Release|Any CPU.Build.0 = Debug|Any CPU
		{4CAE1D7E-AD38-4D68-8383-D3AD07F245DA}.Release|x64.ActiveCfg = Release|Any CPU
		{4CAE1D7E-AD38-4D68-8383-D3AD07F245DA}.Release|x64.Build.0 = Release|Any CPU
		{4CAE1D7E-AD38-4D68-8383-D3AD07F245DA}.Release|x86.ActiveCfg = Release|Any CPU
		{4CAE1D7E-AD38-4D68-8383-D3AD07F245DA}.Release|x86.Build.0 = Release|Any CPU
		{5AF62195-86FD-404C-ABB6-498D3E4AC5C8}.Bounds|Any CPU.ActiveCfg = Release|Any CPU
		{5AF62195-86FD-404C-ABB6-498D3E4AC5C8}.Bounds|Any CPU.Build.0 = Release|Any CPU
		{5AF62195-86FD-404C-ABB6-498D3E4AC5C8}.Bounds|x64.ActiveCfg = Release|Any CPU
		{5AF62195-86FD-404C-ABB6-498D3E4AC5C8}.Bounds|x64.Build.0 = Release|Any CPU
		{5AF62195-86FD-404C-ABB6-498D3E4AC5C8}.Bounds|x86.ActiveCfg = Release|Any CPU
		{5AF62195-86FD-404C-ABB6-498D3E4AC5C8}.Bounds|x86.Build.0 = Release|Any CPU
		{5AF62195-86FD-404C-ABB6-498D3E4AC5C8}.Debug|Any CPU.ActiveCfg = Debug|Any CPU
		{5AF62195-86FD-404C-ABB6-498D3E4AC5C8}.Debug|Any CPU.Build.0 = Debug|Any CPU
		{5AF62195-86FD-404C-ABB6-498D3E4AC5C8}.Debug|x64.ActiveCfg = Debug|Any CPU
		{5AF62195-86FD-404C-ABB6-498D3E4AC5C8}.Debug|x64.Build.0 = Debug|Any CPU
		{5AF62195-86FD-404C-ABB6-498D3E4AC5C8}.Debug|x86.ActiveCfg = Debug|Any CPU
		{5AF62195-86FD-404C-ABB6-498D3E4AC5C8}.Debug|x86.Build.0 = Debug|Any CPU
		{5AF62195-86FD-404C-ABB6-498D3E4AC5C8}.Release|Any CPU.ActiveCfg = Debug|Any CPU
		{5AF62195-86FD-404C-ABB6-498D3E4AC5C8}.Release|Any CPU.Build.0 = Debug|Any CPU
		{5AF62195-86FD-404C-ABB6-498D3E4AC5C8}.Release|x64.ActiveCfg = Release|Any CPU
		{5AF62195-86FD-404C-ABB6-498D3E4AC5C8}.Release|x64.Build.0 = Release|Any CPU
		{5AF62195-86FD-404C-ABB6-498D3E4AC5C8}.Release|x86.ActiveCfg = Release|Any CPU
		{5AF62195-86FD-404C-ABB6-498D3E4AC5C8}.Release|x86.Build.0 = Release|Any CPU
		{42198B6F-9BAA-4DF9-8A39-4FF12696481A}.Bounds|Any CPU.ActiveCfg = Release|Any CPU
		{42198B6F-9BAA-4DF9-8A39-4FF12696481A}.Bounds|Any CPU.Build.0 = Release|Any CPU
		{42198B6F-9BAA-4DF9-8A39-4FF12696481A}.Bounds|x64.ActiveCfg = Release|Any CPU
		{42198B6F-9BAA-4DF9-8A39-4FF12696481A}.Bounds|x64.Build.0 = Release|Any CPU
		{42198B6F-9BAA-4DF9-8A39-4FF12696481A}.Bounds|x86.ActiveCfg = Release|Any CPU
		{42198B6F-9BAA-4DF9-8A39-4FF12696481A}.Bounds|x86.Build.0 = Release|Any CPU
		{42198B6F-9BAA-4DF9-8A39-4FF12696481A}.Debug|Any CPU.ActiveCfg = Debug|Any CPU
		{42198B6F-9BAA-4DF9-8A39-4FF12696481A}.Debug|Any CPU.Build.0 = Debug|Any CPU
		{42198B6F-9BAA-4DF9-8A39-4FF12696481A}.Debug|x64.ActiveCfg = Debug|Any CPU
		{42198B6F-9BAA-4DF9-8A39-4FF12696481A}.Debug|x64.Build.0 = Debug|Any CPU
		{42198B6F-9BAA-4DF9-8A39-4FF12696481A}.Debug|x86.ActiveCfg = Debug|Any CPU
		{42198B6F-9BAA-4DF9-8A39-4FF12696481A}.Debug|x86.Build.0 = Debug|Any CPU
		{42198B6F-9BAA-4DF9-8A39-4FF12696481A}.Release|Any CPU.ActiveCfg = Debug|Any CPU
		{42198B6F-9BAA-4DF9-8A39-4FF12696481A}.Release|Any CPU.Build.0 = Debug|Any CPU
		{42198B6F-9BAA-4DF9-8A39-4FF12696481A}.Release|x64.ActiveCfg = Release|Any CPU
		{42198B6F-9BAA-4DF9-8A39-4FF12696481A}.Release|x64.Build.0 = Release|Any CPU
		{42198B6F-9BAA-4DF9-8A39-4FF12696481A}.Release|x86.ActiveCfg = Release|Any CPU
		{42198B6F-9BAA-4DF9-8A39-4FF12696481A}.Release|x86.Build.0 = Release|Any CPU
		{66D824E1-7982-4128-8C9F-338967AEE8F9}.Bounds|Any CPU.ActiveCfg = Release|Any CPU
		{66D824E1-7982-4128-8C9F-338967AEE8F9}.Bounds|Any CPU.Build.0 = Release|Any CPU
		{66D824E1-7982-4128-8C9F-338967AEE8F9}.Bounds|x64.ActiveCfg = Release|Any CPU
		{66D824E1-7982-4128-8C9F-338967AEE8F9}.Bounds|x64.Build.0 = Release|Any CPU
		{66D824E1-7982-4128-8C9F-338967AEE8F9}.Bounds|x86.ActiveCfg = Release|Any CPU
		{66D824E1-7982-4128-8C9F-338967AEE8F9}.Bounds|x86.Build.0 = Release|Any CPU
		{66D824E1-7982-4128-8C9F-338967AEE8F9}.Debug|Any CPU.ActiveCfg = Debug|Any CPU
		{66D824E1-7982-4128-8C9F-338967AEE8F9}.Debug|Any CPU.Build.0 = Debug|Any CPU
		{66D824E1-7982-4128-8C9F-338967AEE8F9}.Debug|x64.ActiveCfg = Debug|Any CPU
		{66D824E1-7982-4128-8C9F-338967AEE8F9}.Debug|x64.Build.0 = Debug|Any CPU
		{66D824E1-7982-4128-8C9F-338967AEE8F9}.Debug|x86.ActiveCfg = Debug|Any CPU
		{66D824E1-7982-4128-8C9F-338967AEE8F9}.Debug|x86.Build.0 = Debug|Any CPU
		{66D824E1-7982-4128-8C9F-338967AEE8F9}.Release|Any CPU.ActiveCfg = Debug|Any CPU
		{66D824E1-7982-4128-8C9F-338967AEE8F9}.Release|Any CPU.Build.0 = Debug|Any CPU
		{66D824E1-7982-4128-8C9F-338967AEE8F9}.Release|x64.ActiveCfg = Release|Any CPU
		{66D824E1-7982-4128-8C9F-338967AEE8F9}.Release|x64.Build.0 = Release|Any CPU
		{66D824E1-7982-4128-8C9F-338967AEE8F9}.Release|x86.ActiveCfg = Release|Any CPU
		{66D824E1-7982-4128-8C9F-338967AEE8F9}.Release|x86.Build.0 = Release|Any CPU
		{7CE209AF-EB05-4584-9444-966C0978757F}.Bounds|Any CPU.ActiveCfg = Release|Any CPU
		{7CE209AF-EB05-4584-9444-966C0978757F}.Bounds|Any CPU.Build.0 = Release|Any CPU
		{7CE209AF-EB05-4584-9444-966C0978757F}.Bounds|x64.ActiveCfg = Release|Any CPU
		{7CE209AF-EB05-4584-9444-966C0978757F}.Bounds|x64.Build.0 = Release|Any CPU
		{7CE209AF-EB05-4584-9444-966C0978757F}.Bounds|x86.ActiveCfg = Release|Any CPU
		{7CE209AF-EB05-4584-9444-966C0978757F}.Bounds|x86.Build.0 = Release|Any CPU
		{7CE209AF-EB05-4584-9444-966C0978757F}.Debug|Any CPU.ActiveCfg = Debug|Any CPU
		{7CE209AF-EB05-4584-9444-966C0978757F}.Debug|Any CPU.Build.0 = Debug|Any CPU
		{7CE209AF-EB05-4584-9444-966C0978757F}.Debug|x64.ActiveCfg = Debug|Any CPU
		{7CE209AF-EB05-4584-9444-966C0978757F}.Debug|x64.Build.0 = Debug|Any CPU
		{7CE209AF-EB05-4584-9444-966C0978757F}.Debug|x86.ActiveCfg = Debug|Any CPU
		{7CE209AF-EB05-4584-9444-966C0978757F}.Debug|x86.Build.0 = Debug|Any CPU
		{7CE209AF-EB05-4584-9444-966C0978757F}.Release|Any CPU.ActiveCfg = Debug|Any CPU
		{7CE209AF-EB05-4584-9444-966C0978757F}.Release|Any CPU.Build.0 = Debug|Any CPU
		{7CE209AF-EB05-4584-9444-966C0978757F}.Release|x64.ActiveCfg = Release|Any CPU
		{7CE209AF-EB05-4584-9444-966C0978757F}.Release|x64.Build.0 = Release|Any CPU
		{7CE209AF-EB05-4584-9444-966C0978757F}.Release|x86.ActiveCfg = Release|Any CPU
		{7CE209AF-EB05-4584-9444-966C0978757F}.Release|x86.Build.0 = Release|Any CPU
		{49C2818E-DE10-4E42-B552-8913E9845C80}.Bounds|Any CPU.ActiveCfg = Release|Any CPU
		{49C2818E-DE10-4E42-B552-8913E9845C80}.Bounds|Any CPU.Build.0 = Release|Any CPU
		{49C2818E-DE10-4E42-B552-8913E9845C80}.Bounds|x64.ActiveCfg = Release|Any CPU
		{49C2818E-DE10-4E42-B552-8913E9845C80}.Bounds|x64.Build.0 = Release|Any CPU
		{49C2818E-DE10-4E42-B552-8913E9845C80}.Bounds|x86.ActiveCfg = Release|Any CPU
		{49C2818E-DE10-4E42-B552-8913E9845C80}.Bounds|x86.Build.0 = Release|Any CPU
		{49C2818E-DE10-4E42-B552-8913E9845C80}.Debug|Any CPU.ActiveCfg = Debug|Any CPU
		{49C2818E-DE10-4E42-B552-8913E9845C80}.Debug|Any CPU.Build.0 = Debug|Any CPU
		{49C2818E-DE10-4E42-B552-8913E9845C80}.Debug|x64.ActiveCfg = Debug|Any CPU
		{49C2818E-DE10-4E42-B552-8913E9845C80}.Debug|x64.Build.0 = Debug|Any CPU
		{49C2818E-DE10-4E42-B552-8913E9845C80}.Debug|x86.ActiveCfg = Debug|Any CPU
		{49C2818E-DE10-4E42-B552-8913E9845C80}.Debug|x86.Build.0 = Debug|Any CPU
		{49C2818E-DE10-4E42-B552-8913E9845C80}.Release|Any CPU.ActiveCfg = Debug|Any CPU
		{49C2818E-DE10-4E42-B552-8913E9845C80}.Release|Any CPU.Build.0 = Debug|Any CPU
		{49C2818E-DE10-4E42-B552-8913E9845C80}.Release|x64.ActiveCfg = Release|Any CPU
		{49C2818E-DE10-4E42-B552-8913E9845C80}.Release|x64.Build.0 = Release|Any CPU
		{49C2818E-DE10-4E42-B552-8913E9845C80}.Release|x86.ActiveCfg = Release|Any CPU
		{49C2818E-DE10-4E42-B552-8913E9845C80}.Release|x86.Build.0 = Release|Any CPU
		{A34DB665-A5A7-471B-90E2-B59758240BB2}.Bounds|Any CPU.ActiveCfg = Release|Any CPU
		{A34DB665-A5A7-471B-90E2-B59758240BB2}.Bounds|Any CPU.Build.0 = Release|Any CPU
		{A34DB665-A5A7-471B-90E2-B59758240BB2}.Bounds|x64.ActiveCfg = Release|Any CPU
		{A34DB665-A5A7-471B-90E2-B59758240BB2}.Bounds|x64.Build.0 = Release|Any CPU
		{A34DB665-A5A7-471B-90E2-B59758240BB2}.Bounds|x86.ActiveCfg = Release|Any CPU
		{A34DB665-A5A7-471B-90E2-B59758240BB2}.Bounds|x86.Build.0 = Release|Any CPU
		{A34DB665-A5A7-471B-90E2-B59758240BB2}.Debug|Any CPU.ActiveCfg = Debug|Any CPU
		{A34DB665-A5A7-471B-90E2-B59758240BB2}.Debug|Any CPU.Build.0 = Debug|Any CPU
		{A34DB665-A5A7-471B-90E2-B59758240BB2}.Debug|x64.ActiveCfg = Debug|Any CPU
		{A34DB665-A5A7-471B-90E2-B59758240BB2}.Debug|x64.Build.0 = Debug|Any CPU
		{A34DB665-A5A7-471B-90E2-B59758240BB2}.Debug|x86.ActiveCfg = Debug|Any CPU
		{A34DB665-A5A7-471B-90E2-B59758240BB2}.Debug|x86.Build.0 = Debug|Any CPU
		{A34DB665-A5A7-471B-90E2-B59758240BB2}.Release|Any CPU.ActiveCfg = Debug|Any CPU
		{A34DB665-A5A7-471B-90E2-B59758240BB2}.Release|Any CPU.Build.0 = Debug|Any CPU
		{A34DB665-A5A7-471B-90E2-B59758240BB2}.Release|x64.ActiveCfg = Release|Any CPU
		{A34DB665-A5A7-471B-90E2-B59758240BB2}.Release|x64.Build.0 = Release|Any CPU
		{A34DB665-A5A7-471B-90E2-B59758240BB2}.Release|x86.ActiveCfg = Release|Any CPU
		{A34DB665-A5A7-471B-90E2-B59758240BB2}.Release|x86.Build.0 = Release|Any CPU
		{7ED59763-7550-40B8-A811-E9B2E0C0F0FA}.Bounds|Any CPU.ActiveCfg = Release|Any CPU
		{7ED59763-7550-40B8-A811-E9B2E0C0F0FA}.Bounds|Any CPU.Build.0 = Release|Any CPU
		{7ED59763-7550-40B8-A811-E9B2E0C0F0FA}.Bounds|x64.ActiveCfg = Release|Any CPU
		{7ED59763-7550-40B8-A811-E9B2E0C0F0FA}.Bounds|x64.Build.0 = Release|Any CPU
		{7ED59763-7550-40B8-A811-E9B2E0C0F0FA}.Bounds|x86.ActiveCfg = Release|Any CPU
		{7ED59763-7550-40B8-A811-E9B2E0C0F0FA}.Bounds|x86.Build.0 = Release|Any CPU
		{7ED59763-7550-40B8-A811-E9B2E0C0F0FA}.Debug|Any CPU.ActiveCfg = Debug|Any CPU
		{7ED59763-7550-40B8-A811-E9B2E0C0F0FA}.Debug|Any CPU.Build.0 = Debug|Any CPU
		{7ED59763-7550-40B8-A811-E9B2E0C0F0FA}.Debug|x64.ActiveCfg = Debug|Any CPU
		{7ED59763-7550-40B8-A811-E9B2E0C0F0FA}.Debug|x64.Build.0 = Debug|Any CPU
		{7ED59763-7550-40B8-A811-E9B2E0C0F0FA}.Debug|x86.ActiveCfg = Debug|Any CPU
		{7ED59763-7550-40B8-A811-E9B2E0C0F0FA}.Debug|x86.Build.0 = Debug|Any CPU
		{7ED59763-7550-40B8-A811-E9B2E0C0F0FA}.Release|Any CPU.ActiveCfg = Debug|Any CPU
		{7ED59763-7550-40B8-A811-E9B2E0C0F0FA}.Release|Any CPU.Build.0 = Debug|Any CPU
		{7ED59763-7550-40B8-A811-E9B2E0C0F0FA}.Release|x64.ActiveCfg = Release|Any CPU
		{7ED59763-7550-40B8-A811-E9B2E0C0F0FA}.Release|x64.Build.0 = Release|Any CPU
		{7ED59763-7550-40B8-A811-E9B2E0C0F0FA}.Release|x86.ActiveCfg = Release|Any CPU
		{7ED59763-7550-40B8-A811-E9B2E0C0F0FA}.Release|x86.Build.0 = Release|Any CPU
		{19A30D2C-732E-4D64-96AE-BA57C0810F14}.Bounds|Any CPU.ActiveCfg = Release|Any CPU
		{19A30D2C-732E-4D64-96AE-BA57C0810F14}.Bounds|Any CPU.Build.0 = Release|Any CPU
		{19A30D2C-732E-4D64-96AE-BA57C0810F14}.Bounds|x64.ActiveCfg = Release|Any CPU
		{19A30D2C-732E-4D64-96AE-BA57C0810F14}.Bounds|x64.Build.0 = Release|Any CPU
		{19A30D2C-732E-4D64-96AE-BA57C0810F14}.Bounds|x86.ActiveCfg = Release|Any CPU
		{19A30D2C-732E-4D64-96AE-BA57C0810F14}.Bounds|x86.Build.0 = Release|Any CPU
		{19A30D2C-732E-4D64-96AE-BA57C0810F14}.Debug|Any CPU.ActiveCfg = Debug|Any CPU
		{19A30D2C-732E-4D64-96AE-BA57C0810F14}.Debug|Any CPU.Build.0 = Debug|Any CPU
		{19A30D2C-732E-4D64-96AE-BA57C0810F14}.Debug|x64.ActiveCfg = Debug|Any CPU
		{19A30D2C-732E-4D64-96AE-BA57C0810F14}.Debug|x64.Build.0 = Debug|Any CPU
		{19A30D2C-732E-4D64-96AE-BA57C0810F14}.Debug|x86.ActiveCfg = Debug|Any CPU
		{19A30D2C-732E-4D64-96AE-BA57C0810F14}.Debug|x86.Build.0 = Debug|Any CPU
		{19A30D2C-732E-4D64-96AE-BA57C0810F14}.Release|Any CPU.ActiveCfg = Debug|Any CPU
		{19A30D2C-732E-4D64-96AE-BA57C0810F14}.Release|Any CPU.Build.0 = Debug|Any CPU
		{19A30D2C-732E-4D64-96AE-BA57C0810F14}.Release|x64.ActiveCfg = Release|Any CPU
		{19A30D2C-732E-4D64-96AE-BA57C0810F14}.Release|x64.Build.0 = Release|Any CPU
		{19A30D2C-732E-4D64-96AE-BA57C0810F14}.Release|x86.ActiveCfg = Release|Any CPU
		{19A30D2C-732E-4D64-96AE-BA57C0810F14}.Release|x86.Build.0 = Release|Any CPU
		{41FE243C-4D03-45E3-B556-CF361272B3BA}.Bounds|Any CPU.ActiveCfg = Release|Any CPU
		{41FE243C-4D03-45E3-B556-CF361272B3BA}.Bounds|Any CPU.Build.0 = Release|Any CPU
		{41FE243C-4D03-45E3-B556-CF361272B3BA}.Bounds|x64.ActiveCfg = Release|Any CPU
		{41FE243C-4D03-45E3-B556-CF361272B3BA}.Bounds|x64.Build.0 = Release|Any CPU
		{41FE243C-4D03-45E3-B556-CF361272B3BA}.Bounds|x86.ActiveCfg = Release|Any CPU
		{41FE243C-4D03-45E3-B556-CF361272B3BA}.Bounds|x86.Build.0 = Release|Any CPU
		{41FE243C-4D03-45E3-B556-CF361272B3BA}.Debug|Any CPU.ActiveCfg = Debug|Any CPU
		{41FE243C-4D03-45E3-B556-CF361272B3BA}.Debug|Any CPU.Build.0 = Debug|Any CPU
		{41FE243C-4D03-45E3-B556-CF361272B3BA}.Debug|x64.ActiveCfg = Debug|Any CPU
		{41FE243C-4D03-45E3-B556-CF361272B3BA}.Debug|x64.Build.0 = Debug|Any CPU
		{41FE243C-4D03-45E3-B556-CF361272B3BA}.Debug|x86.ActiveCfg = Debug|Any CPU
		{41FE243C-4D03-45E3-B556-CF361272B3BA}.Debug|x86.Build.0 = Debug|Any CPU
		{41FE243C-4D03-45E3-B556-CF361272B3BA}.Release|Any CPU.ActiveCfg = Debug|Any CPU
		{41FE243C-4D03-45E3-B556-CF361272B3BA}.Release|Any CPU.Build.0 = Debug|Any CPU
		{41FE243C-4D03-45E3-B556-CF361272B3BA}.Release|x64.ActiveCfg = Release|Any CPU
		{41FE243C-4D03-45E3-B556-CF361272B3BA}.Release|x64.Build.0 = Release|Any CPU
		{41FE243C-4D03-45E3-B556-CF361272B3BA}.Release|x86.ActiveCfg = Release|Any CPU
		{41FE243C-4D03-45E3-B556-CF361272B3BA}.Release|x86.Build.0 = Release|Any CPU
		{C98A0201-B55C-4B8C-9408-5F5FC2FD22B6}.Bounds|Any CPU.ActiveCfg = Release|Any CPU
		{C98A0201-B55C-4B8C-9408-5F5FC2FD22B6}.Bounds|Any CPU.Build.0 = Release|Any CPU
		{C98A0201-B55C-4B8C-9408-5F5FC2FD22B6}.Bounds|x64.ActiveCfg = Release|Any CPU
		{C98A0201-B55C-4B8C-9408-5F5FC2FD22B6}.Bounds|x64.Build.0 = Release|Any CPU
		{C98A0201-B55C-4B8C-9408-5F5FC2FD22B6}.Bounds|x86.ActiveCfg = Release|Any CPU
		{C98A0201-B55C-4B8C-9408-5F5FC2FD22B6}.Bounds|x86.Build.0 = Release|Any CPU
		{C98A0201-B55C-4B8C-9408-5F5FC2FD22B6}.Debug|Any CPU.ActiveCfg = Debug|Any CPU
		{C98A0201-B55C-4B8C-9408-5F5FC2FD22B6}.Debug|Any CPU.Build.0 = Debug|Any CPU
		{C98A0201-B55C-4B8C-9408-5F5FC2FD22B6}.Debug|x64.ActiveCfg = Debug|Any CPU
		{C98A0201-B55C-4B8C-9408-5F5FC2FD22B6}.Debug|x64.Build.0 = Debug|Any CPU
		{C98A0201-B55C-4B8C-9408-5F5FC2FD22B6}.Debug|x86.ActiveCfg = Debug|Any CPU
		{C98A0201-B55C-4B8C-9408-5F5FC2FD22B6}.Debug|x86.Build.0 = Debug|Any CPU
		{C98A0201-B55C-4B8C-9408-5F5FC2FD22B6}.Release|Any CPU.ActiveCfg = Debug|Any CPU
		{C98A0201-B55C-4B8C-9408-5F5FC2FD22B6}.Release|Any CPU.Build.0 = Debug|Any CPU
		{C98A0201-B55C-4B8C-9408-5F5FC2FD22B6}.Release|x64.ActiveCfg = Release|Any CPU
		{C98A0201-B55C-4B8C-9408-5F5FC2FD22B6}.Release|x64.Build.0 = Release|Any CPU
		{C98A0201-B55C-4B8C-9408-5F5FC2FD22B6}.Release|x86.ActiveCfg = Release|Any CPU
		{C98A0201-B55C-4B8C-9408-5F5FC2FD22B6}.Release|x86.Build.0 = Release|Any CPU
		{88C1486E-E4A8-4780-BFE1-394725CCBEFE}.Bounds|Any CPU.ActiveCfg = Release|Any CPU
		{88C1486E-E4A8-4780-BFE1-394725CCBEFE}.Bounds|Any CPU.Build.0 = Release|Any CPU
		{88C1486E-E4A8-4780-BFE1-394725CCBEFE}.Bounds|x64.ActiveCfg = Release|Any CPU
		{88C1486E-E4A8-4780-BFE1-394725CCBEFE}.Bounds|x64.Build.0 = Release|Any CPU
		{88C1486E-E4A8-4780-BFE1-394725CCBEFE}.Bounds|x86.ActiveCfg = Release|Any CPU
		{88C1486E-E4A8-4780-BFE1-394725CCBEFE}.Bounds|x86.Build.0 = Release|Any CPU
		{88C1486E-E4A8-4780-BFE1-394725CCBEFE}.Debug|Any CPU.ActiveCfg = Debug|Any CPU
		{88C1486E-E4A8-4780-BFE1-394725CCBEFE}.Debug|Any CPU.Build.0 = Debug|Any CPU
		{88C1486E-E4A8-4780-BFE1-394725CCBEFE}.Debug|x64.ActiveCfg = Debug|Any CPU
		{88C1486E-E4A8-4780-BFE1-394725CCBEFE}.Debug|x64.Build.0 = Debug|Any CPU
		{88C1486E-E4A8-4780-BFE1-394725CCBEFE}.Debug|x86.ActiveCfg = Debug|Any CPU
		{88C1486E-E4A8-4780-BFE1-394725CCBEFE}.Debug|x86.Build.0 = Debug|Any CPU
		{88C1486E-E4A8-4780-BFE1-394725CCBEFE}.Release|Any CPU.ActiveCfg = Debug|Any CPU
		{88C1486E-E4A8-4780-BFE1-394725CCBEFE}.Release|Any CPU.Build.0 = Debug|Any CPU
		{88C1486E-E4A8-4780-BFE1-394725CCBEFE}.Release|x64.ActiveCfg = Release|Any CPU
		{88C1486E-E4A8-4780-BFE1-394725CCBEFE}.Release|x64.Build.0 = Release|Any CPU
		{88C1486E-E4A8-4780-BFE1-394725CCBEFE}.Release|x86.ActiveCfg = Release|Any CPU
		{88C1486E-E4A8-4780-BFE1-394725CCBEFE}.Release|x86.Build.0 = Release|Any CPU
		{AFD8FD49-A08C-478E-BC8D-9BCED0588B2D}.Bounds|Any CPU.ActiveCfg = Release|Any CPU
		{AFD8FD49-A08C-478E-BC8D-9BCED0588B2D}.Bounds|Any CPU.Build.0 = Release|Any CPU
		{AFD8FD49-A08C-478E-BC8D-9BCED0588B2D}.Bounds|x64.ActiveCfg = Release|Any CPU
		{AFD8FD49-A08C-478E-BC8D-9BCED0588B2D}.Bounds|x64.Build.0 = Release|Any CPU
		{AFD8FD49-A08C-478E-BC8D-9BCED0588B2D}.Bounds|x86.ActiveCfg = Release|Any CPU
		{AFD8FD49-A08C-478E-BC8D-9BCED0588B2D}.Bounds|x86.Build.0 = Release|Any CPU
		{AFD8FD49-A08C-478E-BC8D-9BCED0588B2D}.Debug|Any CPU.ActiveCfg = Debug|Any CPU
		{AFD8FD49-A08C-478E-BC8D-9BCED0588B2D}.Debug|Any CPU.Build.0 = Debug|Any CPU
		{AFD8FD49-A08C-478E-BC8D-9BCED0588B2D}.Debug|x64.ActiveCfg = Debug|Any CPU
		{AFD8FD49-A08C-478E-BC8D-9BCED0588B2D}.Debug|x64.Build.0 = Debug|Any CPU
		{AFD8FD49-A08C-478E-BC8D-9BCED0588B2D}.Debug|x86.ActiveCfg = Debug|Any CPU
		{AFD8FD49-A08C-478E-BC8D-9BCED0588B2D}.Debug|x86.Build.0 = Debug|Any CPU
		{AFD8FD49-A08C-478E-BC8D-9BCED0588B2D}.Release|Any CPU.ActiveCfg = Debug|Any CPU
		{AFD8FD49-A08C-478E-BC8D-9BCED0588B2D}.Release|Any CPU.Build.0 = Debug|Any CPU
		{AFD8FD49-A08C-478E-BC8D-9BCED0588B2D}.Release|x64.ActiveCfg = Release|Any CPU
		{AFD8FD49-A08C-478E-BC8D-9BCED0588B2D}.Release|x64.Build.0 = Release|Any CPU
		{AFD8FD49-A08C-478E-BC8D-9BCED0588B2D}.Release|x86.ActiveCfg = Release|Any CPU
		{AFD8FD49-A08C-478E-BC8D-9BCED0588B2D}.Release|x86.Build.0 = Release|Any CPU
		{CDAFAFE3-B405-40C4-AA8F-961606A5B32A}.Bounds|Any CPU.ActiveCfg = Release|Any CPU
		{CDAFAFE3-B405-40C4-AA8F-961606A5B32A}.Bounds|Any CPU.Build.0 = Release|Any CPU
		{CDAFAFE3-B405-40C4-AA8F-961606A5B32A}.Bounds|x64.ActiveCfg = Release|Any CPU
		{CDAFAFE3-B405-40C4-AA8F-961606A5B32A}.Bounds|x64.Build.0 = Release|Any CPU
		{CDAFAFE3-B405-40C4-AA8F-961606A5B32A}.Bounds|x86.ActiveCfg = Release|Any CPU
		{CDAFAFE3-B405-40C4-AA8F-961606A5B32A}.Bounds|x86.Build.0 = Release|Any CPU
		{CDAFAFE3-B405-40C4-AA8F-961606A5B32A}.Debug|Any CPU.ActiveCfg = Debug|Any CPU
		{CDAFAFE3-B405-40C4-AA8F-961606A5B32A}.Debug|Any CPU.Build.0 = Debug|Any CPU
		{CDAFAFE3-B405-40C4-AA8F-961606A5B32A}.Debug|x64.ActiveCfg = Debug|Any CPU
		{CDAFAFE3-B405-40C4-AA8F-961606A5B32A}.Debug|x64.Build.0 = Debug|Any CPU
		{CDAFAFE3-B405-40C4-AA8F-961606A5B32A}.Debug|x86.ActiveCfg = Debug|Any CPU
		{CDAFAFE3-B405-40C4-AA8F-961606A5B32A}.Debug|x86.Build.0 = Debug|Any CPU
		{CDAFAFE3-B405-40C4-AA8F-961606A5B32A}.Release|Any CPU.ActiveCfg = Debug|Any CPU
		{CDAFAFE3-B405-40C4-AA8F-961606A5B32A}.Release|Any CPU.Build.0 = Debug|Any CPU
		{CDAFAFE3-B405-40C4-AA8F-961606A5B32A}.Release|x64.ActiveCfg = Release|Any CPU
		{CDAFAFE3-B405-40C4-AA8F-961606A5B32A}.Release|x64.Build.0 = Release|Any CPU
		{CDAFAFE3-B405-40C4-AA8F-961606A5B32A}.Release|x86.ActiveCfg = Release|Any CPU
		{CDAFAFE3-B405-40C4-AA8F-961606A5B32A}.Release|x86.Build.0 = Release|Any CPU
		{6F0B6512-FC59-401F-B1A1-37B8D95DCDEA}.Bounds|Any CPU.ActiveCfg = Release|Any CPU
		{6F0B6512-FC59-401F-B1A1-37B8D95DCDEA}.Bounds|Any CPU.Build.0 = Release|Any CPU
		{6F0B6512-FC59-401F-B1A1-37B8D95DCDEA}.Bounds|x64.ActiveCfg = Release|Any CPU
		{6F0B6512-FC59-401F-B1A1-37B8D95DCDEA}.Bounds|x64.Build.0 = Release|Any CPU
		{6F0B6512-FC59-401F-B1A1-37B8D95DCDEA}.Bounds|x86.ActiveCfg = Release|Any CPU
		{6F0B6512-FC59-401F-B1A1-37B8D95DCDEA}.Bounds|x86.Build.0 = Release|Any CPU
		{6F0B6512-FC59-401F-B1A1-37B8D95DCDEA}.Debug|Any CPU.ActiveCfg = Debug|Any CPU
		{6F0B6512-FC59-401F-B1A1-37B8D95DCDEA}.Debug|Any CPU.Build.0 = Debug|Any CPU
		{6F0B6512-FC59-401F-B1A1-37B8D95DCDEA}.Debug|x64.ActiveCfg = Debug|Any CPU
		{6F0B6512-FC59-401F-B1A1-37B8D95DCDEA}.Debug|x64.Build.0 = Debug|Any CPU
		{6F0B6512-FC59-401F-B1A1-37B8D95DCDEA}.Debug|x86.ActiveCfg = Debug|Any CPU
		{6F0B6512-FC59-401F-B1A1-37B8D95DCDEA}.Debug|x86.Build.0 = Debug|Any CPU
		{6F0B6512-FC59-401F-B1A1-37B8D95DCDEA}.Release|Any CPU.ActiveCfg = Debug|Any CPU
		{6F0B6512-FC59-401F-B1A1-37B8D95DCDEA}.Release|Any CPU.Build.0 = Debug|Any CPU
		{6F0B6512-FC59-401F-B1A1-37B8D95DCDEA}.Release|x64.ActiveCfg = Release|Any CPU
		{6F0B6512-FC59-401F-B1A1-37B8D95DCDEA}.Release|x64.Build.0 = Release|Any CPU
		{6F0B6512-FC59-401F-B1A1-37B8D95DCDEA}.Release|x86.ActiveCfg = Release|Any CPU
		{6F0B6512-FC59-401F-B1A1-37B8D95DCDEA}.Release|x86.Build.0 = Release|Any CPU
		{FF82CEC0-353A-4E79-AB7E-6AFEF1F15EC2}.Bounds|Any CPU.ActiveCfg = Release|Any CPU
		{FF82CEC0-353A-4E79-AB7E-6AFEF1F15EC2}.Bounds|Any CPU.Build.0 = Release|Any CPU
		{FF82CEC0-353A-4E79-AB7E-6AFEF1F15EC2}.Bounds|x64.ActiveCfg = Release|Any CPU
		{FF82CEC0-353A-4E79-AB7E-6AFEF1F15EC2}.Bounds|x64.Build.0 = Release|Any CPU
		{FF82CEC0-353A-4E79-AB7E-6AFEF1F15EC2}.Bounds|x86.ActiveCfg = Release|Any CPU
		{FF82CEC0-353A-4E79-AB7E-6AFEF1F15EC2}.Bounds|x86.Build.0 = Release|Any CPU
		{FF82CEC0-353A-4E79-AB7E-6AFEF1F15EC2}.Debug|Any CPU.ActiveCfg = Debug|Any CPU
		{FF82CEC0-353A-4E79-AB7E-6AFEF1F15EC2}.Debug|Any CPU.Build.0 = Debug|Any CPU
		{FF82CEC0-353A-4E79-AB7E-6AFEF1F15EC2}.Debug|x64.ActiveCfg = Debug|Any CPU
		{FF82CEC0-353A-4E79-AB7E-6AFEF1F15EC2}.Debug|x64.Build.0 = Debug|Any CPU
		{FF82CEC0-353A-4E79-AB7E-6AFEF1F15EC2}.Debug|x86.ActiveCfg = Debug|Any CPU
		{FF82CEC0-353A-4E79-AB7E-6AFEF1F15EC2}.Debug|x86.Build.0 = Debug|Any CPU
		{FF82CEC0-353A-4E79-AB7E-6AFEF1F15EC2}.Release|Any CPU.ActiveCfg = Debug|Any CPU
		{FF82CEC0-353A-4E79-AB7E-6AFEF1F15EC2}.Release|Any CPU.Build.0 = Debug|Any CPU
		{FF82CEC0-353A-4E79-AB7E-6AFEF1F15EC2}.Release|x64.ActiveCfg = Release|Any CPU
		{FF82CEC0-353A-4E79-AB7E-6AFEF1F15EC2}.Release|x64.Build.0 = Release|Any CPU
		{FF82CEC0-353A-4E79-AB7E-6AFEF1F15EC2}.Release|x86.ActiveCfg = Release|Any CPU
		{FF82CEC0-353A-4E79-AB7E-6AFEF1F15EC2}.Release|x86.Build.0 = Release|Any CPU
		{51FC0FD4-E1FD-494F-A954-D20A5E9EEFE6}.Bounds|Any CPU.ActiveCfg = Release|Any CPU
		{51FC0FD4-E1FD-494F-A954-D20A5E9EEFE6}.Bounds|Any CPU.Build.0 = Release|Any CPU
		{51FC0FD4-E1FD-494F-A954-D20A5E9EEFE6}.Bounds|x64.ActiveCfg = Release|Any CPU
		{51FC0FD4-E1FD-494F-A954-D20A5E9EEFE6}.Bounds|x64.Build.0 = Release|Any CPU
		{51FC0FD4-E1FD-494F-A954-D20A5E9EEFE6}.Bounds|x86.ActiveCfg = Release|Any CPU
		{51FC0FD4-E1FD-494F-A954-D20A5E9EEFE6}.Bounds|x86.Build.0 = Release|Any CPU
		{51FC0FD4-E1FD-494F-A954-D20A5E9EEFE6}.Debug|Any CPU.ActiveCfg = Debug|Any CPU
		{51FC0FD4-E1FD-494F-A954-D20A5E9EEFE6}.Debug|Any CPU.Build.0 = Debug|Any CPU
		{51FC0FD4-E1FD-494F-A954-D20A5E9EEFE6}.Debug|x64.ActiveCfg = Debug|Any CPU
		{51FC0FD4-E1FD-494F-A954-D20A5E9EEFE6}.Debug|x64.Build.0 = Debug|Any CPU
		{51FC0FD4-E1FD-494F-A954-D20A5E9EEFE6}.Debug|x86.ActiveCfg = Debug|Any CPU
		{51FC0FD4-E1FD-494F-A954-D20A5E9EEFE6}.Debug|x86.Build.0 = Debug|Any CPU
		{51FC0FD4-E1FD-494F-A954-D20A5E9EEFE6}.Release|Any CPU.ActiveCfg = Debug|Any CPU
		{51FC0FD4-E1FD-494F-A954-D20A5E9EEFE6}.Release|Any CPU.Build.0 = Debug|Any CPU
		{51FC0FD4-E1FD-494F-A954-D20A5E9EEFE6}.Release|x64.ActiveCfg = Release|Any CPU
		{51FC0FD4-E1FD-494F-A954-D20A5E9EEFE6}.Release|x64.Build.0 = Release|Any CPU
		{51FC0FD4-E1FD-494F-A954-D20A5E9EEFE6}.Release|x86.ActiveCfg = Release|Any CPU
		{51FC0FD4-E1FD-494F-A954-D20A5E9EEFE6}.Release|x86.Build.0 = Release|Any CPU
		{17090FC0-6BDA-409A-A99A-5AE7F35647ED}.Bounds|Any CPU.ActiveCfg = Release|Any CPU
		{17090FC0-6BDA-409A-A99A-5AE7F35647ED}.Bounds|Any CPU.Build.0 = Release|Any CPU
		{17090FC0-6BDA-409A-A99A-5AE7F35647ED}.Bounds|x64.ActiveCfg = Release|Any CPU
		{17090FC0-6BDA-409A-A99A-5AE7F35647ED}.Bounds|x64.Build.0 = Release|Any CPU
		{17090FC0-6BDA-409A-A99A-5AE7F35647ED}.Bounds|x86.ActiveCfg = Release|Any CPU
		{17090FC0-6BDA-409A-A99A-5AE7F35647ED}.Bounds|x86.Build.0 = Release|Any CPU
		{17090FC0-6BDA-409A-A99A-5AE7F35647ED}.Debug|Any CPU.ActiveCfg = Debug|Any CPU
		{17090FC0-6BDA-409A-A99A-5AE7F35647ED}.Debug|Any CPU.Build.0 = Debug|Any CPU
		{17090FC0-6BDA-409A-A99A-5AE7F35647ED}.Debug|x64.ActiveCfg = Debug|Any CPU
		{17090FC0-6BDA-409A-A99A-5AE7F35647ED}.Debug|x64.Build.0 = Debug|Any CPU
		{17090FC0-6BDA-409A-A99A-5AE7F35647ED}.Debug|x86.ActiveCfg = Debug|Any CPU
		{17090FC0-6BDA-409A-A99A-5AE7F35647ED}.Debug|x86.Build.0 = Debug|Any CPU
		{17090FC0-6BDA-409A-A99A-5AE7F35647ED}.Release|Any CPU.ActiveCfg = Debug|Any CPU
		{17090FC0-6BDA-409A-A99A-5AE7F35647ED}.Release|Any CPU.Build.0 = Debug|Any CPU
		{17090FC0-6BDA-409A-A99A-5AE7F35647ED}.Release|x64.ActiveCfg = Release|Any CPU
		{17090FC0-6BDA-409A-A99A-5AE7F35647ED}.Release|x64.Build.0 = Release|Any CPU
		{17090FC0-6BDA-409A-A99A-5AE7F35647ED}.Release|x86.ActiveCfg = Release|Any CPU
		{17090FC0-6BDA-409A-A99A-5AE7F35647ED}.Release|x86.Build.0 = Release|Any CPU
		{E8B611A7-09D6-4DD5-B60B-8EB755051774}.Bounds|Any CPU.ActiveCfg = Release|Any CPU
		{E8B611A7-09D6-4DD5-B60B-8EB755051774}.Bounds|Any CPU.Build.0 = Release|Any CPU
		{E8B611A7-09D6-4DD5-B60B-8EB755051774}.Bounds|x64.ActiveCfg = Release|Any CPU
		{E8B611A7-09D6-4DD5-B60B-8EB755051774}.Bounds|x64.Build.0 = Release|Any CPU
		{E8B611A7-09D6-4DD5-B60B-8EB755051774}.Bounds|x86.ActiveCfg = Release|Any CPU
		{E8B611A7-09D6-4DD5-B60B-8EB755051774}.Bounds|x86.Build.0 = Release|Any CPU
		{E8B611A7-09D6-4DD5-B60B-8EB755051774}.Debug|Any CPU.ActiveCfg = Debug|Any CPU
		{E8B611A7-09D6-4DD5-B60B-8EB755051774}.Debug|Any CPU.Build.0 = Debug|Any CPU
		{E8B611A7-09D6-4DD5-B60B-8EB755051774}.Debug|x64.ActiveCfg = Debug|Any CPU
		{E8B611A7-09D6-4DD5-B60B-8EB755051774}.Debug|x64.Build.0 = Debug|Any CPU
		{E8B611A7-09D6-4DD5-B60B-8EB755051774}.Debug|x86.ActiveCfg = Debug|Any CPU
		{E8B611A7-09D6-4DD5-B60B-8EB755051774}.Debug|x86.Build.0 = Debug|Any CPU
		{E8B611A7-09D6-4DD5-B60B-8EB755051774}.Release|Any CPU.ActiveCfg = Debug|Any CPU
		{E8B611A7-09D6-4DD5-B60B-8EB755051774}.Release|Any CPU.Build.0 = Debug|Any CPU
		{E8B611A7-09D6-4DD5-B60B-8EB755051774}.Release|x64.ActiveCfg = Release|Any CPU
		{E8B611A7-09D6-4DD5-B60B-8EB755051774}.Release|x64.Build.0 = Release|Any CPU
		{E8B611A7-09D6-4DD5-B60B-8EB755051774}.Release|x86.ActiveCfg = Release|Any CPU
		{E8B611A7-09D6-4DD5-B60B-8EB755051774}.Release|x86.Build.0 = Release|Any CPU
		{EC1AD702-85A0-4431-823E-E3D3CB864E78}.Bounds|Any CPU.ActiveCfg = Release|Any CPU
		{EC1AD702-85A0-4431-823E-E3D3CB864E78}.Bounds|Any CPU.Build.0 = Release|Any CPU
		{EC1AD702-85A0-4431-823E-E3D3CB864E78}.Bounds|x64.ActiveCfg = Release|Any CPU
		{EC1AD702-85A0-4431-823E-E3D3CB864E78}.Bounds|x64.Build.0 = Release|Any CPU
		{EC1AD702-85A0-4431-823E-E3D3CB864E78}.Bounds|x86.ActiveCfg = Release|Any CPU
		{EC1AD702-85A0-4431-823E-E3D3CB864E78}.Bounds|x86.Build.0 = Release|Any CPU
		{EC1AD702-85A0-4431-823E-E3D3CB864E78}.Debug|Any CPU.ActiveCfg = Debug|Any CPU
		{EC1AD702-85A0-4431-823E-E3D3CB864E78}.Debug|Any CPU.Build.0 = Debug|Any CPU
		{EC1AD702-85A0-4431-823E-E3D3CB864E78}.Debug|x64.ActiveCfg = Debug|Any CPU
		{EC1AD702-85A0-4431-823E-E3D3CB864E78}.Debug|x64.Build.0 = Debug|Any CPU
		{EC1AD702-85A0-4431-823E-E3D3CB864E78}.Debug|x86.ActiveCfg = Debug|Any CPU
		{EC1AD702-85A0-4431-823E-E3D3CB864E78}.Debug|x86.Build.0 = Debug|Any CPU
		{EC1AD702-85A0-4431-823E-E3D3CB864E78}.Release|Any CPU.ActiveCfg = Debug|Any CPU
		{EC1AD702-85A0-4431-823E-E3D3CB864E78}.Release|Any CPU.Build.0 = Debug|Any CPU
		{EC1AD702-85A0-4431-823E-E3D3CB864E78}.Release|x64.ActiveCfg = Release|Any CPU
		{EC1AD702-85A0-4431-823E-E3D3CB864E78}.Release|x64.Build.0 = Release|Any CPU
		{EC1AD702-85A0-4431-823E-E3D3CB864E78}.Release|x86.ActiveCfg = Release|Any CPU
		{EC1AD702-85A0-4431-823E-E3D3CB864E78}.Release|x86.Build.0 = Release|Any CPU
		{89EC1097-4786-4611-B6CB-2B8BC01CDDED}.Bounds|Any CPU.ActiveCfg = Release|Any CPU
		{89EC1097-4786-4611-B6CB-2B8BC01CDDED}.Bounds|Any CPU.Build.0 = Release|Any CPU
		{89EC1097-4786-4611-B6CB-2B8BC01CDDED}.Bounds|x64.ActiveCfg = Release|Any CPU
		{89EC1097-4786-4611-B6CB-2B8BC01CDDED}.Bounds|x64.Build.0 = Release|Any CPU
		{89EC1097-4786-4611-B6CB-2B8BC01CDDED}.Bounds|x86.ActiveCfg = Release|Any CPU
		{89EC1097-4786-4611-B6CB-2B8BC01CDDED}.Bounds|x86.Build.0 = Release|Any CPU
		{89EC1097-4786-4611-B6CB-2B8BC01CDDED}.Debug|Any CPU.ActiveCfg = Debug|Any CPU
		{89EC1097-4786-4611-B6CB-2B8BC01CDDED}.Debug|Any CPU.Build.0 = Debug|Any CPU
		{89EC1097-4786-4611-B6CB-2B8BC01CDDED}.Debug|x64.ActiveCfg = Debug|Any CPU
		{89EC1097-4786-4611-B6CB-2B8BC01CDDED}.Debug|x64.Build.0 = Debug|Any CPU
		{89EC1097-4786-4611-B6CB-2B8BC01CDDED}.Debug|x86.ActiveCfg = Debug|Any CPU
		{89EC1097-4786-4611-B6CB-2B8BC01CDDED}.Debug|x86.Build.0 = Debug|Any CPU
		{89EC1097-4786-4611-B6CB-2B8BC01CDDED}.Release|Any CPU.ActiveCfg = Debug|Any CPU
		{89EC1097-4786-4611-B6CB-2B8BC01CDDED}.Release|Any CPU.Build.0 = Debug|Any CPU
		{89EC1097-4786-4611-B6CB-2B8BC01CDDED}.Release|x64.ActiveCfg = Release|Any CPU
		{89EC1097-4786-4611-B6CB-2B8BC01CDDED}.Release|x64.Build.0 = Release|Any CPU
		{89EC1097-4786-4611-B6CB-2B8BC01CDDED}.Release|x86.ActiveCfg = Release|Any CPU
		{89EC1097-4786-4611-B6CB-2B8BC01CDDED}.Release|x86.Build.0 = Release|Any CPU
		{C194A88D-5F50-4B2A-988D-E3690FA7384D}.Bounds|Any CPU.ActiveCfg = Release|Any CPU
		{C194A88D-5F50-4B2A-988D-E3690FA7384D}.Bounds|Any CPU.Build.0 = Release|Any CPU
		{C194A88D-5F50-4B2A-988D-E3690FA7384D}.Bounds|x64.ActiveCfg = Release|Any CPU
		{C194A88D-5F50-4B2A-988D-E3690FA7384D}.Bounds|x64.Build.0 = Release|Any CPU
		{C194A88D-5F50-4B2A-988D-E3690FA7384D}.Bounds|x86.ActiveCfg = Release|Any CPU
		{C194A88D-5F50-4B2A-988D-E3690FA7384D}.Bounds|x86.Build.0 = Release|Any CPU
		{C194A88D-5F50-4B2A-988D-E3690FA7384D}.Debug|Any CPU.ActiveCfg = Debug|Any CPU
		{C194A88D-5F50-4B2A-988D-E3690FA7384D}.Debug|Any CPU.Build.0 = Debug|Any CPU
		{C194A88D-5F50-4B2A-988D-E3690FA7384D}.Debug|x64.ActiveCfg = Debug|Any CPU
		{C194A88D-5F50-4B2A-988D-E3690FA7384D}.Debug|x64.Build.0 = Debug|Any CPU
		{C194A88D-5F50-4B2A-988D-E3690FA7384D}.Debug|x86.ActiveCfg = Debug|Any CPU
		{C194A88D-5F50-4B2A-988D-E3690FA7384D}.Debug|x86.Build.0 = Debug|Any CPU
		{C194A88D-5F50-4B2A-988D-E3690FA7384D}.Release|Any CPU.ActiveCfg = Debug|Any CPU
		{C194A88D-5F50-4B2A-988D-E3690FA7384D}.Release|Any CPU.Build.0 = Debug|Any CPU
		{C194A88D-5F50-4B2A-988D-E3690FA7384D}.Release|x64.ActiveCfg = Release|Any CPU
		{C194A88D-5F50-4B2A-988D-E3690FA7384D}.Release|x64.Build.0 = Release|Any CPU
		{C194A88D-5F50-4B2A-988D-E3690FA7384D}.Release|x86.ActiveCfg = Release|Any CPU
		{C194A88D-5F50-4B2A-988D-E3690FA7384D}.Release|x86.Build.0 = Release|Any CPU
		{536ED718-EA3A-4ABA-A120-392442A0A4BC}.Bounds|Any CPU.ActiveCfg = Release|Any CPU
		{536ED718-EA3A-4ABA-A120-392442A0A4BC}.Bounds|Any CPU.Build.0 = Release|Any CPU
		{536ED718-EA3A-4ABA-A120-392442A0A4BC}.Bounds|x64.ActiveCfg = Release|Any CPU
		{536ED718-EA3A-4ABA-A120-392442A0A4BC}.Bounds|x64.Build.0 = Release|Any CPU
		{536ED718-EA3A-4ABA-A120-392442A0A4BC}.Bounds|x86.ActiveCfg = Release|Any CPU
		{536ED718-EA3A-4ABA-A120-392442A0A4BC}.Bounds|x86.Build.0 = Release|Any CPU
		{536ED718-EA3A-4ABA-A120-392442A0A4BC}.Debug|Any CPU.ActiveCfg = Debug|Any CPU
		{536ED718-EA3A-4ABA-A120-392442A0A4BC}.Debug|Any CPU.Build.0 = Debug|Any CPU
		{536ED718-EA3A-4ABA-A120-392442A0A4BC}.Debug|x64.ActiveCfg = Debug|Any CPU
		{536ED718-EA3A-4ABA-A120-392442A0A4BC}.Debug|x64.Build.0 = Debug|Any CPU
		{536ED718-EA3A-4ABA-A120-392442A0A4BC}.Debug|x86.ActiveCfg = Debug|Any CPU
		{536ED718-EA3A-4ABA-A120-392442A0A4BC}.Debug|x86.Build.0 = Debug|Any CPU
		{536ED718-EA3A-4ABA-A120-392442A0A4BC}.Release|Any CPU.ActiveCfg = Debug|Any CPU
		{536ED718-EA3A-4ABA-A120-392442A0A4BC}.Release|Any CPU.Build.0 = Debug|Any CPU
		{536ED718-EA3A-4ABA-A120-392442A0A4BC}.Release|x64.ActiveCfg = Release|Any CPU
		{536ED718-EA3A-4ABA-A120-392442A0A4BC}.Release|x64.Build.0 = Release|Any CPU
		{536ED718-EA3A-4ABA-A120-392442A0A4BC}.Release|x86.ActiveCfg = Release|Any CPU
		{536ED718-EA3A-4ABA-A120-392442A0A4BC}.Release|x86.Build.0 = Release|Any CPU
		{155F0176-6B4C-421E-8A24-AF4714B9606F}.Bounds|Any CPU.ActiveCfg = Release|Any CPU
		{155F0176-6B4C-421E-8A24-AF4714B9606F}.Bounds|Any CPU.Build.0 = Release|Any CPU
		{155F0176-6B4C-421E-8A24-AF4714B9606F}.Bounds|x64.ActiveCfg = Release|Any CPU
		{155F0176-6B4C-421E-8A24-AF4714B9606F}.Bounds|x64.Build.0 = Release|Any CPU
		{155F0176-6B4C-421E-8A24-AF4714B9606F}.Bounds|x86.ActiveCfg = Release|Any CPU
		{155F0176-6B4C-421E-8A24-AF4714B9606F}.Bounds|x86.Build.0 = Release|Any CPU
		{155F0176-6B4C-421E-8A24-AF4714B9606F}.Debug|Any CPU.ActiveCfg = Debug|Any CPU
		{155F0176-6B4C-421E-8A24-AF4714B9606F}.Debug|Any CPU.Build.0 = Debug|Any CPU
		{155F0176-6B4C-421E-8A24-AF4714B9606F}.Debug|x64.ActiveCfg = Debug|Any CPU
		{155F0176-6B4C-421E-8A24-AF4714B9606F}.Debug|x64.Build.0 = Debug|Any CPU
		{155F0176-6B4C-421E-8A24-AF4714B9606F}.Debug|x86.ActiveCfg = Debug|Any CPU
		{155F0176-6B4C-421E-8A24-AF4714B9606F}.Debug|x86.Build.0 = Debug|Any CPU
		{155F0176-6B4C-421E-8A24-AF4714B9606F}.Release|Any CPU.ActiveCfg = Debug|Any CPU
		{155F0176-6B4C-421E-8A24-AF4714B9606F}.Release|Any CPU.Build.0 = Debug|Any CPU
		{155F0176-6B4C-421E-8A24-AF4714B9606F}.Release|x64.ActiveCfg = Release|Any CPU
		{155F0176-6B4C-421E-8A24-AF4714B9606F}.Release|x64.Build.0 = Release|Any CPU
		{155F0176-6B4C-421E-8A24-AF4714B9606F}.Release|x86.ActiveCfg = Release|Any CPU
		{155F0176-6B4C-421E-8A24-AF4714B9606F}.Release|x86.Build.0 = Release|Any CPU
		{C79E699C-2766-4D5B-9661-3BCE7C9679A6}.Bounds|Any CPU.ActiveCfg = Release|Any CPU
		{C79E699C-2766-4D5B-9661-3BCE7C9679A6}.Bounds|Any CPU.Build.0 = Release|Any CPU
		{C79E699C-2766-4D5B-9661-3BCE7C9679A6}.Bounds|x64.ActiveCfg = Release|Any CPU
		{C79E699C-2766-4D5B-9661-3BCE7C9679A6}.Bounds|x64.Build.0 = Release|Any CPU
		{C79E699C-2766-4D5B-9661-3BCE7C9679A6}.Bounds|x86.ActiveCfg = Release|Any CPU
		{C79E699C-2766-4D5B-9661-3BCE7C9679A6}.Bounds|x86.Build.0 = Release|Any CPU
		{C79E699C-2766-4D5B-9661-3BCE7C9679A6}.Debug|Any CPU.ActiveCfg = Debug|Any CPU
		{C79E699C-2766-4D5B-9661-3BCE7C9679A6}.Debug|Any CPU.Build.0 = Debug|Any CPU
		{C79E699C-2766-4D5B-9661-3BCE7C9679A6}.Debug|x64.ActiveCfg = Debug|Any CPU
		{C79E699C-2766-4D5B-9661-3BCE7C9679A6}.Debug|x64.Build.0 = Debug|Any CPU
		{C79E699C-2766-4D5B-9661-3BCE7C9679A6}.Debug|x86.ActiveCfg = Debug|Any CPU
		{C79E699C-2766-4D5B-9661-3BCE7C9679A6}.Debug|x86.Build.0 = Debug|Any CPU
		{C79E699C-2766-4D5B-9661-3BCE7C9679A6}.Release|Any CPU.ActiveCfg = Debug|Any CPU
		{C79E699C-2766-4D5B-9661-3BCE7C9679A6}.Release|Any CPU.Build.0 = Debug|Any CPU
		{C79E699C-2766-4D5B-9661-3BCE7C9679A6}.Release|x64.ActiveCfg = Release|Any CPU
		{C79E699C-2766-4D5B-9661-3BCE7C9679A6}.Release|x64.Build.0 = Release|Any CPU
		{C79E699C-2766-4D5B-9661-3BCE7C9679A6}.Release|x86.ActiveCfg = Release|Any CPU
		{C79E699C-2766-4D5B-9661-3BCE7C9679A6}.Release|x86.Build.0 = Release|Any CPU
		{59B0A394-A373-4004-983A-CBD0437BF645}.Bounds|Any CPU.ActiveCfg = Release|Any CPU
		{59B0A394-A373-4004-983A-CBD0437BF645}.Bounds|Any CPU.Build.0 = Release|Any CPU
		{59B0A394-A373-4004-983A-CBD0437BF645}.Bounds|x64.ActiveCfg = Release|Any CPU
		{59B0A394-A373-4004-983A-CBD0437BF645}.Bounds|x64.Build.0 = Release|Any CPU
		{59B0A394-A373-4004-983A-CBD0437BF645}.Bounds|x86.ActiveCfg = Release|Any CPU
		{59B0A394-A373-4004-983A-CBD0437BF645}.Bounds|x86.Build.0 = Release|Any CPU
		{59B0A394-A373-4004-983A-CBD0437BF645}.Debug|Any CPU.ActiveCfg = Debug|Any CPU
		{59B0A394-A373-4004-983A-CBD0437BF645}.Debug|Any CPU.Build.0 = Debug|Any CPU
		{59B0A394-A373-4004-983A-CBD0437BF645}.Debug|x64.ActiveCfg = Debug|Any CPU
		{59B0A394-A373-4004-983A-CBD0437BF645}.Debug|x64.Build.0 = Debug|Any CPU
		{59B0A394-A373-4004-983A-CBD0437BF645}.Debug|x86.ActiveCfg = Debug|Any CPU
		{59B0A394-A373-4004-983A-CBD0437BF645}.Debug|x86.Build.0 = Debug|Any CPU
		{59B0A394-A373-4004-983A-CBD0437BF645}.Release|Any CPU.ActiveCfg = Debug|Any CPU
		{59B0A394-A373-4004-983A-CBD0437BF645}.Release|Any CPU.Build.0 = Debug|Any CPU
		{59B0A394-A373-4004-983A-CBD0437BF645}.Release|x64.ActiveCfg = Release|Any CPU
		{59B0A394-A373-4004-983A-CBD0437BF645}.Release|x64.Build.0 = Release|Any CPU
		{59B0A394-A373-4004-983A-CBD0437BF645}.Release|x86.ActiveCfg = Release|Any CPU
		{59B0A394-A373-4004-983A-CBD0437BF645}.Release|x86.Build.0 = Release|Any CPU
		{404A896A-29F1-4FE9-9335-99EA6A201ED1}.Bounds|Any CPU.ActiveCfg = Release|Any CPU
		{404A896A-29F1-4FE9-9335-99EA6A201ED1}.Bounds|Any CPU.Build.0 = Release|Any CPU
		{404A896A-29F1-4FE9-9335-99EA6A201ED1}.Bounds|x64.ActiveCfg = Release|Any CPU
		{404A896A-29F1-4FE9-9335-99EA6A201ED1}.Bounds|x64.Build.0 = Release|Any CPU
		{404A896A-29F1-4FE9-9335-99EA6A201ED1}.Bounds|x86.ActiveCfg = Release|Any CPU
		{404A896A-29F1-4FE9-9335-99EA6A201ED1}.Bounds|x86.Build.0 = Release|Any CPU
		{404A896A-29F1-4FE9-9335-99EA6A201ED1}.Debug|Any CPU.ActiveCfg = Debug|Any CPU
		{404A896A-29F1-4FE9-9335-99EA6A201ED1}.Debug|Any CPU.Build.0 = Debug|Any CPU
		{404A896A-29F1-4FE9-9335-99EA6A201ED1}.Debug|x64.ActiveCfg = Debug|Any CPU
		{404A896A-29F1-4FE9-9335-99EA6A201ED1}.Debug|x64.Build.0 = Debug|Any CPU
		{404A896A-29F1-4FE9-9335-99EA6A201ED1}.Debug|x86.ActiveCfg = Debug|Any CPU
		{404A896A-29F1-4FE9-9335-99EA6A201ED1}.Debug|x86.Build.0 = Debug|Any CPU
		{404A896A-29F1-4FE9-9335-99EA6A201ED1}.Release|Any CPU.ActiveCfg = Debug|Any CPU
		{404A896A-29F1-4FE9-9335-99EA6A201ED1}.Release|Any CPU.Build.0 = Debug|Any CPU
		{404A896A-29F1-4FE9-9335-99EA6A201ED1}.Release|x64.ActiveCfg = Release|Any CPU
		{404A896A-29F1-4FE9-9335-99EA6A201ED1}.Release|x64.Build.0 = Release|Any CPU
		{404A896A-29F1-4FE9-9335-99EA6A201ED1}.Release|x86.ActiveCfg = Release|Any CPU
		{404A896A-29F1-4FE9-9335-99EA6A201ED1}.Release|x86.Build.0 = Release|Any CPU
		{170FD75E-132C-4AF6-B917-696D63FCD0E4}.Bounds|Any CPU.ActiveCfg = Release|Any CPU
		{170FD75E-132C-4AF6-B917-696D63FCD0E4}.Bounds|Any CPU.Build.0 = Release|Any CPU
		{170FD75E-132C-4AF6-B917-696D63FCD0E4}.Bounds|x64.ActiveCfg = Release|Any CPU
		{170FD75E-132C-4AF6-B917-696D63FCD0E4}.Bounds|x64.Build.0 = Release|Any CPU
		{170FD75E-132C-4AF6-B917-696D63FCD0E4}.Bounds|x86.ActiveCfg = Release|Any CPU
		{170FD75E-132C-4AF6-B917-696D63FCD0E4}.Bounds|x86.Build.0 = Release|Any CPU
		{170FD75E-132C-4AF6-B917-696D63FCD0E4}.Debug|Any CPU.ActiveCfg = Debug|Any CPU
		{170FD75E-132C-4AF6-B917-696D63FCD0E4}.Debug|Any CPU.Build.0 = Debug|Any CPU
		{170FD75E-132C-4AF6-B917-696D63FCD0E4}.Debug|x64.ActiveCfg = Debug|Any CPU
		{170FD75E-132C-4AF6-B917-696D63FCD0E4}.Debug|x64.Build.0 = Debug|Any CPU
		{170FD75E-132C-4AF6-B917-696D63FCD0E4}.Debug|x86.ActiveCfg = Debug|Any CPU
		{170FD75E-132C-4AF6-B917-696D63FCD0E4}.Debug|x86.Build.0 = Debug|Any CPU
		{170FD75E-132C-4AF6-B917-696D63FCD0E4}.Release|Any CPU.ActiveCfg = Debug|Any CPU
		{170FD75E-132C-4AF6-B917-696D63FCD0E4}.Release|Any CPU.Build.0 = Debug|Any CPU
		{170FD75E-132C-4AF6-B917-696D63FCD0E4}.Release|x64.ActiveCfg = Release|Any CPU
		{170FD75E-132C-4AF6-B917-696D63FCD0E4}.Release|x64.Build.0 = Release|Any CPU
		{170FD75E-132C-4AF6-B917-696D63FCD0E4}.Release|x86.ActiveCfg = Release|Any CPU
		{170FD75E-132C-4AF6-B917-696D63FCD0E4}.Release|x86.Build.0 = Release|Any CPU
		{BB4CD28E-BEE9-4A4C-BAF8-087A6F44ABA7}.Bounds|Any CPU.ActiveCfg = Release|Any CPU
		{BB4CD28E-BEE9-4A4C-BAF8-087A6F44ABA7}.Bounds|Any CPU.Build.0 = Release|Any CPU
		{BB4CD28E-BEE9-4A4C-BAF8-087A6F44ABA7}.Bounds|x64.ActiveCfg = Release|Any CPU
		{BB4CD28E-BEE9-4A4C-BAF8-087A6F44ABA7}.Bounds|x64.Build.0 = Release|Any CPU
		{BB4CD28E-BEE9-4A4C-BAF8-087A6F44ABA7}.Bounds|x86.ActiveCfg = Release|Any CPU
		{BB4CD28E-BEE9-4A4C-BAF8-087A6F44ABA7}.Bounds|x86.Build.0 = Release|Any CPU
		{BB4CD28E-BEE9-4A4C-BAF8-087A6F44ABA7}.Debug|Any CPU.ActiveCfg = Debug|Any CPU
		{BB4CD28E-BEE9-4A4C-BAF8-087A6F44ABA7}.Debug|Any CPU.Build.0 = Debug|Any CPU
		{BB4CD28E-BEE9-4A4C-BAF8-087A6F44ABA7}.Debug|x64.ActiveCfg = Debug|Any CPU
		{BB4CD28E-BEE9-4A4C-BAF8-087A6F44ABA7}.Debug|x64.Build.0 = Debug|Any CPU
		{BB4CD28E-BEE9-4A4C-BAF8-087A6F44ABA7}.Debug|x86.ActiveCfg = Debug|Any CPU
		{BB4CD28E-BEE9-4A4C-BAF8-087A6F44ABA7}.Debug|x86.Build.0 = Debug|Any CPU
		{BB4CD28E-BEE9-4A4C-BAF8-087A6F44ABA7}.Release|Any CPU.ActiveCfg = Debug|Any CPU
		{BB4CD28E-BEE9-4A4C-BAF8-087A6F44ABA7}.Release|Any CPU.Build.0 = Debug|Any CPU
		{BB4CD28E-BEE9-4A4C-BAF8-087A6F44ABA7}.Release|x64.ActiveCfg = Release|Any CPU
		{BB4CD28E-BEE9-4A4C-BAF8-087A6F44ABA7}.Release|x64.Build.0 = Release|Any CPU
		{BB4CD28E-BEE9-4A4C-BAF8-087A6F44ABA7}.Release|x86.ActiveCfg = Release|Any CPU
		{BB4CD28E-BEE9-4A4C-BAF8-087A6F44ABA7}.Release|x86.Build.0 = Release|Any CPU
		{5263F2AC-1F97-4B01-93F2-0E2B4F8BD271}.Bounds|Any CPU.ActiveCfg = Release|Any CPU
		{5263F2AC-1F97-4B01-93F2-0E2B4F8BD271}.Bounds|Any CPU.Build.0 = Release|Any CPU
		{5263F2AC-1F97-4B01-93F2-0E2B4F8BD271}.Bounds|x64.ActiveCfg = Release|Any CPU
		{5263F2AC-1F97-4B01-93F2-0E2B4F8BD271}.Bounds|x64.Build.0 = Release|Any CPU
		{5263F2AC-1F97-4B01-93F2-0E2B4F8BD271}.Bounds|x86.ActiveCfg = Release|Any CPU
		{5263F2AC-1F97-4B01-93F2-0E2B4F8BD271}.Bounds|x86.Build.0 = Release|Any CPU
		{5263F2AC-1F97-4B01-93F2-0E2B4F8BD271}.Debug|Any CPU.ActiveCfg = Debug|Any CPU
		{5263F2AC-1F97-4B01-93F2-0E2B4F8BD271}.Debug|Any CPU.Build.0 = Debug|Any CPU
		{5263F2AC-1F97-4B01-93F2-0E2B4F8BD271}.Debug|x64.ActiveCfg = Debug|Any CPU
		{5263F2AC-1F97-4B01-93F2-0E2B4F8BD271}.Debug|x64.Build.0 = Debug|Any CPU
		{5263F2AC-1F97-4B01-93F2-0E2B4F8BD271}.Debug|x86.ActiveCfg = Debug|Any CPU
		{5263F2AC-1F97-4B01-93F2-0E2B4F8BD271}.Debug|x86.Build.0 = Debug|Any CPU
		{5263F2AC-1F97-4B01-93F2-0E2B4F8BD271}.Release|Any CPU.ActiveCfg = Debug|Any CPU
		{5263F2AC-1F97-4B01-93F2-0E2B4F8BD271}.Release|Any CPU.Build.0 = Debug|Any CPU
		{5263F2AC-1F97-4B01-93F2-0E2B4F8BD271}.Release|x64.ActiveCfg = Release|Any CPU
		{5263F2AC-1F97-4B01-93F2-0E2B4F8BD271}.Release|x64.Build.0 = Release|Any CPU
		{5263F2AC-1F97-4B01-93F2-0E2B4F8BD271}.Release|x86.ActiveCfg = Release|Any CPU
		{5263F2AC-1F97-4B01-93F2-0E2B4F8BD271}.Release|x86.Build.0 = Release|Any CPU
		{04DB1DD6-082B-4453-8B83-0B40C019F149}.Bounds|Any CPU.ActiveCfg = Release|Any CPU
		{04DB1DD6-082B-4453-8B83-0B40C019F149}.Bounds|Any CPU.Build.0 = Release|Any CPU
		{04DB1DD6-082B-4453-8B83-0B40C019F149}.Bounds|x64.ActiveCfg = Release|Any CPU
		{04DB1DD6-082B-4453-8B83-0B40C019F149}.Bounds|x64.Build.0 = Release|Any CPU
		{04DB1DD6-082B-4453-8B83-0B40C019F149}.Bounds|x86.ActiveCfg = Release|Any CPU
		{04DB1DD6-082B-4453-8B83-0B40C019F149}.Bounds|x86.Build.0 = Release|Any CPU
		{04DB1DD6-082B-4453-8B83-0B40C019F149}.Debug|Any CPU.ActiveCfg = Debug|Any CPU
		{04DB1DD6-082B-4453-8B83-0B40C019F149}.Debug|Any CPU.Build.0 = Debug|Any CPU
		{04DB1DD6-082B-4453-8B83-0B40C019F149}.Debug|x64.ActiveCfg = Debug|Any CPU
		{04DB1DD6-082B-4453-8B83-0B40C019F149}.Debug|x64.Build.0 = Debug|Any CPU
		{04DB1DD6-082B-4453-8B83-0B40C019F149}.Debug|x86.ActiveCfg = Debug|Any CPU
		{04DB1DD6-082B-4453-8B83-0B40C019F149}.Debug|x86.Build.0 = Debug|Any CPU
		{04DB1DD6-082B-4453-8B83-0B40C019F149}.Release|Any CPU.ActiveCfg = Debug|Any CPU
		{04DB1DD6-082B-4453-8B83-0B40C019F149}.Release|Any CPU.Build.0 = Debug|Any CPU
		{04DB1DD6-082B-4453-8B83-0B40C019F149}.Release|x64.ActiveCfg = Release|Any CPU
		{04DB1DD6-082B-4453-8B83-0B40C019F149}.Release|x64.Build.0 = Release|Any CPU
		{04DB1DD6-082B-4453-8B83-0B40C019F149}.Release|x86.ActiveCfg = Release|Any CPU
		{04DB1DD6-082B-4453-8B83-0B40C019F149}.Release|x86.Build.0 = Release|Any CPU
		{17C19AA6-8BB2-4332-8642-5981C74E0EF0}.Bounds|Any CPU.ActiveCfg = Release|Any CPU
		{17C19AA6-8BB2-4332-8642-5981C74E0EF0}.Bounds|Any CPU.Build.0 = Release|Any CPU
		{17C19AA6-8BB2-4332-8642-5981C74E0EF0}.Bounds|x64.ActiveCfg = Release|Any CPU
		{17C19AA6-8BB2-4332-8642-5981C74E0EF0}.Bounds|x64.Build.0 = Release|Any CPU
		{17C19AA6-8BB2-4332-8642-5981C74E0EF0}.Bounds|x86.ActiveCfg = Release|Any CPU
		{17C19AA6-8BB2-4332-8642-5981C74E0EF0}.Bounds|x86.Build.0 = Release|Any CPU
		{17C19AA6-8BB2-4332-8642-5981C74E0EF0}.Debug|Any CPU.ActiveCfg = Debug|Any CPU
		{17C19AA6-8BB2-4332-8642-5981C74E0EF0}.Debug|Any CPU.Build.0 = Debug|Any CPU
		{17C19AA6-8BB2-4332-8642-5981C74E0EF0}.Debug|x64.ActiveCfg = Debug|Any CPU
		{17C19AA6-8BB2-4332-8642-5981C74E0EF0}.Debug|x64.Build.0 = Debug|Any CPU
		{17C19AA6-8BB2-4332-8642-5981C74E0EF0}.Debug|x86.ActiveCfg = Debug|Any CPU
		{17C19AA6-8BB2-4332-8642-5981C74E0EF0}.Debug|x86.Build.0 = Debug|Any CPU
		{17C19AA6-8BB2-4332-8642-5981C74E0EF0}.Release|Any CPU.ActiveCfg = Debug|Any CPU
		{17C19AA6-8BB2-4332-8642-5981C74E0EF0}.Release|Any CPU.Build.0 = Debug|Any CPU
		{17C19AA6-8BB2-4332-8642-5981C74E0EF0}.Release|x64.ActiveCfg = Release|Any CPU
		{17C19AA6-8BB2-4332-8642-5981C74E0EF0}.Release|x64.Build.0 = Release|Any CPU
		{17C19AA6-8BB2-4332-8642-5981C74E0EF0}.Release|x86.ActiveCfg = Release|Any CPU
		{17C19AA6-8BB2-4332-8642-5981C74E0EF0}.Release|x86.Build.0 = Release|Any CPU
		{B661C6AE-999D-4BA8-80C1-EA853F6D6A30}.Bounds|Any CPU.ActiveCfg = Release|Any CPU
		{B661C6AE-999D-4BA8-80C1-EA853F6D6A30}.Bounds|Any CPU.Build.0 = Release|Any CPU
		{B661C6AE-999D-4BA8-80C1-EA853F6D6A30}.Bounds|x64.ActiveCfg = Release|Any CPU
		{B661C6AE-999D-4BA8-80C1-EA853F6D6A30}.Bounds|x64.Build.0 = Release|Any CPU
		{B661C6AE-999D-4BA8-80C1-EA853F6D6A30}.Bounds|x86.ActiveCfg = Release|Any CPU
		{B661C6AE-999D-4BA8-80C1-EA853F6D6A30}.Bounds|x86.Build.0 = Release|Any CPU
		{B661C6AE-999D-4BA8-80C1-EA853F6D6A30}.Debug|Any CPU.ActiveCfg = Debug|Any CPU
		{B661C6AE-999D-4BA8-80C1-EA853F6D6A30}.Debug|Any CPU.Build.0 = Debug|Any CPU
		{B661C6AE-999D-4BA8-80C1-EA853F6D6A30}.Debug|x64.ActiveCfg = Debug|Any CPU
		{B661C6AE-999D-4BA8-80C1-EA853F6D6A30}.Debug|x64.Build.0 = Debug|Any CPU
		{B661C6AE-999D-4BA8-80C1-EA853F6D6A30}.Debug|x86.ActiveCfg = Debug|Any CPU
		{B661C6AE-999D-4BA8-80C1-EA853F6D6A30}.Debug|x86.Build.0 = Debug|Any CPU
		{B661C6AE-999D-4BA8-80C1-EA853F6D6A30}.Release|Any CPU.ActiveCfg = Debug|Any CPU
		{B661C6AE-999D-4BA8-80C1-EA853F6D6A30}.Release|Any CPU.Build.0 = Debug|Any CPU
		{B661C6AE-999D-4BA8-80C1-EA853F6D6A30}.Release|x64.ActiveCfg = Release|Any CPU
		{B661C6AE-999D-4BA8-80C1-EA853F6D6A30}.Release|x64.Build.0 = Release|Any CPU
		{B661C6AE-999D-4BA8-80C1-EA853F6D6A30}.Release|x86.ActiveCfg = Release|Any CPU
		{B661C6AE-999D-4BA8-80C1-EA853F6D6A30}.Release|x86.Build.0 = Release|Any CPU
		{0B4C4B30-F4C7-4293-8753-882C0348F518}.Bounds|Any CPU.ActiveCfg = Release|Any CPU
		{0B4C4B30-F4C7-4293-8753-882C0348F518}.Bounds|Any CPU.Build.0 = Release|Any CPU
		{0B4C4B30-F4C7-4293-8753-882C0348F518}.Bounds|x64.ActiveCfg = Release|Any CPU
		{0B4C4B30-F4C7-4293-8753-882C0348F518}.Bounds|x64.Build.0 = Release|Any CPU
		{0B4C4B30-F4C7-4293-8753-882C0348F518}.Bounds|x86.ActiveCfg = Release|Any CPU
		{0B4C4B30-F4C7-4293-8753-882C0348F518}.Bounds|x86.Build.0 = Release|Any CPU
		{0B4C4B30-F4C7-4293-8753-882C0348F518}.Debug|Any CPU.ActiveCfg = Debug|Any CPU
		{0B4C4B30-F4C7-4293-8753-882C0348F518}.Debug|Any CPU.Build.0 = Debug|Any CPU
		{0B4C4B30-F4C7-4293-8753-882C0348F518}.Debug|x64.ActiveCfg = Debug|Any CPU
		{0B4C4B30-F4C7-4293-8753-882C0348F518}.Debug|x64.Build.0 = Debug|Any CPU
		{0B4C4B30-F4C7-4293-8753-882C0348F518}.Debug|x86.ActiveCfg = Debug|Any CPU
		{0B4C4B30-F4C7-4293-8753-882C0348F518}.Debug|x86.Build.0 = Debug|Any CPU
		{0B4C4B30-F4C7-4293-8753-882C0348F518}.Release|Any CPU.ActiveCfg = Debug|Any CPU
		{0B4C4B30-F4C7-4293-8753-882C0348F518}.Release|Any CPU.Build.0 = Debug|Any CPU
		{0B4C4B30-F4C7-4293-8753-882C0348F518}.Release|x64.ActiveCfg = Release|Any CPU
		{0B4C4B30-F4C7-4293-8753-882C0348F518}.Release|x64.Build.0 = Release|Any CPU
		{0B4C4B30-F4C7-4293-8753-882C0348F518}.Release|x86.ActiveCfg = Release|Any CPU
		{0B4C4B30-F4C7-4293-8753-882C0348F518}.Release|x86.Build.0 = Release|Any CPU
		{116BE16A-B3A0-408C-A5CD-25BCBBDBE327}.Bounds|Any CPU.ActiveCfg = Release|Any CPU
		{116BE16A-B3A0-408C-A5CD-25BCBBDBE327}.Bounds|Any CPU.Build.0 = Release|Any CPU
		{116BE16A-B3A0-408C-A5CD-25BCBBDBE327}.Bounds|x64.ActiveCfg = Release|Any CPU
		{116BE16A-B3A0-408C-A5CD-25BCBBDBE327}.Bounds|x64.Build.0 = Release|Any CPU
		{116BE16A-B3A0-408C-A5CD-25BCBBDBE327}.Bounds|x86.ActiveCfg = Release|Any CPU
		{116BE16A-B3A0-408C-A5CD-25BCBBDBE327}.Bounds|x86.Build.0 = Release|Any CPU
		{116BE16A-B3A0-408C-A5CD-25BCBBDBE327}.Debug|Any CPU.ActiveCfg = Debug|Any CPU
		{116BE16A-B3A0-408C-A5CD-25BCBBDBE327}.Debug|Any CPU.Build.0 = Debug|Any CPU
		{116BE16A-B3A0-408C-A5CD-25BCBBDBE327}.Debug|x64.ActiveCfg = Debug|Any CPU
		{116BE16A-B3A0-408C-A5CD-25BCBBDBE327}.Debug|x64.Build.0 = Debug|Any CPU
		{116BE16A-B3A0-408C-A5CD-25BCBBDBE327}.Debug|x86.ActiveCfg = Debug|Any CPU
		{116BE16A-B3A0-408C-A5CD-25BCBBDBE327}.Debug|x86.Build.0 = Debug|Any CPU
		{116BE16A-B3A0-408C-A5CD-25BCBBDBE327}.Release|Any CPU.ActiveCfg = Debug|Any CPU
		{116BE16A-B3A0-408C-A5CD-25BCBBDBE327}.Release|Any CPU.Build.0 = Debug|Any CPU
		{116BE16A-B3A0-408C-A5CD-25BCBBDBE327}.Release|x64.ActiveCfg = Release|Any CPU
		{116BE16A-B3A0-408C-A5CD-25BCBBDBE327}.Release|x64.Build.0 = Release|Any CPU
		{116BE16A-B3A0-408C-A5CD-25BCBBDBE327}.Release|x86.ActiveCfg = Release|Any CPU
		{116BE16A-B3A0-408C-A5CD-25BCBBDBE327}.Release|x86.Build.0 = Release|Any CPU
		{90F709F7-4B56-433A-AEE0-5AE348BD2061}.Bounds|Any CPU.ActiveCfg = Release|Any CPU
		{90F709F7-4B56-433A-AEE0-5AE348BD2061}.Bounds|Any CPU.Build.0 = Release|Any CPU
		{90F709F7-4B56-433A-AEE0-5AE348BD2061}.Bounds|x64.ActiveCfg = Release|Any CPU
		{90F709F7-4B56-433A-AEE0-5AE348BD2061}.Bounds|x64.Build.0 = Release|Any CPU
		{90F709F7-4B56-433A-AEE0-5AE348BD2061}.Bounds|x86.ActiveCfg = Release|Any CPU
		{90F709F7-4B56-433A-AEE0-5AE348BD2061}.Bounds|x86.Build.0 = Release|Any CPU
		{90F709F7-4B56-433A-AEE0-5AE348BD2061}.Debug|Any CPU.ActiveCfg = Debug|Any CPU
		{90F709F7-4B56-433A-AEE0-5AE348BD2061}.Debug|Any CPU.Build.0 = Debug|Any CPU
		{90F709F7-4B56-433A-AEE0-5AE348BD2061}.Debug|x64.ActiveCfg = Debug|Any CPU
		{90F709F7-4B56-433A-AEE0-5AE348BD2061}.Debug|x64.Build.0 = Debug|Any CPU
		{90F709F7-4B56-433A-AEE0-5AE348BD2061}.Debug|x86.ActiveCfg = Debug|Any CPU
		{90F709F7-4B56-433A-AEE0-5AE348BD2061}.Debug|x86.Build.0 = Debug|Any CPU
		{90F709F7-4B56-433A-AEE0-5AE348BD2061}.Release|Any CPU.ActiveCfg = Debug|Any CPU
		{90F709F7-4B56-433A-AEE0-5AE348BD2061}.Release|Any CPU.Build.0 = Debug|Any CPU
		{90F709F7-4B56-433A-AEE0-5AE348BD2061}.Release|x64.ActiveCfg = Release|Any CPU
		{90F709F7-4B56-433A-AEE0-5AE348BD2061}.Release|x64.Build.0 = Release|Any CPU
		{90F709F7-4B56-433A-AEE0-5AE348BD2061}.Release|x86.ActiveCfg = Release|Any CPU
		{90F709F7-4B56-433A-AEE0-5AE348BD2061}.Release|x86.Build.0 = Release|Any CPU
		{22F8A3A5-18DE-491E-9F7A-F4C4351043F4}.Bounds|Any CPU.ActiveCfg = Release|Any CPU
		{22F8A3A5-18DE-491E-9F7A-F4C4351043F4}.Bounds|Any CPU.Build.0 = Release|Any CPU
		{22F8A3A5-18DE-491E-9F7A-F4C4351043F4}.Bounds|x64.ActiveCfg = Release|Any CPU
		{22F8A3A5-18DE-491E-9F7A-F4C4351043F4}.Bounds|x64.Build.0 = Release|Any CPU
		{22F8A3A5-18DE-491E-9F7A-F4C4351043F4}.Bounds|x86.ActiveCfg = Release|Any CPU
		{22F8A3A5-18DE-491E-9F7A-F4C4351043F4}.Bounds|x86.Build.0 = Release|Any CPU
		{22F8A3A5-18DE-491E-9F7A-F4C4351043F4}.Debug|Any CPU.ActiveCfg = Debug|Any CPU
		{22F8A3A5-18DE-491E-9F7A-F4C4351043F4}.Debug|Any CPU.Build.0 = Debug|Any CPU
		{22F8A3A5-18DE-491E-9F7A-F4C4351043F4}.Debug|x64.ActiveCfg = Debug|Any CPU
		{22F8A3A5-18DE-491E-9F7A-F4C4351043F4}.Debug|x64.Build.0 = Debug|Any CPU
		{22F8A3A5-18DE-491E-9F7A-F4C4351043F4}.Debug|x86.ActiveCfg = Debug|Any CPU
		{22F8A3A5-18DE-491E-9F7A-F4C4351043F4}.Debug|x86.Build.0 = Debug|Any CPU
		{22F8A3A5-18DE-491E-9F7A-F4C4351043F4}.Release|Any CPU.ActiveCfg = Debug|Any CPU
		{22F8A3A5-18DE-491E-9F7A-F4C4351043F4}.Release|Any CPU.Build.0 = Debug|Any CPU
		{22F8A3A5-18DE-491E-9F7A-F4C4351043F4}.Release|x64.ActiveCfg = Release|Any CPU
		{22F8A3A5-18DE-491E-9F7A-F4C4351043F4}.Release|x64.Build.0 = Release|Any CPU
		{22F8A3A5-18DE-491E-9F7A-F4C4351043F4}.Release|x86.ActiveCfg = Release|Any CPU
		{22F8A3A5-18DE-491E-9F7A-F4C4351043F4}.Release|x86.Build.0 = Release|Any CPU
		{5F5F96B5-2323-4B54-BAA9-BB40B8584C7E}.Bounds|Any CPU.ActiveCfg = Release|Any CPU
		{5F5F96B5-2323-4B54-BAA9-BB40B8584C7E}.Bounds|Any CPU.Build.0 = Release|Any CPU
		{5F5F96B5-2323-4B54-BAA9-BB40B8584C7E}.Bounds|x64.ActiveCfg = Release|Any CPU
		{5F5F96B5-2323-4B54-BAA9-BB40B8584C7E}.Bounds|x64.Build.0 = Release|Any CPU
		{5F5F96B5-2323-4B54-BAA9-BB40B8584C7E}.Bounds|x86.ActiveCfg = Release|Any CPU
		{5F5F96B5-2323-4B54-BAA9-BB40B8584C7E}.Bounds|x86.Build.0 = Release|Any CPU
		{5F5F96B5-2323-4B54-BAA9-BB40B8584C7E}.Debug|Any CPU.ActiveCfg = Debug|Any CPU
		{5F5F96B5-2323-4B54-BAA9-BB40B8584C7E}.Debug|Any CPU.Build.0 = Debug|Any CPU
		{5F5F96B5-2323-4B54-BAA9-BB40B8584C7E}.Debug|x64.ActiveCfg = Debug|Any CPU
		{5F5F96B5-2323-4B54-BAA9-BB40B8584C7E}.Debug|x64.Build.0 = Debug|Any CPU
		{5F5F96B5-2323-4B54-BAA9-BB40B8584C7E}.Debug|x86.ActiveCfg = Debug|Any CPU
		{5F5F96B5-2323-4B54-BAA9-BB40B8584C7E}.Debug|x86.Build.0 = Debug|Any CPU
		{5F5F96B5-2323-4B54-BAA9-BB40B8584C7E}.Release|Any CPU.ActiveCfg = Debug|Any CPU
		{5F5F96B5-2323-4B54-BAA9-BB40B8584C7E}.Release|Any CPU.Build.0 = Debug|Any CPU
		{5F5F96B5-2323-4B54-BAA9-BB40B8584C7E}.Release|x64.ActiveCfg = Release|Any CPU
		{5F5F96B5-2323-4B54-BAA9-BB40B8584C7E}.Release|x64.Build.0 = Release|Any CPU
		{5F5F96B5-2323-4B54-BAA9-BB40B8584C7E}.Release|x86.ActiveCfg = Release|Any CPU
		{5F5F96B5-2323-4B54-BAA9-BB40B8584C7E}.Release|x86.Build.0 = Release|Any CPU
		{787B600C-9A56-41C7-A3C8-9553630FE3C1}.Bounds|Any CPU.ActiveCfg = Release|Any CPU
		{787B600C-9A56-41C7-A3C8-9553630FE3C1}.Bounds|Any CPU.Build.0 = Release|Any CPU
		{787B600C-9A56-41C7-A3C8-9553630FE3C1}.Bounds|x64.ActiveCfg = Release|Any CPU
		{787B600C-9A56-41C7-A3C8-9553630FE3C1}.Bounds|x64.Build.0 = Release|Any CPU
		{787B600C-9A56-41C7-A3C8-9553630FE3C1}.Bounds|x86.ActiveCfg = Release|Any CPU
		{787B600C-9A56-41C7-A3C8-9553630FE3C1}.Bounds|x86.Build.0 = Release|Any CPU
		{787B600C-9A56-41C7-A3C8-9553630FE3C1}.Debug|Any CPU.ActiveCfg = Debug|Any CPU
		{787B600C-9A56-41C7-A3C8-9553630FE3C1}.Debug|Any CPU.Build.0 = Debug|Any CPU
		{787B600C-9A56-41C7-A3C8-9553630FE3C1}.Debug|x64.ActiveCfg = Debug|Any CPU
		{787B600C-9A56-41C7-A3C8-9553630FE3C1}.Debug|x64.Build.0 = Debug|Any CPU
		{787B600C-9A56-41C7-A3C8-9553630FE3C1}.Debug|x86.ActiveCfg = Debug|Any CPU
		{787B600C-9A56-41C7-A3C8-9553630FE3C1}.Debug|x86.Build.0 = Debug|Any CPU
		{787B600C-9A56-41C7-A3C8-9553630FE3C1}.Release|Any CPU.ActiveCfg = Debug|Any CPU
		{787B600C-9A56-41C7-A3C8-9553630FE3C1}.Release|Any CPU.Build.0 = Debug|Any CPU
		{787B600C-9A56-41C7-A3C8-9553630FE3C1}.Release|x64.ActiveCfg = Release|Any CPU
		{787B600C-9A56-41C7-A3C8-9553630FE3C1}.Release|x64.Build.0 = Release|Any CPU
		{787B600C-9A56-41C7-A3C8-9553630FE3C1}.Release|x86.ActiveCfg = Release|Any CPU
		{787B600C-9A56-41C7-A3C8-9553630FE3C1}.Release|x86.Build.0 = Release|Any CPU
		{741611E4-5539-472D-BF55-09137CB132A8}.Bounds|Any CPU.ActiveCfg = Release|Any CPU
		{741611E4-5539-472D-BF55-09137CB132A8}.Bounds|Any CPU.Build.0 = Release|Any CPU
		{741611E4-5539-472D-BF55-09137CB132A8}.Bounds|x64.ActiveCfg = Release|Any CPU
		{741611E4-5539-472D-BF55-09137CB132A8}.Bounds|x64.Build.0 = Release|Any CPU
		{741611E4-5539-472D-BF55-09137CB132A8}.Bounds|x86.ActiveCfg = Release|Any CPU
		{741611E4-5539-472D-BF55-09137CB132A8}.Bounds|x86.Build.0 = Release|Any CPU
		{741611E4-5539-472D-BF55-09137CB132A8}.Debug|Any CPU.ActiveCfg = Debug|Any CPU
		{741611E4-5539-472D-BF55-09137CB132A8}.Debug|Any CPU.Build.0 = Debug|Any CPU
		{741611E4-5539-472D-BF55-09137CB132A8}.Debug|x64.ActiveCfg = Debug|Any CPU
		{741611E4-5539-472D-BF55-09137CB132A8}.Debug|x64.Build.0 = Debug|Any CPU
		{741611E4-5539-472D-BF55-09137CB132A8}.Debug|x86.ActiveCfg = Debug|Any CPU
		{741611E4-5539-472D-BF55-09137CB132A8}.Debug|x86.Build.0 = Debug|Any CPU
		{741611E4-5539-472D-BF55-09137CB132A8}.Release|Any CPU.ActiveCfg = Debug|Any CPU
		{741611E4-5539-472D-BF55-09137CB132A8}.Release|Any CPU.Build.0 = Debug|Any CPU
		{741611E4-5539-472D-BF55-09137CB132A8}.Release|x64.ActiveCfg = Release|Any CPU
		{741611E4-5539-472D-BF55-09137CB132A8}.Release|x64.Build.0 = Release|Any CPU
		{741611E4-5539-472D-BF55-09137CB132A8}.Release|x86.ActiveCfg = Release|Any CPU
		{741611E4-5539-472D-BF55-09137CB132A8}.Release|x86.Build.0 = Release|Any CPU
		{1EA12BD0-7BCD-463A-98EE-E8C4F8624D6A}.Bounds|Any CPU.ActiveCfg = Release|Any CPU
		{1EA12BD0-7BCD-463A-98EE-E8C4F8624D6A}.Bounds|Any CPU.Build.0 = Release|Any CPU
		{1EA12BD0-7BCD-463A-98EE-E8C4F8624D6A}.Bounds|x64.ActiveCfg = Release|Any CPU
		{1EA12BD0-7BCD-463A-98EE-E8C4F8624D6A}.Bounds|x64.Build.0 = Release|Any CPU
		{1EA12BD0-7BCD-463A-98EE-E8C4F8624D6A}.Bounds|x86.ActiveCfg = Release|Any CPU
		{1EA12BD0-7BCD-463A-98EE-E8C4F8624D6A}.Bounds|x86.Build.0 = Release|Any CPU
		{1EA12BD0-7BCD-463A-98EE-E8C4F8624D6A}.Debug|Any CPU.ActiveCfg = Debug|Any CPU
		{1EA12BD0-7BCD-463A-98EE-E8C4F8624D6A}.Debug|Any CPU.Build.0 = Debug|Any CPU
		{1EA12BD0-7BCD-463A-98EE-E8C4F8624D6A}.Debug|x64.ActiveCfg = Debug|Any CPU
		{1EA12BD0-7BCD-463A-98EE-E8C4F8624D6A}.Debug|x64.Build.0 = Debug|Any CPU
		{1EA12BD0-7BCD-463A-98EE-E8C4F8624D6A}.Debug|x86.ActiveCfg = Debug|Any CPU
		{1EA12BD0-7BCD-463A-98EE-E8C4F8624D6A}.Debug|x86.Build.0 = Debug|Any CPU
		{1EA12BD0-7BCD-463A-98EE-E8C4F8624D6A}.Release|Any CPU.ActiveCfg = Release|Any CPU
		{1EA12BD0-7BCD-463A-98EE-E8C4F8624D6A}.Release|Any CPU.Build.0 = Release|Any CPU
		{1EA12BD0-7BCD-463A-98EE-E8C4F8624D6A}.Release|x64.ActiveCfg = Release|Any CPU
		{1EA12BD0-7BCD-463A-98EE-E8C4F8624D6A}.Release|x64.Build.0 = Release|Any CPU
		{1EA12BD0-7BCD-463A-98EE-E8C4F8624D6A}.Release|x86.ActiveCfg = Release|Any CPU
		{1EA12BD0-7BCD-463A-98EE-E8C4F8624D6A}.Release|x86.Build.0 = Release|Any CPU
		{E76E8661-15FF-4E9D-AA76-66C4669E5164}.Bounds|Any CPU.ActiveCfg = Debug|Win32
		{E76E8661-15FF-4E9D-AA76-66C4669E5164}.Bounds|Any CPU.Build.0 = Debug|Win32
		{E76E8661-15FF-4E9D-AA76-66C4669E5164}.Bounds|x64.ActiveCfg = Debug|x64
		{E76E8661-15FF-4E9D-AA76-66C4669E5164}.Bounds|x64.Build.0 = Debug|x64
		{E76E8661-15FF-4E9D-AA76-66C4669E5164}.Bounds|x86.ActiveCfg = Debug|Win32
		{E76E8661-15FF-4E9D-AA76-66C4669E5164}.Bounds|x86.Build.0 = Debug|Win32
		{E76E8661-15FF-4E9D-AA76-66C4669E5164}.Debug|Any CPU.ActiveCfg = Debug|Win32
		{E76E8661-15FF-4E9D-AA76-66C4669E5164}.Debug|x64.ActiveCfg = Debug|x64
		{E76E8661-15FF-4E9D-AA76-66C4669E5164}.Debug|x64.Build.0 = Debug|x64
		{E76E8661-15FF-4E9D-AA76-66C4669E5164}.Debug|x86.ActiveCfg = Debug|Win32
		{E76E8661-15FF-4E9D-AA76-66C4669E5164}.Debug|x86.Build.0 = Debug|Win32
		{E76E8661-15FF-4E9D-AA76-66C4669E5164}.Release|Any CPU.ActiveCfg = Release|Win32
		{E76E8661-15FF-4E9D-AA76-66C4669E5164}.Release|x64.ActiveCfg = Release|x64
		{E76E8661-15FF-4E9D-AA76-66C4669E5164}.Release|x64.Build.0 = Release|x64
		{E76E8661-15FF-4E9D-AA76-66C4669E5164}.Release|x86.ActiveCfg = Release|Win32
		{E76E8661-15FF-4E9D-AA76-66C4669E5164}.Release|x86.Build.0 = Release|Win32
		{C644C392-FB14-4DF1-9989-897E182D3849}.Bounds|Any CPU.ActiveCfg = Debug|Win32
		{C644C392-FB14-4DF1-9989-897E182D3849}.Bounds|Any CPU.Build.0 = Debug|Win32
		{C644C392-FB14-4DF1-9989-897E182D3849}.Bounds|x64.ActiveCfg = Debug|x64
		{C644C392-FB14-4DF1-9989-897E182D3849}.Bounds|x64.Build.0 = Debug|x64
		{C644C392-FB14-4DF1-9989-897E182D3849}.Bounds|x86.ActiveCfg = Debug|Win32
		{C644C392-FB14-4DF1-9989-897E182D3849}.Bounds|x86.Build.0 = Debug|Win32
		{C644C392-FB14-4DF1-9989-897E182D3849}.Debug|Any CPU.ActiveCfg = Debug|Win32
		{C644C392-FB14-4DF1-9989-897E182D3849}.Debug|x64.ActiveCfg = Debug|x64
		{C644C392-FB14-4DF1-9989-897E182D3849}.Debug|x64.Build.0 = Debug|x64
		{C644C392-FB14-4DF1-9989-897E182D3849}.Debug|x86.ActiveCfg = Debug|Win32
		{C644C392-FB14-4DF1-9989-897E182D3849}.Debug|x86.Build.0 = Debug|Win32
		{C644C392-FB14-4DF1-9989-897E182D3849}.Release|Any CPU.ActiveCfg = Release|Win32
		{C644C392-FB14-4DF1-9989-897E182D3849}.Release|x64.ActiveCfg = Release|x64
		{C644C392-FB14-4DF1-9989-897E182D3849}.Release|x64.Build.0 = Release|x64
		{C644C392-FB14-4DF1-9989-897E182D3849}.Release|x86.ActiveCfg = Release|Win32
		{C644C392-FB14-4DF1-9989-897E182D3849}.Release|x86.Build.0 = Release|Win32
		{7F6B25EE-CD22-4E4C-898D-A0F846E6E9D4}.Bounds|Any CPU.ActiveCfg = Bounds|Win32
		{7F6B25EE-CD22-4E4C-898D-A0F846E6E9D4}.Bounds|x64.ActiveCfg = Bounds|x64
		{7F6B25EE-CD22-4E4C-898D-A0F846E6E9D4}.Bounds|x64.Build.0 = Bounds|x64
		{7F6B25EE-CD22-4E4C-898D-A0F846E6E9D4}.Bounds|x86.ActiveCfg = Bounds|Win32
		{7F6B25EE-CD22-4E4C-898D-A0F846E6E9D4}.Bounds|x86.Build.0 = Bounds|Win32
		{7F6B25EE-CD22-4E4C-898D-A0F846E6E9D4}.Debug|Any CPU.ActiveCfg = Debug|Win32
		{7F6B25EE-CD22-4E4C-898D-A0F846E6E9D4}.Debug|x64.ActiveCfg = Debug|x64
		{7F6B25EE-CD22-4E4C-898D-A0F846E6E9D4}.Debug|x64.Build.0 = Debug|x64
		{7F6B25EE-CD22-4E4C-898D-A0F846E6E9D4}.Debug|x86.ActiveCfg = Debug|Win32
		{7F6B25EE-CD22-4E4C-898D-A0F846E6E9D4}.Debug|x86.Build.0 = Debug|Win32
		{7F6B25EE-CD22-4E4C-898D-A0F846E6E9D4}.Release|Any CPU.ActiveCfg = Release|Win32
		{7F6B25EE-CD22-4E4C-898D-A0F846E6E9D4}.Release|x64.ActiveCfg = Release|x64
		{7F6B25EE-CD22-4E4C-898D-A0F846E6E9D4}.Release|x64.Build.0 = Release|x64
		{7F6B25EE-CD22-4E4C-898D-A0F846E6E9D4}.Release|x86.ActiveCfg = Release|Win32
		{7F6B25EE-CD22-4E4C-898D-A0F846E6E9D4}.Release|x86.Build.0 = Release|Win32
		{6396B488-4D34-48B2-8639-EEB90707405B}.Bounds|Any CPU.ActiveCfg = Debug|Win32
		{6396B488-4D34-48B2-8639-EEB90707405B}.Bounds|Any CPU.Build.0 = Debug|Win32
		{6396B488-4D34-48B2-8639-EEB90707405B}.Bounds|x64.ActiveCfg = Debug|x64
		{6396B488-4D34-48B2-8639-EEB90707405B}.Bounds|x64.Build.0 = Debug|x64
		{6396B488-4D34-48B2-8639-EEB90707405B}.Bounds|x86.ActiveCfg = Debug|Win32
		{6396B488-4D34-48B2-8639-EEB90707405B}.Bounds|x86.Build.0 = Debug|Win32
		{6396B488-4D34-48B2-8639-EEB90707405B}.Debug|Any CPU.ActiveCfg = Debug|Win32
		{6396B488-4D34-48B2-8639-EEB90707405B}.Debug|x64.ActiveCfg = Debug|x64
		{6396B488-4D34-48B2-8639-EEB90707405B}.Debug|x64.Build.0 = Debug|x64
		{6396B488-4D34-48B2-8639-EEB90707405B}.Debug|x86.ActiveCfg = Debug|Win32
		{6396B488-4D34-48B2-8639-EEB90707405B}.Debug|x86.Build.0 = Debug|Win32
		{6396B488-4D34-48B2-8639-EEB90707405B}.Release|Any CPU.ActiveCfg = Release|Win32
		{6396B488-4D34-48B2-8639-EEB90707405B}.Release|x64.ActiveCfg = Release|x64
		{6396B488-4D34-48B2-8639-EEB90707405B}.Release|x64.Build.0 = Release|x64
		{6396B488-4D34-48B2-8639-EEB90707405B}.Release|x86.ActiveCfg = Release|Win32
		{6396B488-4D34-48B2-8639-EEB90707405B}.Release|x86.Build.0 = Release|Win32
		{1D4CC42D-BC16-4EC3-A89B-173798828F56}.Bounds|Any CPU.ActiveCfg = Debug|Win32
		{1D4CC42D-BC16-4EC3-A89B-173798828F56}.Bounds|Any CPU.Build.0 = Debug|Win32
		{1D4CC42D-BC16-4EC3-A89B-173798828F56}.Bounds|x64.ActiveCfg = Debug|x64
		{1D4CC42D-BC16-4EC3-A89B-173798828F56}.Bounds|x64.Build.0 = Debug|x64
		{1D4CC42D-BC16-4EC3-A89B-173798828F56}.Bounds|x86.ActiveCfg = Debug|Win32
		{1D4CC42D-BC16-4EC3-A89B-173798828F56}.Bounds|x86.Build.0 = Debug|Win32
		{1D4CC42D-BC16-4EC3-A89B-173798828F56}.Debug|Any CPU.ActiveCfg = Debug|Win32
		{1D4CC42D-BC16-4EC3-A89B-173798828F56}.Debug|x64.ActiveCfg = Debug|x64
		{1D4CC42D-BC16-4EC3-A89B-173798828F56}.Debug|x64.Build.0 = Debug|x64
		{1D4CC42D-BC16-4EC3-A89B-173798828F56}.Debug|x86.ActiveCfg = Debug|Win32
		{1D4CC42D-BC16-4EC3-A89B-173798828F56}.Debug|x86.Build.0 = Debug|Win32
		{1D4CC42D-BC16-4EC3-A89B-173798828F56}.Release|Any CPU.ActiveCfg = Release|Win32
		{1D4CC42D-BC16-4EC3-A89B-173798828F56}.Release|x64.ActiveCfg = Release|x64
		{1D4CC42D-BC16-4EC3-A89B-173798828F56}.Release|x64.Build.0 = Release|x64
		{1D4CC42D-BC16-4EC3-A89B-173798828F56}.Release|x86.ActiveCfg = Release|Win32
		{1D4CC42D-BC16-4EC3-A89B-173798828F56}.Release|x86.Build.0 = Release|Win32
		{C86CA2EB-81B5-4411-B5B7-E983314E02DA}.Bounds|Any CPU.ActiveCfg = Bounds|Win32
		{C86CA2EB-81B5-4411-B5B7-E983314E02DA}.Bounds|x64.ActiveCfg = Bounds|x64
		{C86CA2EB-81B5-4411-B5B7-E983314E02DA}.Bounds|x64.Build.0 = Bounds|x64
		{C86CA2EB-81B5-4411-B5B7-E983314E02DA}.Bounds|x86.ActiveCfg = Bounds|Win32
		{C86CA2EB-81B5-4411-B5B7-E983314E02DA}.Bounds|x86.Build.0 = Bounds|Win32
		{C86CA2EB-81B5-4411-B5B7-E983314E02DA}.Debug|Any CPU.ActiveCfg = Debug|Win32
		{C86CA2EB-81B5-4411-B5B7-E983314E02DA}.Debug|x64.ActiveCfg = Debug|x64
		{C86CA2EB-81B5-4411-B5B7-E983314E02DA}.Debug|x64.Build.0 = Debug|x64
		{C86CA2EB-81B5-4411-B5B7-E983314E02DA}.Debug|x86.ActiveCfg = Debug|Win32
		{C86CA2EB-81B5-4411-B5B7-E983314E02DA}.Debug|x86.Build.0 = Debug|Win32
		{C86CA2EB-81B5-4411-B5B7-E983314E02DA}.Release|Any CPU.ActiveCfg = Release|Win32
		{C86CA2EB-81B5-4411-B5B7-E983314E02DA}.Release|x64.ActiveCfg = Release|x64
		{C86CA2EB-81B5-4411-B5B7-E983314E02DA}.Release|x64.Build.0 = Release|x64
		{C86CA2EB-81B5-4411-B5B7-E983314E02DA}.Release|x86.ActiveCfg = Release|Win32
		{C86CA2EB-81B5-4411-B5B7-E983314E02DA}.Release|x86.Build.0 = Release|Win32
		{BBF85EC9-B280-43C8-B2BB-DD6B50FC50ED}.Bounds|Any CPU.ActiveCfg = Debug|Win32
		{BBF85EC9-B280-43C8-B2BB-DD6B50FC50ED}.Bounds|Any CPU.Build.0 = Debug|Win32
		{BBF85EC9-B280-43C8-B2BB-DD6B50FC50ED}.Bounds|x64.ActiveCfg = Debug|x64
		{BBF85EC9-B280-43C8-B2BB-DD6B50FC50ED}.Bounds|x64.Build.0 = Debug|x64
		{BBF85EC9-B280-43C8-B2BB-DD6B50FC50ED}.Bounds|x86.ActiveCfg = Debug|Win32
		{BBF85EC9-B280-43C8-B2BB-DD6B50FC50ED}.Bounds|x86.Build.0 = Debug|Win32
		{BBF85EC9-B280-43C8-B2BB-DD6B50FC50ED}.Debug|Any CPU.ActiveCfg = Debug|Win32
		{BBF85EC9-B280-43C8-B2BB-DD6B50FC50ED}.Debug|x64.ActiveCfg = Debug|x64
		{BBF85EC9-B280-43C8-B2BB-DD6B50FC50ED}.Debug|x64.Build.0 = Debug|x64
		{BBF85EC9-B280-43C8-B2BB-DD6B50FC50ED}.Debug|x86.ActiveCfg = Debug|Win32
		{BBF85EC9-B280-43C8-B2BB-DD6B50FC50ED}.Debug|x86.Build.0 = Debug|Win32
		{BBF85EC9-B280-43C8-B2BB-DD6B50FC50ED}.Release|Any CPU.ActiveCfg = Release|Win32
		{BBF85EC9-B280-43C8-B2BB-DD6B50FC50ED}.Release|x64.ActiveCfg = Release|x64
		{BBF85EC9-B280-43C8-B2BB-DD6B50FC50ED}.Release|x64.Build.0 = Release|x64
		{BBF85EC9-B280-43C8-B2BB-DD6B50FC50ED}.Release|x86.ActiveCfg = Release|Win32
		{BBF85EC9-B280-43C8-B2BB-DD6B50FC50ED}.Release|x86.Build.0 = Release|Win32
	EndGlobalSection
	GlobalSection(SolutionProperties) = preSolution
		HideSolutionNode = FALSE
	EndGlobalSection
	GlobalSection(NestedProjects) = preSolution
		{BB4A16A2-8CA0-4BA0-9C58-AE24B4554651} = {17900626-4B86-43DA-B451-3E093B50B08B}
		{2126F423-4858-42DA-9697-AB6C60B85810} = {17900626-4B86-43DA-B451-3E093B50B08B}
		{5D9F2EAB-48AB-4924-BDD0-CFB839948E65} = {17900626-4B86-43DA-B451-3E093B50B08B}
		{97128036-3A1E-4A83-99A0-8F590F30FE48} = {17900626-4B86-43DA-B451-3E093B50B08B}
		{ACE0B5C2-39E8-4247-B5E8-18BBD15A52DA} = {17900626-4B86-43DA-B451-3E093B50B08B}
		{8D8BBA9D-A360-445E-8F76-81288D970961} = {17900626-4B86-43DA-B451-3E093B50B08B}
		{4CAE1D7E-AD38-4D68-8383-D3AD07F245DA} = {17900626-4B86-43DA-B451-3E093B50B08B}
		{5AF62195-86FD-404C-ABB6-498D3E4AC5C8} = {17900626-4B86-43DA-B451-3E093B50B08B}
		{42198B6F-9BAA-4DF9-8A39-4FF12696481A} = {17900626-4B86-43DA-B451-3E093B50B08B}
		{66D824E1-7982-4128-8C9F-338967AEE8F9} = {17900626-4B86-43DA-B451-3E093B50B08B}
		{7CE209AF-EB05-4584-9444-966C0978757F} = {17900626-4B86-43DA-B451-3E093B50B08B}
		{49C2818E-DE10-4E42-B552-8913E9845C80} = {17900626-4B86-43DA-B451-3E093B50B08B}
		{A34DB665-A5A7-471B-90E2-B59758240BB2} = {17900626-4B86-43DA-B451-3E093B50B08B}
		{7ED59763-7550-40B8-A811-E9B2E0C0F0FA} = {17900626-4B86-43DA-B451-3E093B50B08B}
		{19A30D2C-732E-4D64-96AE-BA57C0810F14} = {17900626-4B86-43DA-B451-3E093B50B08B}
		{41FE243C-4D03-45E3-B556-CF361272B3BA} = {17900626-4B86-43DA-B451-3E093B50B08B}
		{C98A0201-B55C-4B8C-9408-5F5FC2FD22B6} = {17900626-4B86-43DA-B451-3E093B50B08B}
		{88C1486E-E4A8-4780-BFE1-394725CCBEFE} = {17900626-4B86-43DA-B451-3E093B50B08B}
		{AFD8FD49-A08C-478E-BC8D-9BCED0588B2D} = {17900626-4B86-43DA-B451-3E093B50B08B}
		{CDAFAFE3-B405-40C4-AA8F-961606A5B32A} = {17900626-4B86-43DA-B451-3E093B50B08B}
		{6F0B6512-FC59-401F-B1A1-37B8D95DCDEA} = {17900626-4B86-43DA-B451-3E093B50B08B}
		{FF82CEC0-353A-4E79-AB7E-6AFEF1F15EC2} = {17900626-4B86-43DA-B451-3E093B50B08B}
		{51FC0FD4-E1FD-494F-A954-D20A5E9EEFE6} = {17900626-4B86-43DA-B451-3E093B50B08B}
		{17090FC0-6BDA-409A-A99A-5AE7F35647ED} = {17900626-4B86-43DA-B451-3E093B50B08B}
		{E8B611A7-09D6-4DD5-B60B-8EB755051774} = {17900626-4B86-43DA-B451-3E093B50B08B}
		{EC1AD702-85A0-4431-823E-E3D3CB864E78} = {17900626-4B86-43DA-B451-3E093B50B08B}
		{89EC1097-4786-4611-B6CB-2B8BC01CDDED} = {17900626-4B86-43DA-B451-3E093B50B08B}
		{C194A88D-5F50-4B2A-988D-E3690FA7384D} = {17900626-4B86-43DA-B451-3E093B50B08B}
		{536ED718-EA3A-4ABA-A120-392442A0A4BC} = {17900626-4B86-43DA-B451-3E093B50B08B}
		{155F0176-6B4C-421E-8A24-AF4714B9606F} = {17900626-4B86-43DA-B451-3E093B50B08B}
		{C79E699C-2766-4D5B-9661-3BCE7C9679A6} = {17900626-4B86-43DA-B451-3E093B50B08B}
		{59B0A394-A373-4004-983A-CBD0437BF645} = {17900626-4B86-43DA-B451-3E093B50B08B}
		{404A896A-29F1-4FE9-9335-99EA6A201ED1} = {17900626-4B86-43DA-B451-3E093B50B08B}
		{170FD75E-132C-4AF6-B917-696D63FCD0E4} = {17900626-4B86-43DA-B451-3E093B50B08B}
		{BB4CD28E-BEE9-4A4C-BAF8-087A6F44ABA7} = {17900626-4B86-43DA-B451-3E093B50B08B}
		{5263F2AC-1F97-4B01-93F2-0E2B4F8BD271} = {17900626-4B86-43DA-B451-3E093B50B08B}
		{04DB1DD6-082B-4453-8B83-0B40C019F149} = {17900626-4B86-43DA-B451-3E093B50B08B}
		{17C19AA6-8BB2-4332-8642-5981C74E0EF0} = {17900626-4B86-43DA-B451-3E093B50B08B}
		{B661C6AE-999D-4BA8-80C1-EA853F6D6A30} = {17900626-4B86-43DA-B451-3E093B50B08B}
		{0B4C4B30-F4C7-4293-8753-882C0348F518} = {17900626-4B86-43DA-B451-3E093B50B08B}
		{116BE16A-B3A0-408C-A5CD-25BCBBDBE327} = {17900626-4B86-43DA-B451-3E093B50B08B}
		{BBCCF68C-21DF-4391-923B-FDBD6115C0A9} = {D7F1FBB3-CEAE-43EA-8FA4-7BDA189FB213}
		{DDB66B47-956A-4107-A6D2-577C1D5DF77F} = {BBCCF68C-21DF-4391-923B-FDBD6115C0A9}
		{90F709F7-4B56-433A-AEE0-5AE348BD2061} = {DDB66B47-956A-4107-A6D2-577C1D5DF77F}
		{22F8A3A5-18DE-491E-9F7A-F4C4351043F4} = {DDB66B47-956A-4107-A6D2-577C1D5DF77F}
		{5F5F96B5-2323-4B54-BAA9-BB40B8584C7E} = {DDB66B47-956A-4107-A6D2-577C1D5DF77F}
		{787B600C-9A56-41C7-A3C8-9553630FE3C1} = {BBCCF68C-21DF-4391-923B-FDBD6115C0A9}
		{741611E4-5539-472D-BF55-09137CB132A8} = {AE64C9EC-F6CC-4269-8B2C-A7CEF61A5E9C}
		{1EA12BD0-7BCD-463A-98EE-E8C4F8624D6A} = {AE64C9EC-F6CC-4269-8B2C-A7CEF61A5E9C}
		{E76E8661-15FF-4E9D-AA76-66C4669E5164} = {17900626-4B86-43DA-B451-3E093B50B08B}
		{C644C392-FB14-4DF1-9989-897E182D3849} = {17900626-4B86-43DA-B451-3E093B50B08B}
		{7F6B25EE-CD22-4E4C-898D-A0F846E6E9D4} = {17900626-4B86-43DA-B451-3E093B50B08B}
		{6396B488-4D34-48B2-8639-EEB90707405B} = {17900626-4B86-43DA-B451-3E093B50B08B}
		{1D4CC42D-BC16-4EC3-A89B-173798828F56} = {17900626-4B86-43DA-B451-3E093B50B08B}
		{C86CA2EB-81B5-4411-B5B7-E983314E02DA} = {17900626-4B86-43DA-B451-3E093B50B08B}
		{BBF85EC9-B280-43C8-B2BB-DD6B50FC50ED} = {BBCCF68C-21DF-4391-923B-FDBD6115C0A9}
	EndGlobalSection
	GlobalSection(ExtensibilityGlobals) = postSolution
		SolutionGuid = {98916F6A-410B-4218-9517-79A928E30C3F}
	EndGlobalSection
EndGlobal
