<?xml version="1.0" encoding="utf-8"?>
<Project ToolsVersion="4.0" xmlns="http://schemas.microsoft.com/developer/msbuild/2003">
  <ItemGroup>
	<Filter Include="Source Files">
	  <UniqueIdentifier>{51227fb2-4764-4ba9-9d0e-97d0170d61f9}</UniqueIdentifier>
	  <Extensions>cpp;c;cxx;def;odl;idl;hpj;bat;asm</Extensions>
	</Filter>
	<Filter Include="Header Files">
	  <UniqueIdentifier>{8a40ebae-6f4e-4d8c-9c35-b7ab95a710ca}</UniqueIdentifier>
	  <Extensions>h;hpp;hxx;hm;inl;inc</Extensions>
	</Filter>
	<Filter Include="Resource Files">
	  <UniqueIdentifier>{8da7fb66-7d4c-4a4d-a0eb-054c19562075}</UniqueIdentifier>
	  <Extensions>rc;ico;cur;bmp;dlg;rc2;rct;bin;rgs;gif;jpg;jpeg;jpe</Extensions>
	</Filter>
  </ItemGroup>
  <ItemGroup>
	<ClCompile Include="BinTree_i.cpp">
	  <Filter>Source Files</Filter>
	</ClCompile>
	<ClCompile Include="ComHashMap_i.cpp">
	  <Filter>Source Files</Filter>
	</ClCompile>
	<ClCompile Include="ComMultiMap_i.cpp">
	  <Filter>Source Files</Filter>
	</ClCompile>
	<ClCompile Include="ComVector.cpp">
	  <Filter>Source Files</Filter>
	</ClCompile>
	<ClCompile Include="DataStream.cpp">
	  <Filter>Source Files</Filter>
	</ClCompile>
	<ClCompile Include="Debug.cpp">
	  <Filter>Source Files</Filter>
	</ClCompile>
	<ClCompile Include="DllModul.cpp">
	  <Filter>Source Files</Filter>
	</ClCompile>
	<ClCompile Include="FileStrm.cpp">
	  <Filter>Source Files</Filter>
	</ClCompile>
	<ClCompile Include="FwSettings.cpp">
	  <Filter>Source Files</Filter>
	</ClCompile>
	<ClCompile Include="GenericFactory.cpp">
	  <Filter>Source Files</Filter>
	</ClCompile>
	<ClCompile Include="GpHashMap_i.cpp">
	  <Filter>Source Files</Filter>
	</ClCompile>
	<ClCompile Include="HashMap.cpp">
	  <Filter>Source Files</Filter>
	</ClCompile>
	<ClCompile Include="HashMap_i.cpp">
	  <Filter>Source Files</Filter>
	</ClCompile>
	<ClCompile Include="MakeDir.cpp">
	  <Filter>Source Files</Filter>
	</ClCompile>
	<ClCompile Include="ModuleEntry.cpp">
	  <Filter>Source Files</Filter>
	</ClCompile>
	<ClCompile Include="MultiMap_i.cpp">
	  <Filter>Source Files</Filter>
	</ClCompile>
	<ClCompile Include="OleStringLiteral.cpp">
	  <Filter>Source Files</Filter>
	</ClCompile>
	<ClCompile Include="proxystub.c">
	  <Filter>Source Files</Filter>
	</ClCompile>
	<ClCompile Include="ResourceStrm.cpp">
	  <Filter>Source Files</Filter>
	</ClCompile>
	<ClCompile Include="Set_i.cpp">
	  <Filter>Source Files</Filter>
	</ClCompile>
	<ClCompile Include="StackDumper.cpp">
	  <Filter>Source Files</Filter>
	</ClCompile>
	<ClCompile Include="StringStrm.cpp">
	  <Filter>Source Files</Filter>
	</ClCompile>
	<ClCompile Include="StrUtil.cpp">
	  <Filter>Source Files</Filter>
	</ClCompile>
	<ClCompile Include="TextProps1.cpp">
	  <Filter>Source Files</Filter>
	</ClCompile>
	<ClCompile Include="Util.cpp">
	  <Filter>Source Files</Filter>
	</ClCompile>
	<ClCompile Include="UtilFile.cpp">
	  <Filter>Source Files</Filter>
	</ClCompile>
	<ClCompile Include="UtilSil.cpp">
	  <Filter>Source Files</Filter>
	</ClCompile>
	<ClCompile Include="UtilString.cpp">
	  <Filter>Source Files</Filter>
	</ClCompile>
	<ClCompile Include="UtilTime.cpp">
	  <Filter>Source Files</Filter>
	</ClCompile>
	<ClCompile Include="UtilXml.cpp">
	  <Filter>Source Files</Filter>
	</ClCompile>
	<ClCompile Include="Vector_i.cpp">
	  <Filter>Source Files</Filter>
	</ClCompile>
	<ClCompile Include="Zipper.cpp">
	  <Filter>Source Files</Filter>
	</ClCompile>
  </ItemGroup>
  <ItemGroup>
	<ClInclude Include="BinTree.h">
	  <Filter>Header Files</Filter>
	</ClInclude>
	<ClInclude Include="ComHashMap.h">
	  <Filter>Header Files</Filter>
	</ClInclude>
	<ClInclude Include="common.h">
	  <Filter>Header Files</Filter>
	</ClInclude>
	<ClInclude Include="ComMultiMap.h">
	  <Filter>Header Files</Filter>
	</ClInclude>
	<ClInclude Include="ComSmartPtr.h">
	  <Filter>Header Files</Filter>
	</ClInclude>
	<ClInclude Include="ComSmartPtrImpl.h">
	  <Filter>Header Files</Filter>
	</ClInclude>
	<ClInclude Include="ComVector.h">
	  <Filter>Header Files</Filter>
	</ClInclude>
	<ClInclude Include="CSupportErrorInfo.h">
	  <Filter>Header Files</Filter>
	</ClInclude>
	<ClInclude Include="DataReader.h">
	  <Filter>Header Files</Filter>
	</ClInclude>
	<ClInclude Include="DataStream.h">
	  <Filter>Header Files</Filter>
	</ClInclude>
	<ClInclude Include="DataWriter.h">
	  <Filter>Header Files</Filter>
	</ClInclude>
	<ClInclude Include="debug.h">
	  <Filter>Header Files</Filter>
	</ClInclude>
	<ClInclude Include="DispatchImpl.h">
	  <Filter>Header Files</Filter>
	</ClInclude>
	<ClInclude Include="FileStrm.h">
	  <Filter>Header Files</Filter>
	</ClInclude>
	<ClInclude Include="FwSettings.h">
	  <Filter>Header Files</Filter>
	</ClInclude>
	<ClInclude Include="GenericFactory.h">
	  <Filter>Header Files</Filter>
	</ClInclude>
	<ClInclude Include="GenericResource.h">
	  <Filter>Header Files</Filter>
	</ClInclude>
	<ClInclude Include="GenSmartPtr.h">
	  <Filter>Header Files</Filter>
	</ClInclude>
	<ClInclude Include="GpHashMap.h">
	  <Filter>Header Files</Filter>
	</ClInclude>
	<ClInclude Include="HashMap.h">
	  <Filter>Header Files</Filter>
	</ClInclude>
	<ClInclude Include="LinkedList.h">
	  <Filter>Header Files</Filter>
	</ClInclude>
	<ClInclude Include="main.h">
	  <Filter>Header Files</Filter>
	</ClInclude>
	<ClInclude Include="MakeDir.h">
	  <Filter>Header Files</Filter>
	</ClInclude>
	<ClInclude Include="ModuleEntry.h">
	  <Filter>Header Files</Filter>
	</ClInclude>
	<ClInclude Include="MultiMap.h">
	  <Filter>Header Files</Filter>
	</ClInclude>
	<ClInclude Include="Mutex.h">
	  <Filter>Header Files</Filter>
	</ClInclude>
	<ClInclude Include="OleStringLiteral.h">
	  <Filter>Header Files</Filter>
	</ClInclude>
	<ClInclude Include="proxystub.h">
	  <Filter>Header Files</Filter>
	</ClInclude>
	<ClInclude Include="ResourceStrm.h">
	  <Filter>Header Files</Filter>
	</ClInclude>
	<ClInclude Include="Set.h">
	  <Filter>Header Files</Filter>
	</ClInclude>
	<ClInclude Include="SmartBstr.h">
	  <Filter>Header Files</Filter>
	</ClInclude>
	<ClInclude Include="SmartVariant.h">
	  <Filter>Header Files</Filter>
	</ClInclude>
	<ClInclude Include="StackDumper.h">
	  <Filter>Header Files</Filter>
	</ClInclude>
	<ClInclude Include="StringStrm.h">
	  <Filter>Header Files</Filter>
	</ClInclude>
	<ClInclude Include="TextProps.h">
	  <Filter>Header Files</Filter>
	</ClInclude>
	<ClInclude Include="Throwable.h">
	  <Filter>Header Files</Filter>
	</ClInclude>
	<ClInclude Include="UtilCom.h">
	  <Filter>Header Files</Filter>
	</ClInclude>
	<ClInclude Include="UtilFile.h">
	  <Filter>Header Files</Filter>
	</ClInclude>
	<ClInclude Include="UtilInt.h">
	  <Filter>Header Files</Filter>
	</ClInclude>
	<ClInclude Include="UtilMem.h">
	  <Filter>Header Files</Filter>
	</ClInclude>
	<ClInclude Include="UtilPersist.h">
	  <Filter>Header Files</Filter>
	</ClInclude>
	<ClInclude Include="UtilRect.h">
	  <Filter>Header Files</Filter>
	</ClInclude>
	<ClInclude Include="UtilRegistry.h">
	  <Filter>Header Files</Filter>
	</ClInclude>
	<ClInclude Include="UtilSil.h">
	  <Filter>Header Files</Filter>
	</ClInclude>
	<ClInclude Include="UtilSort.h">
	  <Filter>Header Files</Filter>
	</ClInclude>
	<ClInclude Include="UtilString.h">
	  <Filter>Header Files</Filter>
	</ClInclude>
	<ClInclude Include="UtilTime.h">
	  <Filter>Header Files</Filter>
	</ClInclude>
	<ClInclude Include="UtilTypeLib.h">
	  <Filter>Header Files</Filter>
	</ClInclude>
	<ClInclude Include="UtilXml.h">
	  <Filter>Header Files</Filter>
	</ClInclude>
	<ClInclude Include="Vector.h">
	  <Filter>Header Files</Filter>
	</ClInclude>
	<ClInclude Include="wn95scm.h">
	  <Filter>Header Files</Filter>
	</ClInclude>
	<ClInclude Include="Zipper.h">
	  <Filter>Header Files</Filter>
	</ClInclude>
  </ItemGroup>
  <ItemGroup>
	<ResourceCompile Include="Generic.rc">
	  <Filter>Resource Files</Filter>
	</ResourceCompile>
  </ItemGroup>
  <ItemGroup>
	<None Include="common.idh" />
	<None Include="GenericInc.mak" />
	<None Include="GenericLib.mak" />
  </ItemGroup>
</Project>