
Microsoft Visual Studio Solution File, Format Version 10.00
# Visual Studio 2008
Project("{FAE04EC0-301F-11D3-BF4B-00C04F79EFBC}") = "PhraseTranslationHelper", "PhraseTranslationHelper.csproj", "{3A4BF2AF-23B5-487E-BEA5-5D65A0A01BF7}"
EndProject
Project("{FAE04EC0-301F-11D3-BF4B-00C04F79EFBC}") = "PhraseTranslationHelperTests", "PhraseTranslationHelperTests\PhraseTranslationHelperTests.csproj", "{DB5B6E93-353D-4C21-92F1-F9BF83F173E4}"
EndProject
Project("{FAE04EC0-301F-11D3-BF4B-00C04F79EFBC}") = "SilUtils", "..\SilUtils\SilUtils.csproj", "{4E4CE84F-BB35-416A-8E4F-B8C096DA32B7}"
EndProject
Project("{FAE04EC0-301F-11D3-BF4B-00C04F79EFBC}") = "SharedScrUtils", "..\SharedScrUtils\SharedScrUtils.csproj", "{F71BA7B9-D9DC-4F8C-A307-87B503D0E05B}"
EndProject
Project("{FAE04EC0-301F-11D3-BF4B-00C04F79EFBC}") = "SharedScrUtilsTests", "..\SharedScrUtils\SharedScrUtilsTests\SharedScrUtilsTests.csproj", "{4528287F-BA86-49D8-AFBB-1250A60CE7EA}"
EndProject
Project("{FAE04EC0-301F-11D3-BF4B-00C04F79EFBC}") = "SharedScrControls", "..\SharedScrControls\SharedScrControls.csproj", "{6CA85A3E-4AB3-4BBC-861F-0C68F018868B}"
EndProject
Project("{FAE04EC0-301F-11D3-BF4B-00C04F79EFBC}") = "SharedScrControlsTests", "..\SharedScrControls\SharedScrControlsTests\SharedScrControlsTests.csproj", "{CCF34218-52D9-4092-ADB8-1893BBE5ED31}"
EndProject
Project("{2150E333-8FDC-42A3-9474-1A3956D46DE8}") = "Solution Items", "Solution Items", "{1366DFF7-B9EC-4ED4-9D6E-CD66F1425D06}"
EndProject
Project("{FAE04EC0-301F-11D3-BF4B-00C04F79EFBC}") = "SilUtilsTests", "..\SilUtils\SilUtilsTests\SilUtilsTests.csproj", "{F023F83B-EC39-48D4-A98C-F65E43609B20}"
EndProject
Project("{FAE04EC0-301F-11D3-BF4B-00C04F79EFBC}") = "TeDll", "..\..\..\Src\TeDll\TeDll.csproj", "{51EAA922-78D0-4A97-91DC-CDC15FB5B144}"
EndProject
Project("{FAE04EC0-301F-11D3-BF4B-00C04F79EFBC}") = "TeKeyTerms", "..\..\..\Src\TE\TeKeyTerms\TeKeyTerms.csproj", "{A0F77159-8444-4615-970D-61821B6D0AF8}"
EndProject
Project("{FAE04EC0-301F-11D3-BF4B-00C04F79EFBC}") = "TeDialogs", "..\..\..\Src\TE\TeDialogs\TeDialogs.csproj", "{93D3BC58-E0B2-4769-88CF-3BB1CC32DB02}"
EndProject
Global
	GlobalSection(SourceCodeControl) = preSolution
		SccNumberOfProjects = 11
		SccProjectUniqueName0 = ..\\..\\..\\Src\\TeDll\\TeDll.csproj
		SccProjectName0 = Perforce\u0020Project
		SccLocalPath0 = ..\\..\\..
		SccProvider0 = MSSCCI:Perforce\u0020SCM
		SccProjectFilePathRelativizedFromConnection0 = Src\\TeDll\\
		SccProjectUniqueName1 = ..\\..\\..\\Src\\TE\\TeKeyTerms\\TeKeyTerms.csproj
		SccProjectName1 = Perforce\u0020Project
		SccLocalPath1 = ..\\..\\..
		SccProvider1 = MSSCCI:Perforce\u0020SCM
		SccProjectFilePathRelativizedFromConnection1 = Src\\TE\\TeKeyTerms\\
		SccProjectUniqueName2 = ..\\..\\..\\Src\\TE\\TeDialogs\\TeDialogs.csproj
		SccProjectName2 = Perforce\u0020Project
		SccLocalPath2 = ..\\..\\..
		SccProvider2 = MSSCCI:Perforce\u0020SCM
		SccProjectFilePathRelativizedFromConnection2 = Src\\TE\\TeDialogs\\
		SccProjectUniqueName3 = PhraseTranslationHelper.csproj
		SccProjectName3 = Perforce\u0020Project
		SccLocalPath3 = .
		SccProvider3 = MSSCCI:Perforce\u0020SCM
		SccProjectUniqueName4 = PhraseTranslationHelperTests\\PhraseTranslationHelperTests.csproj
		SccProjectName4 = Perforce\u0020Project
		SccLocalPath4 = ..
		SccProvider4 = MSSCCI:Perforce\u0020SCM
		SccProjectFilePathRelativizedFromConnection4 = PhraseTranslationHelper\\PhraseTranslationHelperTests\\
		SccProjectUniqueName5 = ..\\SilUtils\\SilUtils.csproj
		SccProjectName5 = Perforce\u0020Project
		SccLocalPath5 = ..
		SccProvider5 = MSSCCI:Perforce\u0020SCM
		SccProjectFilePathRelativizedFromConnection5 = SilUtils\\
		SccProjectUniqueName6 = ..\\SharedScrUtils\\SharedScrUtils.csproj
		SccProjectName6 = Perforce\u0020Project
		SccLocalPath6 = ..
		SccProvider6 = MSSCCI:Perforce\u0020SCM
		SccProjectFilePathRelativizedFromConnection6 = SharedScrUtils\\
		SccProjectUniqueName7 = ..\\SharedScrUtils\\SharedScrUtilsTests\\SharedScrUtilsTests.csproj
		SccProjectName7 = Perforce\u0020Project
		SccLocalPath7 = ..
		SccProvider7 = MSSCCI:Perforce\u0020SCM
		SccProjectFilePathRelativizedFromConnection7 = SharedScrUtils\\SharedScrUtilsTests\\
		SccProjectUniqueName8 = ..\\SharedScrControls\\SharedScrControls.csproj
		SccProjectName8 = Perforce\u0020Project
		SccLocalPath8 = ..
		SccProvider8 = MSSCCI:Perforce\u0020SCM
		SccProjectFilePathRelativizedFromConnection8 = SharedScrControls\\
		SccProjectUniqueName9 = ..\\SharedScrControls\\SharedScrControlsTests\\SharedScrControlsTests.csproj
		SccProjectName9 = Perforce\u0020Project
		SccLocalPath9 = ..
		SccProvider9 = MSSCCI:Perforce\u0020SCM
		SccProjectFilePathRelativizedFromConnection9 = SharedScrControls\\SharedScrControlsTests\\
		SccProjectUniqueName10 = ..\\SilUtils\\SilUtilsTests\\SilUtilsTests.csproj
		SccProjectName10 = Perforce\u0020Project
		SccLocalPath10 = ..
		SccProvider10 = MSSCCI:Perforce\u0020SCM
		SccProjectFilePathRelativizedFromConnection10 = SilUtils\\SilUtilsTests\\
	EndGlobalSection
	GlobalSection(SolutionConfigurationPlatforms) = preSolution
		Debug|Any CPU = Debug|Any CPU
		Release|Any CPU = Release|Any CPU
	EndGlobalSection
	GlobalSection(ProjectConfigurationPlatforms) = postSolution
		{3A4BF2AF-23B5-487E-BEA5-5D65A0A01BF7}.Debug|Any CPU.ActiveCfg = Debug|Any CPU
		{3A4BF2AF-23B5-487E-BEA5-5D65A0A01BF7}.Debug|Any CPU.Build.0 = Debug|Any CPU
		{3A4BF2AF-23B5-487E-BEA5-5D65A0A01BF7}.Release|Any CPU.ActiveCfg = Release|Any CPU
		{3A4BF2AF-23B5-487E-BEA5-5D65A0A01BF7}.Release|Any CPU.Build.0 = Release|Any CPU
		{DB5B6E93-353D-4C21-92F1-F9BF83F173E4}.Debug|Any CPU.ActiveCfg = Debug|Any CPU
		{DB5B6E93-353D-4C21-92F1-F9BF83F173E4}.Debug|Any CPU.Build.0 = Debug|Any CPU
		{DB5B6E93-353D-4C21-92F1-F9BF83F173E4}.Release|Any CPU.ActiveCfg = Release|Any CPU
		{DB5B6E93-353D-4C21-92F1-F9BF83F173E4}.Release|Any CPU.Build.0 = Release|Any CPU
		{4E4CE84F-BB35-416A-8E4F-B8C096DA32B7}.Debug|Any CPU.ActiveCfg = Debug|Any CPU
		{4E4CE84F-BB35-416A-8E4F-B8C096DA32B7}.Debug|Any CPU.Build.0 = Debug|Any CPU
		{4E4CE84F-BB35-416A-8E4F-B8C096DA32B7}.Release|Any CPU.ActiveCfg = Release|Any CPU
		{4E4CE84F-BB35-416A-8E4F-B8C096DA32B7}.Release|Any CPU.Build.0 = Release|Any CPU
		{F71BA7B9-D9DC-4F8C-A307-87B503D0E05B}.Debug|Any CPU.ActiveCfg = Debug|Any CPU
		{F71BA7B9-D9DC-4F8C-A307-87B503D0E05B}.Debug|Any CPU.Build.0 = Debug|Any CPU
		{F71BA7B9-D9DC-4F8C-A307-87B503D0E05B}.Release|Any CPU.ActiveCfg = Release|Any CPU
		{F71BA7B9-D9DC-4F8C-A307-87B503D0E05B}.Release|Any CPU.Build.0 = Release|Any CPU
		{4528287F-BA86-49D8-AFBB-1250A60CE7EA}.Debug|Any CPU.ActiveCfg = Debug|Any CPU
		{4528287F-BA86-49D8-AFBB-1250A60CE7EA}.Debug|Any CPU.Build.0 = Debug|Any CPU
		{4528287F-BA86-49D8-AFBB-1250A60CE7EA}.Release|Any CPU.ActiveCfg = Release|Any CPU
		{4528287F-BA86-49D8-AFBB-1250A60CE7EA}.Release|Any CPU.Build.0 = Release|Any CPU
		{6CA85A3E-4AB3-4BBC-861F-0C68F018868B}.Debug|Any CPU.ActiveCfg = Debug|Any CPU
		{6CA85A3E-4AB3-4BBC-861F-0C68F018868B}.Debug|Any CPU.Build.0 = Debug|Any CPU
		{6CA85A3E-4AB3-4BBC-861F-0C68F018868B}.Release|Any CPU.ActiveCfg = Release|Any CPU
		{6CA85A3E-4AB3-4BBC-861F-0C68F018868B}.Release|Any CPU.Build.0 = Release|Any CPU
		{CCF34218-52D9-4092-ADB8-1893BBE5ED31}.Debug|Any CPU.ActiveCfg = Debug|Any CPU
		{CCF34218-52D9-4092-ADB8-1893BBE5ED31}.Debug|Any CPU.Build.0 = Debug|Any CPU
		{CCF34218-52D9-4092-ADB8-1893BBE5ED31}.Release|Any CPU.ActiveCfg = Release|Any CPU
		{CCF34218-52D9-4092-ADB8-1893BBE5ED31}.Release|Any CPU.Build.0 = Release|Any CPU
		{F023F83B-EC39-48D4-A98C-F65E43609B20}.Debug|Any CPU.ActiveCfg = Debug|Any CPU
		{F023F83B-EC39-48D4-A98C-F65E43609B20}.Debug|Any CPU.Build.0 = Debug|Any CPU
		{F023F83B-EC39-48D4-A98C-F65E43609B20}.Release|Any CPU.ActiveCfg = Release|Any CPU
		{F023F83B-EC39-48D4-A98C-F65E43609B20}.Release|Any CPU.Build.0 = Release|Any CPU
		{51EAA922-78D0-4A97-91DC-CDC15FB5B144}.Debug|Any CPU.ActiveCfg = Debug|Any CPU
		{51EAA922-78D0-4A97-91DC-CDC15FB5B144}.Debug|Any CPU.Build.0 = Debug|Any CPU
		{51EAA922-78D0-4A97-91DC-CDC15FB5B144}.Release|Any CPU.ActiveCfg = Release|Any CPU
		{51EAA922-78D0-4A97-91DC-CDC15FB5B144}.Release|Any CPU.Build.0 = Release|Any CPU
		{A0F77159-8444-4615-970D-61821B6D0AF8}.Debug|Any CPU.ActiveCfg = Debug|Any CPU
		{A0F77159-8444-4615-970D-61821B6D0AF8}.Debug|Any CPU.Build.0 = Debug|Any CPU
		{A0F77159-8444-4615-970D-61821B6D0AF8}.Release|Any CPU.ActiveCfg = Release|Any CPU
		{A0F77159-8444-4615-970D-61821B6D0AF8}.Release|Any CPU.Build.0 = Release|Any CPU
		{93D3BC58-E0B2-4769-88CF-3BB1CC32DB02}.Debug|Any CPU.ActiveCfg = Debug|Any CPU
		{93D3BC58-E0B2-4769-88CF-3BB1CC32DB02}.Debug|Any CPU.Build.0 = Debug|Any CPU
		{93D3BC58-E0B2-4769-88CF-3BB1CC32DB02}.Release|Any CPU.ActiveCfg = Release|Any CPU
		{93D3BC58-E0B2-4769-88CF-3BB1CC32DB02}.Release|Any CPU.Build.0 = Release|Any CPU
	EndGlobalSection
	GlobalSection(SolutionProperties) = preSolution
		HideSolutionNode = FALSE
	EndGlobalSection
EndGlobal
