
Microsoft Visual Studio Solution File, Format Version 12.00
# Visual Studio 15
VisualStudioVersion = 15.0.27703.2018
MinimumVisualStudioVersion = 10.0.40219.1
Project("{FAE04EC0-301F-11D3-BF4B-00C04F79EFBC}") = "DisambiguateInFLExDB", "..\DisambiguateInFLExDB\DisambiguateInFLExDB.csproj", "{1C52CDF8-7ACB-4CC7-AA46-B21FC32E05D5}"
	ProjectSection(ProjectDependencies) = postProject
		{068626EF-B736-42FB-BB0A-39955B713394} = {068626EF-B736-42FB-BB0A-39955B713394}
	EndProjectSection
EndProject
Project("{FAE04EC0-301F-11D3-BF4B-00C04F79EFBC}") = "DisambiguateInFLExDBTests", "..\DisambiguateInFLExDBTests\DisambiguateInFLExDBTests.csproj", "{2D83ECFF-BABA-42FD-A1F3-AC1D32A9B992}"
EndProject
Project("{FAE04EC0-301F-11D3-BF4B-00C04F79EFBC}") = "PrepFLExDB", "..\PrepFLExDB\PrepFLExDB.csproj", "{1C9C6F8C-05A7-4BD2-84CD-8C751DA518B0}"
EndProject
Project("{FAE04EC0-301F-11D3-BF4B-00C04F79EFBC}") = "PrepFLExDBTests", "..\PrepFLExDBTests\PrepFLExDBTests.csproj", "{EAF09912-896A-466E-89AB-A1B3D16429E1}"
EndProject
Project("{FAE04EC0-301F-11D3-BF4B-00C04F79EFBC}") = "ToneParsFLExDll", "ToneParsFLExDll.csproj", "{CA15FA91-A4B5-45C6-B8AD-B0D1B4FCBD6D}"
	ProjectSection(ProjectDependencies) = postProject
		{068626EF-B736-42FB-BB0A-39955B713394} = {068626EF-B736-42FB-BB0A-39955B713394}
		{1C52CDF8-7ACB-4CC7-AA46-B21FC32E05D5} = {1C52CDF8-7ACB-4CC7-AA46-B21FC32E05D5}
	EndProjectSection
EndProject
Project("{FAE04EC0-301F-11D3-BF4B-00C04F79EFBC}") = "PrepFLExDBDll", "..\PrepFLExDBDll\PrepFLExDBDll.csproj", "{808145C1-B5CA-4EC7-9402-88B3F353B002}"
EndProject
Project("{FAE04EC0-301F-11D3-BF4B-00C04F79EFBC}") = "XAmpleWithToneParse", "..\XAmpleWithToneParse\XAmpleWithToneParse.csproj", "{068626EF-B736-42FB-BB0A-39955B713394}"
EndProject
Global
	GlobalSection(SolutionConfigurationPlatforms) = preSolution
		Debug|Any CPU = Debug|Any CPU
		Debug|x64 = Debug|x64
		Debug|x86 = Debug|x86
		Release|Any CPU = Release|Any CPU
		Release|x64 = Release|x64
		Release|x86 = Release|x86
	EndGlobalSection
	GlobalSection(ProjectConfigurationPlatforms) = postSolution
		{1C52CDF8-7ACB-4CC7-AA46-B21FC32E05D5}.Debug|Any CPU.ActiveCfg = Debug|x64
		{1C52CDF8-7ACB-4CC7-AA46-B21FC32E05D5}.Debug|Any CPU.Build.0 = Debug|x64
		{1C52CDF8-7ACB-4CC7-AA46-B21FC32E05D5}.Debug|x64.ActiveCfg = Debug|x64
		{1C52CDF8-7ACB-4CC7-AA46-B21FC32E05D5}.Debug|x64.Build.0 = Debug|x64
		{1C52CDF8-7ACB-4CC7-AA46-B21FC32E05D5}.Debug|x86.ActiveCfg = Debug|x86
		{1C52CDF8-7ACB-4CC7-AA46-B21FC32E05D5}.Debug|x86.Build.0 = Debug|x86
		{1C52CDF8-7ACB-4CC7-AA46-B21FC32E05D5}.Release|Any CPU.ActiveCfg = Release|Any CPU
		{1C52CDF8-7ACB-4CC7-AA46-B21FC32E05D5}.Release|Any CPU.Build.0 = Release|Any CPU
		{1C52CDF8-7ACB-4CC7-AA46-B21FC32E05D5}.Release|x64.ActiveCfg = Release|x64
		{1C52CDF8-7ACB-4CC7-AA46-B21FC32E05D5}.Release|x64.Build.0 = Release|x64
		{1C52CDF8-7ACB-4CC7-AA46-B21FC32E05D5}.Release|x86.ActiveCfg = Release|x86
		{1C52CDF8-7ACB-4CC7-AA46-B21FC32E05D5}.Release|x86.Build.0 = Release|x86
		{2D83ECFF-BABA-42FD-A1F3-AC1D32A9B992}.Debug|Any CPU.ActiveCfg = Debug|x64
		{2D83ECFF-BABA-42FD-A1F3-AC1D32A9B992}.Debug|Any CPU.Build.0 = Debug|x64
		{2D83ECFF-BABA-42FD-A1F3-AC1D32A9B992}.Debug|x64.ActiveCfg = Debug|x64
		{2D83ECFF-BABA-42FD-A1F3-AC1D32A9B992}.Debug|x64.Build.0 = Debug|x64
		{2D83ECFF-BABA-42FD-A1F3-AC1D32A9B992}.Debug|x86.ActiveCfg = Debug|x86
		{2D83ECFF-BABA-42FD-A1F3-AC1D32A9B992}.Debug|x86.Build.0 = Debug|x86
		{2D83ECFF-BABA-42FD-A1F3-AC1D32A9B992}.Release|Any CPU.ActiveCfg = Release|Any CPU
		{2D83ECFF-BABA-42FD-A1F3-AC1D32A9B992}.Release|Any CPU.Build.0 = Release|Any CPU
		{2D83ECFF-BABA-42FD-A1F3-AC1D32A9B992}.Release|x64.ActiveCfg = Release|x64
		{2D83ECFF-BABA-42FD-A1F3-AC1D32A9B992}.Release|x64.Build.0 = Release|x64
		{2D83ECFF-BABA-42FD-A1F3-AC1D32A9B992}.Release|x86.ActiveCfg = Release|x86
		{2D83ECFF-BABA-42FD-A1F3-AC1D32A9B992}.Release|x86.Build.0 = Release|x86
		{1C9C6F8C-05A7-4BD2-84CD-8C751DA518B0}.Debug|Any CPU.ActiveCfg = Debug|x64
		{1C9C6F8C-05A7-4BD2-84CD-8C751DA518B0}.Debug|Any CPU.Build.0 = Debug|x64
		{1C9C6F8C-05A7-4BD2-84CD-8C751DA518B0}.Debug|x64.ActiveCfg = Debug|x64
		{1C9C6F8C-05A7-4BD2-84CD-8C751DA518B0}.Debug|x64.Build.0 = Debug|x64
		{1C9C6F8C-05A7-4BD2-84CD-8C751DA518B0}.Debug|x86.ActiveCfg = Debug|x86
		{1C9C6F8C-05A7-4BD2-84CD-8C751DA518B0}.Debug|x86.Build.0 = Debug|x86
		{1C9C6F8C-05A7-4BD2-84CD-8C751DA518B0}.Release|Any CPU.ActiveCfg = Release|Any CPU
		{1C9C6F8C-05A7-4BD2-84CD-8C751DA518B0}.Release|Any CPU.Build.0 = Release|Any CPU
		{1C9C6F8C-05A7-4BD2-84CD-8C751DA518B0}.Release|x64.ActiveCfg = Release|x64
		{1C9C6F8C-05A7-4BD2-84CD-8C751DA518B0}.Release|x64.Build.0 = Release|x64
		{1C9C6F8C-05A7-4BD2-84CD-8C751DA518B0}.Release|x86.ActiveCfg = Release|x86
		{1C9C6F8C-05A7-4BD2-84CD-8C751DA518B0}.Release|x86.Build.0 = Release|x86
		{EAF09912-896A-466E-89AB-A1B3D16429E1}.Debug|Any CPU.ActiveCfg = Debug|x64
		{EAF09912-896A-466E-89AB-A1B3D16429E1}.Debug|Any CPU.Build.0 = Debug|x64
		{EAF09912-896A-466E-89AB-A1B3D16429E1}.Debug|x64.ActiveCfg = Debug|x64
		{EAF09912-896A-466E-89AB-A1B3D16429E1}.Debug|x64.Build.0 = Debug|x64
		{EAF09912-896A-466E-89AB-A1B3D16429E1}.Debug|x86.ActiveCfg = Debug|x86
		{EAF09912-896A-466E-89AB-A1B3D16429E1}.Debug|x86.Build.0 = Debug|x86
		{EAF09912-896A-466E-89AB-A1B3D16429E1}.Release|Any CPU.ActiveCfg = Release|Any CPU
		{EAF09912-896A-466E-89AB-A1B3D16429E1}.Release|Any CPU.Build.0 = Release|Any CPU
		{EAF09912-896A-466E-89AB-A1B3D16429E1}.Release|x64.ActiveCfg = Release|x64
		{EAF09912-896A-466E-89AB-A1B3D16429E1}.Release|x64.Build.0 = Release|x64
		{EAF09912-896A-466E-89AB-A1B3D16429E1}.Release|x86.ActiveCfg = Release|x86
		{EAF09912-896A-466E-89AB-A1B3D16429E1}.Release|x86.Build.0 = Release|x86
		{CA15FA91-A4B5-45C6-B8AD-B0D1B4FCBD6D}.Debug|Any CPU.ActiveCfg = Debug|x64
		{CA15FA91-A4B5-45C6-B8AD-B0D1B4FCBD6D}.Debug|Any CPU.Build.0 = Debug|x64
		{CA15FA91-A4B5-45C6-B8AD-B0D1B4FCBD6D}.Debug|x64.ActiveCfg = Debug|x64
		{CA15FA91-A4B5-45C6-B8AD-B0D1B4FCBD6D}.Debug|x64.Build.0 = Debug|x64
		{CA15FA91-A4B5-45C6-B8AD-B0D1B4FCBD6D}.Debug|x86.ActiveCfg = Debug|Any CPU
		{CA15FA91-A4B5-45C6-B8AD-B0D1B4FCBD6D}.Debug|x86.Build.0 = Debug|Any CPU
		{CA15FA91-A4B5-45C6-B8AD-B0D1B4FCBD6D}.Release|Any CPU.ActiveCfg = Release|Any CPU
		{CA15FA91-A4B5-45C6-B8AD-B0D1B4FCBD6D}.Release|Any CPU.Build.0 = Release|Any CPU
		{CA15FA91-A4B5-45C6-B8AD-B0D1B4FCBD6D}.Release|x64.ActiveCfg = Release|x64
		{CA15FA91-A4B5-45C6-B8AD-B0D1B4FCBD6D}.Release|x64.Build.0 = Release|x64
		{CA15FA91-A4B5-45C6-B8AD-B0D1B4FCBD6D}.Release|x86.ActiveCfg = Release|Any CPU
		{CA15FA91-A4B5-45C6-B8AD-B0D1B4FCBD6D}.Release|x86.Build.0 = Release|Any CPU
		{808145C1-B5CA-4EC7-9402-88B3F353B002}.Debug|Any CPU.ActiveCfg = Debug|Any CPU
		{808145C1-B5CA-4EC7-9402-88B3F353B002}.Debug|Any CPU.Build.0 = Debug|Any CPU
		{808145C1-B5CA-4EC7-9402-88B3F353B002}.Debug|x64.ActiveCfg = Debug|x64
		{808145C1-B5CA-4EC7-9402-88B3F353B002}.Debug|x64.Build.0 = Debug|x64
		{808145C1-B5CA-4EC7-9402-88B3F353B002}.Debug|x86.ActiveCfg = Debug|Any CPU
		{808145C1-B5CA-4EC7-9402-88B3F353B002}.Debug|x86.Build.0 = Debug|Any CPU
		{808145C1-B5CA-4EC7-9402-88B3F353B002}.Release|Any CPU.ActiveCfg = Release|Any CPU
		{808145C1-B5CA-4EC7-9402-88B3F353B002}.Release|Any CPU.Build.0 = Release|Any CPU
		{808145C1-B5CA-4EC7-9402-88B3F353B002}.Release|x64.ActiveCfg = Release|x64
		{808145C1-B5CA-4EC7-9402-88B3F353B002}.Release|x64.Build.0 = Release|x64
		{808145C1-B5CA-4EC7-9402-88B3F353B002}.Release|x86.ActiveCfg = Release|Any CPU
		{808145C1-B5CA-4EC7-9402-88B3F353B002}.Release|x86.Build.0 = Release|Any CPU
		{068626EF-B736-42FB-BB0A-39955B713394}.Debug|Any CPU.ActiveCfg = Debug|Any CPU
		{068626EF-B736-42FB-BB0A-39955B713394}.Debug|Any CPU.Build.0 = Debug|Any CPU
		{068626EF-B736-42FB-BB0A-39955B713394}.Debug|x64.ActiveCfg = Debug|x64
		{068626EF-B736-42FB-BB0A-39955B713394}.Debug|x64.Build.0 = Debug|x64
		{068626EF-B736-42FB-BB0A-39955B713394}.Debug|x86.ActiveCfg = Debug|Any CPU
		{068626EF-B736-42FB-BB0A-39955B713394}.Debug|x86.Build.0 = Debug|Any CPU
		{068626EF-B736-42FB-BB0A-39955B713394}.Release|Any CPU.ActiveCfg = Release|Any CPU
		{068626EF-B736-42FB-BB0A-39955B713394}.Release|Any CPU.Build.0 = Release|Any CPU
		{068626EF-B736-42FB-BB0A-39955B713394}.Release|x64.ActiveCfg = Release|x64
		{068626EF-B736-42FB-BB0A-39955B713394}.Release|x64.Build.0 = Release|x64
		{068626EF-B736-42FB-BB0A-39955B713394}.Release|x86.ActiveCfg = Release|Any CPU
		{068626EF-B736-42FB-BB0A-39955B713394}.Release|x86.Build.0 = Release|Any CPU
	EndGlobalSection
	GlobalSection(SolutionProperties) = preSolution
		HideSolutionNode = FALSE
	EndGlobalSection
	GlobalSection(ExtensibilityGlobals) = postSolution
		SolutionGuid = {B6C75ED3-BD42-4E0F-ACA1-D82F17AEBE5C}
	EndGlobalSection
EndGlobal
