<?xml version="1.0" encoding="utf-8"?>
<Project ToolsVersion="4.0" xmlns="http://schemas.microsoft.com/developer/msbuild/2003">
  <ItemGroup>
	<Filter Include="Source Files">
	  <UniqueIdentifier>{293c536a-4d37-4bb1-9e33-313bbc54e1d6}</UniqueIdentifier>
	</Filter>
	<Filter Include="Header Files">
	  <UniqueIdentifier>{5391a587-6e13-48e4-aafd-a9fbadae557e}</UniqueIdentifier>
	</Filter>
	<Filter Include="Grammar">
	  <UniqueIdentifier>{8e7ac074-5fac-437d-9803-02dd6f86aa79}</UniqueIdentifier>
	</Filter>
	<Filter Include="Antlr">
	  <UniqueIdentifier>{6d8e6dd3-b3e0-47ee-ac37-6ffeed0d8b62}</UniqueIdentifier>
	</Filter>
  </ItemGroup>
  <ItemGroup>
	<ClCompile Include="Compiler.cpp">
	  <Filter>Source Files</Filter>
	</ClCompile>
	<ClCompile Include="ErrorCheckClasses.cpp">
	  <Filter>Source Files</Filter>
	</ClCompile>
	<ClCompile Include="ErrorCheckFeatures.cpp">
	  <Filter>Source Files</Filter>
	</ClCompile>
	<ClCompile Include="ErrorCheckRules.cpp">
	  <Filter>Source Files</Filter>
	</ClCompile>
	<ClCompile Include="explicit_instantiations.cpp">
	  <Filter>Source Files</Filter>
	</ClCompile>
	<ClCompile Include="Fsm.cpp">
	  <Filter>Source Files</Filter>
	</ClCompile>
	<ClCompile Include="GdlExpression.cpp">
	  <Filter>Source Files</Filter>
	</ClCompile>
	<ClCompile Include="GdlFeatures.cpp">
	  <Filter>Source Files</Filter>
	</ClCompile>
	<ClCompile Include="GdlGlyphClassDefn.cpp">
	  <Filter>Source Files</Filter>
	</ClCompile>
	<ClCompile Include="GdlRenderer.cpp">
	  <Filter>Source Files</Filter>
	</ClCompile>
	<ClCompile Include="GdlRule.cpp">
	  <Filter>Source Files</Filter>
	</ClCompile>
	<ClCompile Include="GdlTablePass.cpp">
	  <Filter>Source Files</Filter>
	</ClCompile>
	<ClCompile Include="GrcErrorList.cpp">
	  <Filter>Source Files</Filter>
	</ClCompile>
	<ClCompile Include="GrcFont.cpp">
	  <Filter>Source Files</Filter>
	</ClCompile>
	<ClCompile Include="GrcGlyphAttrMatrix.cpp">
	  <Filter>Source Files</Filter>
	</ClCompile>
	<ClCompile Include="GrcManager.cpp">
	  <Filter>Source Files</Filter>
	</ClCompile>
	<ClCompile Include="GrcMasterTable.cpp">
	  <Filter>Source Files</Filter>
	</ClCompile>
	<ClCompile Include="GrcSymTable.cpp">
	  <Filter>Source Files</Filter>
	</ClCompile>
	<ClCompile Include="GrpExtensions.cpp">
	  <Filter>Source Files</Filter>
	</ClCompile>
	<ClCompile Include="GrpLexer.cpp">
	  <Filter>Source Files</Filter>
	</ClCompile>
	<ClCompile Include="GrpParser.cpp">
	  <Filter>Source Files</Filter>
	</ClCompile>
	<ClCompile Include="GrpParserDebug.cpp">
	  <Filter>Source Files</Filter>
	</ClCompile>
	<ClCompile Include="main.cpp">
	  <Filter>Source Files</Filter>
	</ClCompile>
	<ClCompile Include="OutputToFont.cpp">
	  <Filter>Source Files</Filter>
	</ClCompile>
	<ClCompile Include="ParserTreeWalker.cpp">
	  <Filter>Source Files</Filter>
	</ClCompile>
	<ClCompile Include="PostParser.cpp">
	  <Filter>Source Files</Filter>
	</ClCompile>
	<ClCompile Include="Grammar\ANTLRException.cpp">
	  <Filter>Grammar</Filter>
	</ClCompile>
	<ClCompile Include="Grammar\AST.cpp">
	  <Filter>Grammar</Filter>
	</ClCompile>
	<ClCompile Include="Grammar\ASTFactory.cpp">
	  <Filter>Grammar</Filter>
	</ClCompile>
	<ClCompile Include="Grammar\BitSet.cpp">
	  <Filter>Grammar</Filter>
	</ClCompile>
	<ClCompile Include="Grammar\CharBuffer.cpp">
	  <Filter>Grammar</Filter>
	</ClCompile>
	<ClCompile Include="Grammar\CharScanner.cpp">
	  <Filter>Grammar</Filter>
	</ClCompile>
	<ClCompile Include="Grammar\CommonASTNode.cpp">
	  <Filter>Grammar</Filter>
	</ClCompile>
	<ClCompile Include="Grammar\CommonToken.cpp">
	  <Filter>Grammar</Filter>
	</ClCompile>
	<ClCompile Include="Grammar\InputBuffer.cpp">
	  <Filter>Grammar</Filter>
	</ClCompile>
	<ClCompile Include="Grammar\LexerSharedInputState.cpp">
	  <Filter>Grammar</Filter>
	</ClCompile>
	<ClCompile Include="Grammar\LLkParser.cpp">
	  <Filter>Grammar</Filter>
	</ClCompile>
	<ClCompile Include="Grammar\MismatchedTokenException.cpp">
	  <Filter>Grammar</Filter>
	</ClCompile>
	<ClCompile Include="Grammar\NoViableAltException.cpp">
	  <Filter>Grammar</Filter>
	</ClCompile>
	<ClCompile Include="Grammar\Parser.cpp">
	  <Filter>Grammar</Filter>
	</ClCompile>
	<ClCompile Include="Grammar\ParserException.cpp">
	  <Filter>Grammar</Filter>
	</ClCompile>
	<ClCompile Include="Grammar\ParserSharedInputState.cpp">
	  <Filter>Grammar</Filter>
	</ClCompile>
	<ClCompile Include="Grammar\ScannerException.cpp">
	  <Filter>Grammar</Filter>
	</ClCompile>
	<ClCompile Include="Grammar\String.cpp">
	  <Filter>Grammar</Filter>
	</ClCompile>
	<ClCompile Include="Grammar\Token.cpp">
	  <Filter>Grammar</Filter>
	</ClCompile>
	<ClCompile Include="Grammar\TokenBuffer.cpp">
	  <Filter>Grammar</Filter>
	</ClCompile>
  </ItemGroup>
  <ItemGroup>
	<ClInclude Include="constants.h">
	  <Filter>Header Files</Filter>
	</ClInclude>
	<ClInclude Include="Fsm.h">
	  <Filter>Header Files</Filter>
	</ClInclude>
	<ClInclude Include="GdlExpression.h">
	  <Filter>Header Files</Filter>
	</ClInclude>
	<ClInclude Include="GdlFeatures.h">
	  <Filter>Header Files</Filter>
	</ClInclude>
	<ClInclude Include="GdlGlyphClassDefn.h">
	  <Filter>Header Files</Filter>
	</ClInclude>
	<ClInclude Include="GdlGlyphDefn.h">
	  <Filter>Header Files</Filter>
	</ClInclude>
	<ClInclude Include="GdlNameDefn.h">
	  <Filter>Header Files</Filter>
	</ClInclude>
	<ClInclude Include="GdlObject.h">
	  <Filter>Header Files</Filter>
	</ClInclude>
	<ClInclude Include="GdlRenderer.h">
	  <Filter>Header Files</Filter>
	</ClInclude>
	<ClInclude Include="GdlRule.h">
	  <Filter>Header Files</Filter>
	</ClInclude>
	<ClInclude Include="GdlTablePass.h">
	  <Filter>Header Files</Filter>
	</ClInclude>
	<ClInclude Include="GrcBinaryStream.h">
	  <Filter>Header Files</Filter>
	</ClInclude>
	<ClInclude Include="GrcEnv.h">
	  <Filter>Header Files</Filter>
	</ClInclude>
	<ClInclude Include="GrcErrorList.h">
	  <Filter>Header Files</Filter>
	</ClInclude>
	<ClInclude Include="GrcFont.h">
	  <Filter>Header Files</Filter>
	</ClInclude>
	<ClInclude Include="GrcGlyphAttrMatrix.h">
	  <Filter>Header Files</Filter>
	</ClInclude>
	<ClInclude Include="GrcManager.h">
	  <Filter>Header Files</Filter>
	</ClInclude>
	<ClInclude Include="GrcMasterTable.h">
	  <Filter>Header Files</Filter>
	</ClInclude>
	<ClInclude Include="GrcSymTable.h">
	  <Filter>Header Files</Filter>
	</ClInclude>
	<ClInclude Include="Grp.h">
	  <Filter>Header Files</Filter>
	</ClInclude>
	<ClInclude Include="GrpASTNode.hpp">
	  <Filter>Header Files</Filter>
	</ClInclude>
	<ClInclude Include="GrpLexer.hpp">
	  <Filter>Header Files</Filter>
	</ClInclude>
	<ClInclude Include="GrpLineAndFile.hpp">
	  <Filter>Header Files</Filter>
	</ClInclude>
	<ClInclude Include="GrpParser.hpp">
	  <Filter>Header Files</Filter>
	</ClInclude>
	<ClInclude Include="GrpParserTokenTypes.hpp">
	  <Filter>Header Files</Filter>
	</ClInclude>
	<ClInclude Include="GrpToken.hpp">
	  <Filter>Header Files</Filter>
	</ClInclude>
	<ClInclude Include="GrpTokenStreamFilter.hpp">
	  <Filter>Header Files</Filter>
	</ClInclude>
	<ClInclude Include="main.h">
	  <Filter>Header Files</Filter>
	</ClInclude>
	<ClInclude Include="StrAnsiHash.h">
	  <Filter>Header Files</Filter>
	</ClInclude>
	<ClInclude Include="Grammar\ASTDebug.hpp">
	  <Filter>Grammar</Filter>
	</ClInclude>
	<ClInclude Include="Grammar\Antlr\ANTLRException.hpp">
	  <Filter>Antlr</Filter>
	</ClInclude>
	<ClInclude Include="Grammar\Antlr\AST.hpp">
	  <Filter>Antlr</Filter>
	</ClInclude>
	<ClInclude Include="Grammar\Antlr\ASTArray.hpp">
	  <Filter>Antlr</Filter>
	</ClInclude>
	<ClInclude Include="Grammar\Antlr\ASTFactory.hpp">
	  <Filter>Antlr</Filter>
	</ClInclude>
	<ClInclude Include="Grammar\Antlr\ASTNode.hpp">
	  <Filter>Antlr</Filter>
	</ClInclude>
	<ClInclude Include="Grammar\Antlr\ASTNULLType.hpp">
	  <Filter>Antlr</Filter>
	</ClInclude>
	<ClInclude Include="Grammar\Antlr\ASTPair.hpp">
	  <Filter>Antlr</Filter>
	</ClInclude>
	<ClInclude Include="Grammar\Antlr\BitSet.hpp">
	  <Filter>Antlr</Filter>
	</ClInclude>
	<ClInclude Include="Grammar\Antlr\CharBuffer.hpp">
	  <Filter>Antlr</Filter>
	</ClInclude>
	<ClInclude Include="Grammar\Antlr\CharScanner.hpp">
	  <Filter>Antlr</Filter>
	</ClInclude>
	<ClInclude Include="Grammar\Antlr\CircularQueue.hpp">
	  <Filter>Antlr</Filter>
	</ClInclude>
	<ClInclude Include="Grammar\Antlr\CommonASTNode.hpp">
	  <Filter>Antlr</Filter>
	</ClInclude>
	<ClInclude Include="Grammar\Antlr\CommonToken.hpp">
	  <Filter>Antlr</Filter>
	</ClInclude>
	<ClInclude Include="Grammar\Antlr\config.hpp">
	  <Filter>Antlr</Filter>
	</ClInclude>
	<ClInclude Include="Grammar\Antlr\InputBuffer.hpp">
	  <Filter>Antlr</Filter>
	</ClInclude>
	<ClInclude Include="Grammar\Antlr\LexerSharedInputState.hpp">
	  <Filter>Antlr</Filter>
	</ClInclude>
	<ClInclude Include="Grammar\Antlr\LLkParser.hpp">
	  <Filter>Antlr</Filter>
	</ClInclude>
	<ClInclude Include="Grammar\Antlr\MismatchedTokenException.hpp">
	  <Filter>Antlr</Filter>
	</ClInclude>
	<ClInclude Include="Grammar\Antlr\NoViableAltException.hpp">
	  <Filter>Antlr</Filter>
	</ClInclude>
	<ClInclude Include="Grammar\Antlr\Parser.hpp">
	  <Filter>Antlr</Filter>
	</ClInclude>
	<ClInclude Include="Grammar\Antlr\ParserException.hpp">
	  <Filter>Antlr</Filter>
	</ClInclude>
	<ClInclude Include="Grammar\Antlr\ParserSharedInputState.hpp">
	  <Filter>Antlr</Filter>
	</ClInclude>
	<ClInclude Include="Grammar\Antlr\RefCount.hpp">
	  <Filter>Antlr</Filter>
	</ClInclude>
	<ClInclude Include="Grammar\Antlr\ScannerException.hpp">
	  <Filter>Antlr</Filter>
	</ClInclude>
	<ClInclude Include="Grammar\Antlr\SemanticException.hpp">
	  <Filter>Antlr</Filter>
	</ClInclude>
	<ClInclude Include="Grammar\Antlr\String.hpp">
	  <Filter>Antlr</Filter>
	</ClInclude>
	<ClInclude Include="Grammar\Antlr\Token.hpp">
	  <Filter>Antlr</Filter>
	</ClInclude>
	<ClInclude Include="Grammar\Antlr\TokenBuffer.hpp">
	  <Filter>Antlr</Filter>
	</ClInclude>
	<ClInclude Include="Grammar\Antlr\TokenStream.hpp">
	  <Filter>Antlr</Filter>
	</ClInclude>
	<ClInclude Include="resource.h" />
  </ItemGroup>
  <ItemGroup>
	<None Include="..\..\..\output\Bounds\grcompiler.bsc" />
	<None Include="..\..\..\output\release\grcompiler.bsc" />
	<None Include="..\..\..\output\debug\grcompiler.bsc" />
	<None Include="GrCompiler.mak" />
	<None Include="GrpParser.g" />
	<None Include="GrpParserTokenTypes.txt" />
	<None Include="stddef.gdh" />
  </ItemGroup>
  <ItemGroup>
	<ResourceCompile Include="GrCompiler.rc" />
  </ItemGroup>
</Project>