
Microsoft Visual Studio Solution File, Format Version 12.00
# Visual Studio 15
VisualStudioVersion = 15.0.28307.1525
MinimumVisualStudioVersion = 10.0.40219.1
Project("{9A19103F-16F7-4668-BE54-9A1E7A4F7556}") = "ProcRunner", "ProcRunner\ProcRunner.csproj", "{72CD4D4C-9772-403C-A81D-D487C4A9F7A5}"
EndProject
Global
	GlobalSection(SolutionConfigurationPlatforms) = preSolution
		Debug|Any CPU = Debug|Any CPU
		Debug|x64 = Debug|x64
		Debug|x86 = Debug|x86
		Release|Any CPU = Release|Any CPU
		Release|x64 = Release|x64
		Release|x86 = Release|x86
	EndGlobalSection
	GlobalSection(ProjectConfigurationPlatforms) = postSolution
		{72CD4D4C-9772-403C-A81D-D487C4A9F7A5}.Debug|Any CPU.ActiveCfg = Debug|Any CPU
		{72CD4D4C-9772-403C-A81D-D487C4A9F7A5}.Debug|Any CPU.Build.0 = Debug|Any CPU
		{72CD4D4C-9772-403C-A81D-D487C4A9F7A5}.Debug|x64.ActiveCfg = Debug|Any CPU
		{72CD4D4C-9772-403C-A81D-D487C4A9F7A5}.Debug|x64.Build.0 = Debug|Any CPU
		{72CD4D4C-9772-403C-A81D-D487C4A9F7A5}.Debug|x86.ActiveCfg = Debug|Any CPU
		{72CD4D4C-9772-403C-A81D-D487C4A9F7A5}.Debug|x86.Build.0 = Debug|Any CPU
		{72CD4D4C-9772-403C-A81D-D487C4A9F7A5}.Release|Any CPU.ActiveCfg = Release|Any CPU
		{72CD4D4C-9772-403C-A81D-D487C4A9F7A5}.Release|Any CPU.Build.0 = Release|Any CPU
		{72CD4D4C-9772-403C-A81D-D487C4A9F7A5}.Release|x64.ActiveCfg = Release|Any CPU
		{72CD4D4C-9772-403C-A81D-D487C4A9F7A5}.Release|x64.Build.0 = Release|Any CPU
		{72CD4D4C-9772-403C-A81D-D487C4A9F7A5}.Release|x86.ActiveCfg = Release|Any CPU
		{72CD4D4C-9772-403C-A81D-D487C4A9F7A5}.Release|x86.Build.0 = Release|Any CPU
	EndGlobalSection
	GlobalSection(SolutionProperties) = preSolution
		HideSolutionNode = FALSE
	EndGlobalSection
	GlobalSection(ExtensibilityGlobals) = postSolution
		SolutionGuid = {61B2598A-E250-46EB-BA48-264BD015BB96}
	EndGlobalSection
EndGlobal
