
Microsoft Visual Studio Solution File, Format Version 10.00
# Visual Studio 2008
Project("{FAE04EC0-301F-11D3-BF4B-00C04F79EFBC}") = "SilSidePaneTestApp", "SilSidePaneTestApp\SilSidePaneTestApp.csproj", "{54E8624C-B65B-4598-9E50-2A669737EB38}"
EndProject
Project("{FAE04EC0-301F-11D3-BF4B-00C04F79EFBC}") = "SilSidePane", "SilSidePane.csproj", "{9D6F0A57-D9A3-4BF7-9911-0C17CF4F3EE5}"
EndProject
Project("{FAE04EC0-301F-11D3-BF4B-00C04F79EFBC}") = "SilSidePaneTests", "SilSidePaneTests\SilSidePaneTests.csproj", "{17A5A0EC-C752-45C3-9D86-2A6A0D1C4608}"
EndProject
Global
	GlobalSection(SolutionConfigurationPlatforms) = preSolution
		Debug|Any CPU = Debug|Any CPU
		Release|Any CPU = Release|Any CPU
	EndGlobalSection
	GlobalSection(ProjectConfigurationPlatforms) = postSolution
		{17A5A0EC-C752-45C3-9D86-2A6A0D1C4608}.Debug|Any CPU.ActiveCfg = Debug|Any CPU
		{17A5A0EC-C752-45C3-9D86-2A6A0D1C4608}.Debug|Any CPU.Build.0 = Debug|Any CPU
		{17A5A0EC-C752-45C3-9D86-2A6A0D1C4608}.Release|Any CPU.ActiveCfg = Release|Any CPU
		{17A5A0EC-C752-45C3-9D86-2A6A0D1C4608}.Release|Any CPU.Build.0 = Release|Any CPU
		{54E8624C-B65B-4598-9E50-2A669737EB38}.Debug|Any CPU.ActiveCfg = Debug|Any CPU
		{54E8624C-B65B-4598-9E50-2A669737EB38}.Debug|Any CPU.Build.0 = Debug|Any CPU
		{54E8624C-B65B-4598-9E50-2A669737EB38}.Release|Any CPU.ActiveCfg = Release|Any CPU
		{54E8624C-B65B-4598-9E50-2A669737EB38}.Release|Any CPU.Build.0 = Release|Any CPU
		{9D6F0A57-D9A3-4BF7-9911-0C17CF4F3EE5}.Debug|Any CPU.ActiveCfg = Debug|Any CPU
		{9D6F0A57-D9A3-4BF7-9911-0C17CF4F3EE5}.Debug|Any CPU.Build.0 = Debug|Any CPU
		{9D6F0A57-D9A3-4BF7-9911-0C17CF4F3EE5}.Release|Any CPU.ActiveCfg = Release|Any CPU
		{9D6F0A57-D9A3-4BF7-9911-0C17CF4F3EE5}.Release|Any CPU.Build.0 = Release|Any CPU
	EndGlobalSection
	GlobalSection(MonoDevelopProperties) = preSolution
		StartupItem = SilSidePaneTestApp\SilSidePaneTestApp.csproj
	EndGlobalSection
EndGlobal
