Microsoft Visual Studio Solution File, Format Version 8.00
Project("{FAE04EC0-301F-11D3-BF4B-00C04F79EFBC}") = "UIAdapters", "UIAdapters.csproj", "{1B1BC7F4-3A87-485C-B0A8-84947821E55A}"
	ProjectSection(ProjectDependencies) = postProject
	EndProjectSection
EndProject
Global
	GlobalSection(SolutionConfiguration) = preSolution
		Debug = Debug
		Release = Release
	EndGlobalSection
	GlobalSection(ProjectConfiguration) = postSolution
		{1B1BC7F4-3A87-485C-B0A8-84947821E55A}.Debug.ActiveCfg = Debug|.NET
		{1B1BC7F4-3A87-485C-B0A8-84947821E55A}.Debug.Build.0 = Debug|.NET
		{1B1BC7F4-3A87-485C-B0A8-84947821E55A}.Release.ActiveCfg = Release|.NET
		{1B1BC7F4-3A87-485C-B0A8-84947821E55A}.Release.Build.0 = Release|.NET
	EndGlobalSection
	GlobalSection(ExtensibilityGlobals) = postSolution
	EndGlobalSection
	GlobalSection(ExtensibilityAddIns) = postSolution
	EndGlobalSection
EndGlobal
